{
  "version": 4,
  "terraform_version": "1.2.2",
  "serial": 79,
  "lineage": "77090910-c46f-48e5-0ed6-57616e77b218",
  "outputs": {
    "cluster_endpoint": {
      "value": "https://7FF9166590FCB7B2BC1906C918068C50.gr7.eu-west-1.eks.amazonaws.com",
      "type": "string"
    },
    "cluster_id": {
      "value": "docker-k8s-kJmwvT",
      "type": "string"
    },
    "cluster_name": {
      "value": "docker-k8s-kJmwvT",
      "type": "string"
    },
    "cluster_security_group_id": {
      "value": "sg-0e334161c946814b1",
      "type": "string"
    },
    "config_map_aws_auth": {
      "value": "apiVersion: v1\nkind: ConfigMap\nmetadata:\n  name: aws-auth\n  namespace: kube-system\ndata:\n  mapRoles: |\n    - rolearn: arn:aws:iam::299641483789:role/default_node_group-eks-node-group-20220822160809424300000001\n      username: system:node:{{EC2PrivateDNSName}}\n      groups:\n        - system:bootstrappers\n        - system:nodes\n",
      "type": "string"
    },
    "password": {
      "value": "wcDMAybVAo0kwty+AQwAyAuJ+o0B2BojwQbYFw60g3sHoakaYuFB35bsGb7qJBWU2+m+ne6DsxqTDUHSXVxT9MrpTftyhQCbsKrVr8eiDRBQhksWRX/pYh/u/BI3vnwLsc4BlzFQhPRMeQ7HjB+ZVRDb7BQzZlRzHySeMibB5TAgEPX9aBGYHAVVeyTK3+BZNh9VEyhfWbBrU/esXvyyTfDCh+/Q8NW1R2SHgFAzrRX4MEDA6YXnfRU4c/3yUwndHVKW2hM/Mp0lNMm0DQIzdrbcTVclwxaSusNMCNCU9imENS/oTug3C+pjCVXQCu5KVn9VBu9o3qEcnxBsB3LBWz6GemuHrM+fxgdfTl+VhwhhEoYDJcWjk6nVUdLYAJ5QtrNlv/kDpgKICpI97IoMAzDzzvRMrkl5YjrfDzWXM/nJArqeN5waboHoYb0aPxEWjf6OeuPB5eG5wj2Zhl3aEhfgdZeG0oQa3cuMTfMJUcCx6lq/Ff8YVDcbYWGzoM8xleelJXai0UTYnvIvPBzJ0kUBKi6m5SB5B6cI2o/ZoheEcr5De31yk5e7n9gYwWtrcZz7rJzSyt+EdsY/w0yjSW1WA0OskVka1CmbI6UiI8/GrZDkAxg=",
      "type": "string"
    }
  },
  "resources": [
    {
      "mode": "data",
      "type": "aws_availability_zones",
      "name": "available",
      "provider": "provider[\"registry.terraform.io/hashicorp/aws\"]",
      "instances": [
        {
          "schema_version": 0,
          "attributes": {
            "all_availability_zones": null,
            "exclude_names": null,
            "exclude_zone_ids": null,
            "filter": null,
            "group_names": [
              "eu-west-1"
            ],
            "id": "eu-west-1",
            "names": [
              "eu-west-1a",
              "eu-west-1b",
              "eu-west-1c"
            ],
            "state": "available",
            "timeouts": null,
            "zone_ids": [
              "euw1-az1",
              "euw1-az2",
              "euw1-az3"
            ]
          },
          "sensitive_attributes": []
        }
      ]
    },
    {
      "mode": "data",
      "type": "aws_eks_cluster",
      "name": "cluster",
      "provider": "provider[\"registry.terraform.io/hashicorp/aws\"]",
      "instances": [
        {
          "schema_version": 0,
          "attributes": {
            "arn": "arn:aws:eks:eu-west-1:299641483789:cluster/docker-k8s-kJmwvT",
            "certificate_authority": [
              {
                "data": "LS0tLS1CRUdJTiBDRVJUSUZJQ0FURS0tLS0tCk1JSUMvakNDQWVhZ0F3SUJBZ0lCQURBTkJna3Foa2lHOXcwQkFRc0ZBREFWTVJNd0VRWURWUVFERXdwcmRXSmwKY201bGRHVnpNQjRYRFRJeU1EZ3lNakUyTWpZeU9Wb1hEVE15TURneE9URTJNall5T1Zvd0ZURVRNQkVHQTFVRQpBeE1LYTNWaVpYSnVaWFJsY3pDQ0FTSXdEUVlKS29aSWh2Y05BUUVCQlFBRGdnRVBBRENDQVFvQ2dnRUJBTTlICkRFaWNYc1FGY2F4cEpucGR1T2JsaGxWZkw5ZUQ5eFhmUVhwbkFmSjkxeFRhN0VsOSsyNVF5UFN5ZjFpMTRYOHUKZWVzZGVyNXdqVzduRStLVkFVWDNjbEFxMGpUT20vVE9aai9iSStRTEVubi8zNkhnUXV5RmZKT3M4eUtEZmVNbwprRDlqWFhVUzhHOVNQQ0o5VmZvaW1xQ0ZuT2g0Mk5kb0NURDdBMWpNeExuanV4SnpaTFdTZjlWYWUyQkkwUllRCmFJUGpPMGxqdE1OYmNWVDVDaGRYNnR1d0RIQk9KUEM2eHZiOTc0TThwUG5mM05uaUJEZEJ1Y2x4L3VuTUZSUzEKeEx5TExtNlEzTUJ2ZTF2ZmFvTG44MHQxVkhTcGVEbDlrcWpySFl4ZXdwbU1wNlhveENCeWcyY3NTcUdCRk0vbAozVGR2MWxsS0NjblFITXZiV3NFQ0F3RUFBYU5aTUZjd0RnWURWUjBQQVFIL0JBUURBZ0trTUE4R0ExVWRFd0VCCi93UUZNQU1CQWY4d0hRWURWUjBPQkJZRUZCUW5DcEg0cytYQmZ1cUFPNnFCUFloc2J0WlZNQlVHQTFVZEVRUU8KTUF5Q0NtdDFZbVZ5Ym1WMFpYTXdEUVlKS29aSWh2Y05BUUVMQlFBRGdnRUJBTG9VaXNDTkIvSkVVVDE0ZjdmSAoyeUg5RnB6UTdrYWtRNEprUjhPam52UEVqaW5YaGF2TVZaajhnTXg4aVhNUWVrWUgzWVFIMlVhNE11TjBlTFUyCnZZZlgwM0VNWlVBVnFneUUrd1FGTm5XdmZ1OHNvZ2k0K3JwS25vcTR6UFp4OG85RUZQMVMrZjc0L2V3ZmdienAKU2VGMGdOR1Y5c01vVGhnVDA1bUhOZXhSZFlRWnpIcW44bHI0dGsvSlBqRWdNTktWOWlJandEdlJqMkJIaENHSgpFK1pWV0l5Z281Vkljd05Cb2JIOFQ0djVYR1A3c1g0QjRGY3d4SG1SVzlHczM1MmxBMkZUaVB0bWppVk9VSkV2ClRLbkwrNzhVdEJuL1NnRjFiWFlHR1Y1QkVHd2hobS9DSTFmVUVmMXBRLzVWdU9Nak9odjdhcVVDZWdhV1YxelcKSEEwPQotLS0tLUVORCBDRVJUSUZJQ0FURS0tLS0tCg=="
              }
            ],
            "created_at": "2022-08-22 16:20:40.895 +0000 UTC",
            "enabled_cluster_log_types": [
              "api",
              "audit",
              "authenticator"
            ],
            "endpoint": "https://7FF9166590FCB7B2BC1906C918068C50.gr7.eu-west-1.eks.amazonaws.com",
            "id": "docker-k8s-kJmwvT",
            "identity": [
              {
                "oidc": [
                  {
                    "issuer": "https://oidc.eks.eu-west-1.amazonaws.com/id/7FF9166590FCB7B2BC1906C918068C50"
                  }
                ]
              }
            ],
            "kubernetes_network_config": [
              {
                "ip_family": "ipv4",
                "service_ipv4_cidr": "172.20.0.0/16"
              }
            ],
            "name": "docker-k8s-kJmwvT",
            "platform_version": "eks.5",
            "role_arn": "arn:aws:iam::299641483789:role/docker-k8s-kJmwvT-cluster-20220822160809834400000002",
            "status": "ACTIVE",
            "tags": {
              "Terraform": "true",
              "course": "Docker and Kubernetes"
            },
            "version": "1.22",
            "vpc_config": [
              {
                "cluster_security_group_id": "sg-01ded7448aec9a93a",
                "endpoint_private_access": false,
                "endpoint_public_access": true,
                "public_access_cidrs": [
                  "0.0.0.0/0"
                ],
                "security_group_ids": [
                  "sg-0e334161c946814b1"
                ],
                "subnet_ids": [
                  "subnet-008427ff27aa84bfa",
                  "subnet-0903c713bb09acd6d",
                  "subnet-0a0b81a50061a06a2"
                ],
                "vpc_id": "vpc-07864b2ec9fdca89b"
              }
            ]
          },
          "sensitive_attributes": []
        }
      ]
    },
    {
      "mode": "data",
      "type": "aws_eks_cluster_auth",
      "name": "cluster",
      "provider": "provider[\"registry.terraform.io/hashicorp/aws\"]",
      "instances": [
        {
          "schema_version": 0,
          "attributes": {
            "id": "docker-k8s-kJmwvT",
            "name": "docker-k8s-kJmwvT",
            "token": "k8s-aws-v1.aHR0cHM6Ly9zdHMuYW1hem9uYXdzLmNvbS8_QWN0aW9uPUdldENhbGxlcklkZW50aXR5JlZlcnNpb249MjAxMS0wNi0xNSZYLUFtei1BbGdvcml0aG09QVdTNC1ITUFDLVNIQTI1NiZYLUFtei1DcmVkZW50aWFsPUFTSUFVTFJBR0dJRzZEV0dFTjJQJTJGMjAyMjA4MjQlMkZ1cy1lYXN0LTElMkZzdHMlMkZhd3M0X3JlcXVlc3QmWC1BbXotRGF0ZT0yMDIyMDgyNFQxNTEyNDZaJlgtQW16LUV4cGlyZXM9MCZYLUFtei1TZWN1cml0eS1Ub2tlbj1JUW9KYjNKcFoybHVYMlZqRURBYUNXVjFMWGRsYzNRdE1TSklNRVlDSVFDbiUyQmVWeE1qNTJZYmtNdU1SS3B6SWxKT3gzcDI5bVEweDdaWDRiOTNqRXNnSWhBS3RuZnExWTd1JTJGZWRzYkNLd1BvRGp4UklsSjBWdlNBY3VUc3NLelVnYU9mS3FjRENLaiUyRiUyRiUyRiUyRiUyRiUyRiUyRiUyRiUyRiUyRndFUUFCb01Nams1TmpReE5EZ3pOemc1SWd5WUhRdEdhaGc1SnY0QzNOVXElMkJ3SVolMkZraWNNNDBTSDZQYVhqJTJGY1lMRWs3N1hWZDNRQzg2RG1Vb1ZnYkxSQVZ3eSUyRnZnMHhNMkhpNDlCU3hhTExUZUpVU3V5SnF4U3YzVVJscUQ4enFIQUNERUlqWWdObkdzb21VdU0lMkZOTmcycE81T1RRaUgyVUR1d3NHdlFYdDQ3Y3NGbjNydzhuTmNDOEdnV055JTJCWlFHelpsVjZaRE9DQjElMkZ3bDcwZ2FlVTY5YWc3YzZRRjlEclVSaTdLcWVaR3NwRTlrTGphQSUyRnJUdFpxTG50eEtrRzRVVDdkV1Q1V2pPNGQwVDB6ZW1OTWFzak55bjdYdlpQOTF6YldmMXFNTiUyRm1OMlZXOE1BWFRRTzM5aGx4SW5YNHBCMWJTc0ZyNzBzNUNXeiUyQnFwQ0xUSCUyRnpmOHVUViUyQiUyQmVDTjJ4JTJCYVZPQlNMNlRYVnlWMUNkeDJvYjd5JTJCZldjN3VreGl0UGN6a1JXcHMlMkZKajVhUFFBQ0xiUXRuUUxCWGFrQ1gyajZid2N5aVNURDF3OG1tcTJ2JTJGV2VqbU43ckRGT1klMkZwanRrY25HM2dJd1lDVVF4Slkzc3RaU2tTYVRIQ1RmJTJCSmlRTUwySUxtdzRLWFoxZ3dIcWhja1Fac1piOFdHaFQwMDljM2xRdkticWVObEszQyUyQk04cmJkdm5YJTJCNnMzc2lIRVZlTU92JTJGbUpnR09xVUJKRWxTTHJWb2hmU0REeFZoJTJCZFVKY01aOFJmTjhoY3NpZERGbCUyQmQ4MllFRVhGM25mWHlpUUhDekh3a2V1Y09IMDA0TG1kdGIlMkJBclklMkJDT21VTjk2SUlDd29kZGE0NjUwWjhxVjZ1cWhFc2JKR1ozQVVKOTNtdkxQNzc4SDNMbCUyRklKelBMRUY2WVBVYVl4SjF4JTJCa2NvNUpLaWFCNU15dVR1SyUyRkJ3JTJCQ25tT3Q5ZUpIQWthOGdqRWN0ZlJja2Vmd1RWTHRLN2xDTm9pWGk4Z3Z5bXhMVUh0WG4lMkJYZTJrJlgtQW16LVNpZ25lZEhlYWRlcnM9aG9zdCUzQngtazhzLWF3cy1pZCZYLUFtei1TaWduYXR1cmU9YjcwYWZlNDY0ZGFmODM4ZTYyNTc2ZmM1MWZiOTYzNTg4YjA1MmMxOTdjNDM0NmYxZGZlNDBhZmEzZTZiYzMxNg"
          },
          "sensitive_attributes": []
        }
      ]
    },
    {
      "mode": "data",
      "type": "aws_region",
      "name": "current",
      "provider": "provider[\"registry.terraform.io/hashicorp/aws\"]",
      "instances": [
        {
          "schema_version": 0,
          "attributes": {
            "description": "Europe (Ireland)",
            "endpoint": "ec2.eu-west-1.amazonaws.com",
            "id": "eu-west-1",
            "name": "eu-west-1"
          },
          "sensitive_attributes": []
        }
      ]
    },
    {
      "mode": "data",
      "type": "aws_subnets",
      "name": "private",
      "provider": "provider[\"registry.terraform.io/hashicorp/aws\"]",
      "instances": [
        {
          "schema_version": 0,
          "attributes": {
            "filter": [
              {
                "name": "vpc-id",
                "values": [
                  "vpc-07864b2ec9fdca89b"
                ]
              }
            ],
            "id": "eu-west-1",
            "ids": [
              "subnet-008427ff27aa84bfa",
              "subnet-0a0b81a50061a06a2",
              "subnet-0903c713bb09acd6d"
            ],
            "tags": {
              "tier": "private"
            },
            "timeouts": null
          },
          "sensitive_attributes": []
        }
      ]
    },
    {
      "mode": "data",
      "type": "local_file",
      "name": "pgp_key_workshop_user",
      "provider": "provider[\"registry.terraform.io/hashicorp/local\"]",
      "instances": [
        {
          "schema_version": 0,
          "attributes": {
            "content": "\ufffd\u0001\ufffd\u0004c\u0003\ufffd\u0018\u0001\u000c\u0000\ufffd7\ufffd\u0005\ufffd\ufffd*\ufffdX\ufffdC\ufffd\ufffd\ufffd`\ufffd\ufffd\ufffd!\ufffd\ufffdH1\ufffd\ufffd\ufffd\ufffd\u0015\t\u0005\ufffd\u000b\ufffd.\ufffd\u0001\ufffd\n\u001c\u0026\ufffd\ufffd+\u0013\ufffd6\r\ufffdΎ\ufffd\ufffd\ufffd)\ufffd\ufffd\ufffd\ufffd\ufffd\ufffdhf\ufffd\ufffd\ufffdSf\ufffd`\ufffdQ\u0013\ufffd\ufffd$\ufffd\ufffd\ufffdlD\ufffdP%ś\ufffdA\ufffd5\ufffdx\ufffd\ufffdG\ufffdm$l\ufffd\ufffdzJOK\ufffd\ufffd^+\ufffd-\ufffd\ufffd\ufffdPEz\"lC\ufffd]\ufffdY\\G\ufffdk\ufffdS\ufffdw\ufffd\ufffdȐ\ufffdf\ufffd\u0018\ufffd\ufffd\ufffdN\ufffdҭRͭcB2\ufffd\u0003\ufffd\u0017\u001e\ufffdD\ufffd\ufffd$\ufffd0\ufffd\ufffd|+\ufffdʓ\ufffdޜ\ufffd\ufffd\ufffd\ufffdLz\u003e\u0002.\u0014C\ufffdB\ufffd\ufffd5ߝJP\ufffdk\ufffd\ufffd\ufffd\ufffd\ufffd\ufffd\ufffd\ufffd\ufffdi;\ufffd1J\ufffd\u0019\ufffd\u0000\ufffdw\ufffdj\u0012\\\ufffd\ufffd\\\u001e\u001c\ufffd\u0019\ufffd\u000ch\ufffd\ufffd\ufffd\u0014\ufffd\ufffd~\ufffdD\ufffd\ufffd8 \ufffd\ufffdu\ufffdj\ufffd\ufffd\u001b\ufffd\ufffd\ufffd\ufffd\ufffdO\ufffd\u0015\ufffd?\ufffdf\ufffd\u000e\ufffd{\ufffd\"g\ufffd\ufffd\u0001\ufffd\ufffd\ufffd~^\ufffd\u001f\ufffd\ufffd\u001d\ufffd\ufffd\ufffdE\ufffd_\u000e\u0012L\ufffd\u001f\ufffdk\ufffdx\ufffd\ufffd\ufffd\ufffduh\ufffd\ufffdl\ufffd\u000c4\ufffd-\u0012\u000b\ufffd)M߇ٖwK\u0000R\ufffdU\ufffd8cGNV\ufffd\u0014\ufffd\ufffdƟtށ\ufffd\ufffd0WFdj\ufffd\ufffd\\\ufffd\ufffd\ufffd\u0017\ufffd'\ufffd\ufffdƭ\u001fU\ufffd}\ufffd\ufffd5Qw-!\u000c\u0015\ufffd\ufffd\ufffd9Z^9C\u0000\u0011\u0001\u0000\u0001\ufffd\ufffddokerkubernetesparticipant (PGP key for dockerkubernetesparticipant 's AWS IAM user) \u003cdockerkubernetesparticipant@dataminded.be\u003e\ufffd\u0001\ufffd\u0004\u0013\u0001\n\u00008\u0016!\u00043\ufffdK\ufffd\u0019\ufffd\ufffd}ł\ufffd\u003ez9^Ř\u0018\ufffd\ufffd\u0005\u0002c\u0003\ufffd\u0018\u0002\u001b/\u0005\u000b\t\u0008\u0007\u0002\u0006\u0015\n\t\u0008\u000b\u0002\u0004\u0016\u0002\u0003\u0001\u0002\u001e\u0001\u0002\u0017\ufffd\u0000\n\t\u0010z9^Ř\u0018\ufffd\ufffdA\ufffd\u000b\ufffd_˕s\ufffdC\ufffdR\t\ufffd١N?8\ufffd;\ufffd\ufffd\ufffdx\ufffd\ufffd\ufffd\\#@A\u0007\u003e\ufffdU~\ufffdv\u000b\ufffd\ufffd\ufffdE\u0001\u001a\u000cU\ufffd\ufffdg\ufffd#n\u0001\ufffd\u0017\ufffdl\u000e\ufffdU\u0000\u0012\u0008\ufffd\ufffd\u00031\ufffdO\u0015\u001f\ufffd[\ufffd=\ufffdz9_\ufffd9\u0002F\ufffdiJf\u0012\ufffdf\u0015s\ufffdcO\ufffd\ufffd)\ufffd\ufffd:\ufffd\ufffdy\ufffd\ufffdt1G8\ufffdB\ufffd~\u0018\u001eP\ufffd7\ufffde\ufffdq\ufffd\ufffd\ufffd\r\ufffd\ufffdU\u0011\ufffdV\ufffd-Ȳ\ufffd\ufffd\u0017\ufffd\ufffdL\ufffd4\ufffd֗\ufffd\u001a\ufffdH\ufffdQ\ufffd?\ufffdG\u0010\u0003\u0016-\ufffdѠ\ufffd2[\ufffd\ufffd\ufffd[\u0016\u000e\ufffd*-d\u0006оB֒\ufffd59\u0013\ufffdN\ufffd\ufffdƎ\u0018\ufffd\ufffd\u0013s#\ufffd\u0012#\ufffdǽ\ufffdw\tqw\ufffd\ufffd\ufffd{\ufffdng\ufffd\ufffd|Y~?\u0016%\ufffdQHs\ufffd\ufffd]\ufffd\ufffd\u0003?\ufffd\ufffd\ufffd\ufffd\u001e\ufffd\ufffd\u0000DӶp\u001f\u0010.\ufffd\u0002$\ufffd\ufffd\ufffd\ufffd_\ufffd\ufffd\u0026,\ufffd4|\ufffd\u00110\u0013\u001a\ufffd\ufffdf`\ufffdhVz_jh\ufffd \ufffd5\u001b\ufffdϭP\u003c\u0017\u001a\ufffdҬ\ufffd\u0019\ufffdz\u0007\ufffd\ufffd\ufffdM\u0001\ufffd\ufffdˈ\u0012\ufffd\ufffd\ufffd\ufffd\ufffd\ufffd[\ufffd;\ufffdn\ufffd\ufffd\ufffdh\u0016\ufffd\ufffd8\ufffd\u0004Y\ufffd\ufffdJR^\ufffdDča\ufffd\ufffd_B\ufffd\ufffd0L\ufffd\u0015S\ufffd1\ufffd\ufffd\ufffd贝\ufffdg\ufffd$dܟ2+\u0008)޼\ufffd+qKG\ufffd\u0001\ufffd\u0004c\u0003\ufffd\u0018\u0001\u000c\u0000\ufffd\ufffd\u0013 Q\ufffd\ufffd\ufffd+\ufffdjZQ\ufffd\ufffd8\ufffd\ufffdp\ufffd\ufffd,\ufffdWV\ufffdR\ufffd\ufffd\ufffd\u001ed\ufffd\ufffd\ufffd/ɀ\ufffd)m\ufffdM^\ufffd\u0015.\ufffd\ufffdѩD\ufffdd\u000f\ufffd=ϣ\ufffd.j\ufffd\u0013\n\ufffd\u001f@g\u003cc\u0005\ufffd\ufffd\ufffdMb\ufffd\ufffd)7-\ufffd\ufffd\ufffdi?\ufffd\u000f\ufffd\ufffd7db\ufffd\u001a[\u0017\ufffd\u0026V\ufffd\ufffdQ\ufffd~\ufffd\u00065\ufffd\u0011\ufffdÓ\u0000\u001cJҠ\ufffd9l!\ufffd8\ufffdE\ufffdd\ufffdI,\u0005\ufffd\ufffd\ufffd\ufffdMw\"!tC\ufffd\u0004\ufffdz\ufffd\ufffd\u001ey\ufffdr\ufffdc\ufffd\ufffd\ufffdm\ufffd\ufffd\ufffd\u001c\ufffd\u0006\u0006y\ufffdV]u\ufffd\ufffdB\ufffd\ufffd3\u0017I\ufffd\u0008{[\ufffd\ufffdq\ufffd\ufffd\ufffd{\u0010B\ufffd\u0000\ufffd\u003c\ufffd\ufffd\ufffdVl\ufffd\u0018Pa\u001e)\ufffdM6Lޓ\ufffd\u001e\ufffd\ufffd\ufffd\ufffd\ufffd\ufffd\ufffd\u0017iK\t2\u0012\ufffd+\ufffdb\ufffdQEOd\ufffd\ufffd\ufffd)\ufffd\ufffd\ufffdK|\u0008\ufffd\ufffdErh\ufffd\ufffd\ufffdM\ufffd\u0018\ufffd\ufffd\ufffd-ҏ\ufffd蛁g񎚊ߎ\ufffd\ufffd\ufffd\u003c]\ufffd\ufffd6\u003e\ufffd\ufffdȌ\ufffd[\ufffd?5\ufffdL\ufffd1M\ufffdf\ufffd\u0012\ufffd\ufffd\ufffd\u0019X\u0011\ufffdO\ufffdD\ufffdE\u000f\ufffd\u0014\ufffd\ufffd \u001e\ufffdm\ufffd\ufffd\u001c\ufffdl@xa\ufffdre\u001aj\u0006夎\ufffdi\u0010\ufffd\ufffdۅ\ufffd|!\n\\\ufffd\ufffds\ufffd\ufffd6\u0004\u0011OR\ufffd\ufffd\ufffd~!\ufffd\u0014\ufffdؚX\u003cyJ\ufffdLP!\u0000\u0011\u0001\u0000\u0001\ufffd\u0003l\u0004\u0018\u0001\n\u0000 \u0016!\u00043\ufffdK\ufffd\u0019\ufffd\ufffd}ł\ufffd\u003ez9^Ř\u0018\ufffd\ufffd\u0005\u0002c\u0003\ufffd\u0018\u0002\u001b.\u0001\ufffd\t\u0010z9^Ř\u0018\ufffd\ufffd\ufffd\ufffd \u0004\u0019\u0001\n\u0000\u001d\u0016!\u0004\ufffd6Ow\ufffd\ufffd\u0014\u0019\ufffd\ufffd\ufffd\ufffd\u0026\ufffd\u0002\ufffd$\ufffdܾ\u0005\u0002c\u0003\ufffd\u0018\u0000\n\t\u0010\u0026\ufffd\u0002\ufffd$\ufffdܾ\ufffd/\u000c\u0000\ufffd\ufffd\ufffd\u0011`\u003e²\ufffdl\ufffd\ufffd\ufffd\ufffdy\ufffdan\ufffd\ufffd\ufffd\ufffd\ufffd\ufffd^\ufffdT\ufffd\ufffd,\ufffd̄\ufffd:欺g\ufffd\u0010]\ufffd0\ufffd\ufffdȀw\ufffd\ufffd\ufffd\ufffd\ufffd\ufffd^S;\u000cӅ\ufffd=\ufffdE\"#ρ\ufffdS\ufffd2mex\ufffd\ufffd\u0012\ufffd\ufffd\ufffd\u0007+\ufffdw\u000c؂\u0017P/*F\u0010T\ufffd\ufffdn\u000c\ufffdm\ufffd\u000b8Lk\u0002\u0015\ufffd\"\ufffd\ufffdT\u0019\ufffd(s\ufffd\ufffd\ufffdKތ\ufffd[\ufffd\ufffdUs*\ufffd\u000e\ufffd\ufffd\u0017\nZ\ufffd)\u0003X7}\ufffd\ufffd[d\ufffd\ufffdڊP|\ufffds\ufffdA\ufffd\ufffd]\u0017\ufffd\ufffd\ufffd:\ufffdz\ufffd\ufffdVhh\ufffd\ufffd̹\ufffd\ufffd\ufffd\ufffdA\ufffdDa\ufffd=\ufffd4s\ufffd\ufffd\ufffdAw\ufffd\ufffd\ufffd\ufffd\u0005\ufffd\ufffd\ufffdm\ufffdb\u0015\t\ufffd\u000b\ufffdk\ufffd\ufffd\ufffdjnV\u001c\ufffd\ufffd\ufffdY\ufffda*\u0019\u001a\u001a\ufffdV\ufffdL\ufffd\ufffdNRn\u0014\u0026\ufffd8;#Ub\ufffd\ufffdC\u0015EC\u001d\ufffd\ufffd\u001e;\ufffd\ufffd\u0000P\"\ufffdC\ufffdͩ\nh\ufffd@\u001a=\ufffd\u001eu\ufffdj\ufffd\u001aτ\u001f9\ufffdC\ufffd5\ufffdp󲡍_\ufffd\ufffdM\ufffdU\ufffd\u0011~\ufffd\u0016Y\ufffd\ufffd޹\ufffdyQ\ufffd\ufffd\ufffd#\u0004\\\ufffd\u0008᭗\ufffdC\u0010\ufffdFq\ufffd\ufffd\ufffd\ufffd\ufffdt%\ufffd5\u0015\ufffd\u0010\u0001u'\u0006o\u0005k\ufffdP\u0013\ufffdi\\\ufffd\ufffd3YG\ufffd\ufffd\ufffd'\ufffd\ufffd8\ufffds\ufffd5\u0002\u0001\u0011vt\ufffd(\u0019$:Rc\u0005\u000c\u0000\ufffdy\ufffd\ufffd\ufffd\u0006\ufffd\ufffdb+\u0002iÒ\u003e-\ufffdD\u001a\u0013a%\ufffd\ufffdI\ufffd\u0005T$\u0015\u000bo\u001dι\ufffd\ufffdg\ufffd\ufffdC\ufffd\ufffd\ufffd\ufffd\ufffd\ufffd\ufffd\ufffd\u0006\ufffdώ\t\ufffd\ufffd\ufffd\ufffd|\u001aj y7\ufffdo\ufffd\ufffd\ufffde\u001a\u0004\ufffd\ufffdUiO\ufffdg\u0003*\ufffdOk$\u0014`\ufffd\ufffd\ufffdh\ufffd0X\rG%pn+\ufffd\ufffdD\u0014\u0006\ufffde\ufffd\ufffd\ufffd\u0010\ufffd'p\u0002e\ufffdY\ufffdg\u0015]\ufffd\ufffd\ufffd\u000e\ufffdᡊ\ufffd\ufffd\ufffdLdK\ufffd\ufffd\u0011\u0026GL\ufffdlD\u0005\ufffd2\u0014͆J\ufffd\u0010$\ufffdpi\ufffd\ufffd\ufffdi\u0017\u0012-f$\ufffd\ufffd\ufffdH\ufffdl*\ufffd\ufffd^\u000cӧS\ufffd\u000fF\ufffd\n6\ufffd\ufffdJ\u001f\ufffd\ufffd\ufffdO\"\ufffd\ufffd\u0010\ufffd\ufffdu\ufffdu{\ufffd]\ufffdϣ\ufffd\ufffd\ufffdQ\ufffdb1K\ufffd\u0013o\u0013\u000f\ufffd\ufffd\ufffd\ufffdC\ufffd\u001b\ufffdf\ufffd\u000f\ufffd\ufffdm=\u0019zv\ufffd\u001b\ufffd9\ufffdV\u003c\ufffd\\\ufffd\ufffd\ufffd5Y\ufffd\"\ufffd\ufffdI\ufffd\u000e\ufffd?\ufffds\ufffdi\u0012\ufffdۃ\ufffd\ufffdG\ufffd\ufffd\ufffd\u000cp\ufffd{\ufffd©\ufffd\ufffd\ufffd?IQ-/\ufffd?o\u001b\ufffd-\ufffd\ufffdc~,\u0012\ufffd=\ufffd\ufffdJ\ufffdo\u001dwk\ufffd#\ufffdF\ufffd}qK|4]\ufffd\ufffd\ufffd\ufffd!\ufffd\ufffd\ufffd\ufffdQ\u0012\ufffd\u0004\u0005$ǀ#\ufffd\u0016\ry.G\u0005\ufffd\ufffdI\ufffd\ufffd\ufffd\ufffdk[\ufffd\ufffdmOf\ufffd\ufffd\ufffd\ufffd\u000c\n`\ufffdj⬙bIL%\ufffd",
            "content_base64": "mQGNBGMDmhgBDAC8N68FkbIqkFjBQ5yH2WC6rZMhgvZIMYe29tYVCQWMC8AuzAHxChwmm5grE7M2DfXOjvy4pymioZqD6I5oZrG/5VNmgmCeUROmgSSG8cxsRKhQJcWbzEGONcJ4nLdHgW0kbL22ekpPS5O6Xiv2LZuFylBFeiJsQ9Fdp1lcR/Bro1OLd7yCyJDdZv8Yg72DTtLSrVLNrWNCMuoDnRcezkTy6CTpMJHnfCvfypPd3pz03ND6THo+Ai4UQ4lCtqI1351KUP1rjt/H8pu14IDxaTuOMUqLGfIAz3f6ahJcu55cHhyQGf8MaJPC+hTl/H7xRJ2QOCCp2XXMau2SG4nK2vXdT5cV/z/qZtV/DvJ73CJn8YkB4Ifufl6tH+WnHfKyj0XgXw4STKEflmuweKPf2/d1aJvcbKYMNPQtEgucKU3fh9mWd0sAUoJVkThjR05W4hSAkMafdN6Bj/EwV0Zkar+bXI31rxezJ42Xxq0fVbx9sO41UXctIQwV1Pu1OVpeOUMAEQEAAbSAZG9rZXJrdWJlcm5ldGVzcGFydGljaXBhbnQgKFBHUCBrZXkgZm9yIGRvY2tlcmt1YmVybmV0ZXNwYXJ0aWNpcGFudCAncyBBV1MgSUFNIHVzZXIpIDxkb2NrZXJrdWJlcm5ldGVzcGFydGljaXBhbnRAZGF0YW1pbmRlZC5iZT6JAc4EEwEKADgWIQQz5kvQGeTjfcWCnD56OV7FmBiNjQUCYwOaGAIbLwULCQgHAgYVCgkICwIEFgIDAQIeAQIXgAAKCRB6OV7FmBiNjUH+C/9fy5VznEPfUgm92aFOPzjGO721knic2t9cI0BBBz69VX7Vdgv5vf9FARoMVZ/rZ9UjbgH/F81sDvhVABII9sADMfZPFR+MW5g9uHo5X8w5AkaeaUpmEodmFXOfY0/c0ynQ+jq4oHntmnQxRzj0QvF+GB5QvjetZbdx6NrdDaPPVRHfVsgtyLK11hfz5kySNJzWl8kagUisUek/+kcQAxYtv9GgljJbsJyXWxYOmiotZAbQvkLWku41OROUTrzExo4Yf8KJ5q4TcyP5EiOJx72zdwlxd8H963vFbmfC1HxZfj9/FiWBUUhzpadd2/gDP+Pv1eceudIARNO2cB8QLrwCJM7P39xfx+wmLMo0fP0RMBMarI5mYJhoVnpfamirIIk1G73PrVA8Fxqy0qzoGaZ6B/2jqU0Bue/LiBLc2db+7INb+TuqbrCcuWgWsMs4+QRZi6xKUl6JRMSNYZrEX0LW0zBMvRVTyzHUw8XotJ2gZ74kZNyfMisIKd685CtxS0e5AY0EYwOaGAEMANH3EyBRqqW7K8ZqWlF/iOw4tYlwxcQsgFdW4lKvpJgeZPWFjC/JgJwpbYdNXpkVLtPn0alE/mQPkz3Po/MuauYTCtUfQGc8YwXQ1c1NYpmVKTctu+KAaT+gD6eTN2Ri4hpbF/kmVun5UdB+jQY1ixG4w5MAHErSoPI5bCGMONZF52TWSSwF4YXe2013IiF0Q5ME43rS9R55sXK/Y46hnG3L94EcjAYGeYxWXXWY/ULTzzMXSfkIe1uxmXGe0+d7EEL9AL88wLKMVmzfGFBhHinuTTZM3pPbHv7to97z4vsXaUsJMhKyK6JivlFFT2Sbi8Apn/22f0t8CJTARXJoi4mcTa8YtISCLdKP7OibgWfxjpqK346zl9s8XZDhNj709H/IjL5b/T81ikyWMU2LZr0SlMvuGVgRf6dPuUS+RQ+ZFKrZIB7Abc/NHNxsQHhhq3JlGmoG5aSOt2kQ4Izbhe18IQpctZRz4/U2BBFPUrGN334hjxTS2JpYPHlKkUxQIQARAQABiQNsBBgBCgAgFiEEM+ZL0Bnk433Fgpw+ejlexZgYjY0FAmMDmhgCGy4BwAkQejlexZgYjY3A9CAEGQEKAB0WIQTjNk93utgUGc/0q+km1QKNJMLcvgUCYwOaGAAKCRAm1QKNJMLcvsAvDACvjo8RYD7Csr5s0OF/6q950mFu95Kyn3+Zxl6MVLTfLODMhKM65qy6Z78QXZkwqZvIgHfh3Njkw99eUzsM04WmPZdFIiPPgaJTtTJtZXjB9BK62P4HK9B3DNiCF1AvKkYQVIGfbgzjbYoLOExrAhWIItTcVBmUKHPE/7tL3oydW4XtVXMqxQ772RcKWucpA1g3fbOFW2TxxNqKUHyGc4xBus1dF67j8zrfesLBVmhogqjMueKO2vdB9URh9z3nNHP1tZhBd/qNwKAFkZDxbfxiFQmVC/1r1MP3am5WHKGNtVn4YSoZGhqQVpFMr4ZOUm4UJsw4OyNVYt31QxVFQx2nqB47hcsAUCKKQ8zNqQpo7UAaPb4edcNqohrPhB85hUOXNZpw87KhjV+q/U2PVasRfrIWWeXM3rnMeVHu+9IjBFzwCOGtl4hDEJZGcbrD9In4dCXeNRXAEAF1JwZvBWuzUBPtaVy40DNZR4ve+SebuDi1c8U1AgERdnTEKBkkOlJjBQwAqnn9lP4Gr+RiKwJpw5I+LZ1EGhNhJf2CSfYFVCQVC28dzrm80Gf8pUOvmu3If6jf4I4G1M+OCf2U4vt8GmogeTfCb+uxyGUaBIT+VWlPo2cDKrZPayQUYPKunmi3MFgNRyVwbiuGykQUBuhljOG6EN0ncAJltFmXZxVdhOzuDs/hoYqXwKNMZEu3+xEmR0zlbEQF9zIUzYZKmxAk4XBp7uHPaRcSLWYkubeVSOBsKv7vXgzTp1PUD0bMCjaQ9kof/7vcTyLxvRDrjXWldXv4XYHPo+zzylG8YjFLnRNvEw+hk5L0Q5Ab0maUD+eSbT0ZenaoG9454VY81Vy06Lc1WZci86RJ0A6GP+Bz/GkSrduD7dtH0NPCDHDWe5XCqf7htT9JUS0v/T9vG8Yt6K1jfiwS9j2k+Erzbx13a5gj5UZ/i31xS3w0XbHE8ashs/OBpFESmwQFJMeAI88WDXkuRwWOi0nS3sTJa1vBrG1PZun6oY4MCmDrauKsmWJJTCXF",
            "filename": "./gpgkey/public-key-academy-users.gpg",
            "id": "d494762732056bc2fc080858366406d12496a7bf"
          },
          "sensitive_attributes": []
        }
      ]
    },
    {
      "mode": "managed",
      "type": "aws_iam_group",
      "name": "group",
      "provider": "provider[\"registry.terraform.io/hashicorp/aws\"]",
      "instances": [
        {
          "schema_version": 0,
          "attributes": {
            "arn": "arn:aws:iam::299641483789:group/dockerkubernetes-workshop",
            "id": "dockerkubernetes-workshop",
            "name": "dockerkubernetes-workshop",
            "path": "/",
            "unique_id": "AGPAULRAGGIG4DP5AWZQP"
          },
          "sensitive_attributes": [],
          "private": "bnVsbA=="
        }
      ]
    },
    {
      "mode": "managed",
      "type": "aws_iam_group_policy_attachment",
      "name": "eks_cluster_policy",
      "provider": "provider[\"registry.terraform.io/hashicorp/aws\"]",
      "instances": [
        {
          "schema_version": 0,
          "attributes": {
            "group": "dockerkubernetes-workshop",
            "id": "dockerkubernetes-workshop-20220822160810270800000003",
            "policy_arn": "arn:aws:iam::aws:policy/AmazonEKSClusterPolicy"
          },
          "sensitive_attributes": [],
          "private": "bnVsbA==",
          "dependencies": [
            "aws_iam_group.group"
          ]
        }
      ]
    },
    {
      "mode": "managed",
      "type": "aws_iam_group_policy_attachment",
      "name": "eks_workers_policy",
      "provider": "provider[\"registry.terraform.io/hashicorp/aws\"]",
      "instances": [
        {
          "schema_version": 0,
          "attributes": {
            "group": "dockerkubernetes-workshop",
            "id": "dockerkubernetes-workshop-20220822160810323200000005",
            "policy_arn": "arn:aws:iam::aws:policy/AmazonEKSWorkerNodePolicy"
          },
          "sensitive_attributes": [],
          "private": "bnVsbA==",
          "dependencies": [
            "aws_iam_group.group"
          ]
        }
      ]
    },
    {
      "mode": "managed",
      "type": "aws_iam_user",
      "name": "workshop_user",
      "provider": "provider[\"registry.terraform.io/hashicorp/aws\"]",
      "instances": [
        {
          "schema_version": 0,
          "attributes": {
            "arn": "arn:aws:iam::299641483789:user/dockerkubernetesparticipant",
            "force_destroy": true,
            "id": "dockerkubernetesparticipant",
            "name": "dockerkubernetesparticipant",
            "path": "/",
            "permissions_boundary": null,
            "tags": {},
            "tags_all": {
              "course": "Docker and Kubernetes"
            },
            "unique_id": "AIDAULRAGGIGU57D3ATPS"
          },
          "sensitive_attributes": [],
          "private": "bnVsbA=="
        }
      ]
    },
    {
      "mode": "managed",
      "type": "aws_iam_user_group_membership",
      "name": "participant_group",
      "provider": "provider[\"registry.terraform.io/hashicorp/aws\"]",
      "instances": [
        {
          "schema_version": 0,
          "attributes": {
            "groups": [
              "dockerkubernetes-workshop"
            ],
            "id": "terraform-20220822160810312200000004",
            "user": "dockerkubernetesparticipant"
          },
          "sensitive_attributes": [],
          "private": "bnVsbA==",
          "dependencies": [
            "aws_iam_group.group",
            "aws_iam_user.workshop_user"
          ]
        }
      ]
    },
    {
      "mode": "managed",
      "type": "aws_iam_user_login_profile",
      "name": "workshop_login_user",
      "provider": "provider[\"registry.terraform.io/hashicorp/aws\"]",
      "instances": [
        {
          "schema_version": 0,
          "attributes": {
            "encrypted_password": "wcDMAybVAo0kwty+AQwAyAuJ+o0B2BojwQbYFw60g3sHoakaYuFB35bsGb7qJBWU2+m+ne6DsxqTDUHSXVxT9MrpTftyhQCbsKrVr8eiDRBQhksWRX/pYh/u/BI3vnwLsc4BlzFQhPRMeQ7HjB+ZVRDb7BQzZlRzHySeMibB5TAgEPX9aBGYHAVVeyTK3+BZNh9VEyhfWbBrU/esXvyyTfDCh+/Q8NW1R2SHgFAzrRX4MEDA6YXnfRU4c/3yUwndHVKW2hM/Mp0lNMm0DQIzdrbcTVclwxaSusNMCNCU9imENS/oTug3C+pjCVXQCu5KVn9VBu9o3qEcnxBsB3LBWz6GemuHrM+fxgdfTl+VhwhhEoYDJcWjk6nVUdLYAJ5QtrNlv/kDpgKICpI97IoMAzDzzvRMrkl5YjrfDzWXM/nJArqeN5waboHoYb0aPxEWjf6OeuPB5eG5wj2Zhl3aEhfgdZeG0oQa3cuMTfMJUcCx6lq/Ff8YVDcbYWGzoM8xleelJXai0UTYnvIvPBzJ0kUBKi6m5SB5B6cI2o/ZoheEcr5De31yk5e7n9gYwWtrcZz7rJzSyt+EdsY/w0yjSW1WA0OskVka1CmbI6UiI8/GrZDkAxg=",
            "id": "dockerkubernetesparticipant",
            "key_fingerprint": "33e64bd019e4e37dc5829c3e7a395ec598188d8d",
            "password": null,
            "password_length": 20,
            "password_reset_required": false,
            "pgp_key": "mQGNBGMDmhgBDAC8N68FkbIqkFjBQ5yH2WC6rZMhgvZIMYe29tYVCQWMC8AuzAHxChwmm5grE7M2DfXOjvy4pymioZqD6I5oZrG/5VNmgmCeUROmgSSG8cxsRKhQJcWbzEGONcJ4nLdHgW0kbL22ekpPS5O6Xiv2LZuFylBFeiJsQ9Fdp1lcR/Bro1OLd7yCyJDdZv8Yg72DTtLSrVLNrWNCMuoDnRcezkTy6CTpMJHnfCvfypPd3pz03ND6THo+Ai4UQ4lCtqI1351KUP1rjt/H8pu14IDxaTuOMUqLGfIAz3f6ahJcu55cHhyQGf8MaJPC+hTl/H7xRJ2QOCCp2XXMau2SG4nK2vXdT5cV/z/qZtV/DvJ73CJn8YkB4Ifufl6tH+WnHfKyj0XgXw4STKEflmuweKPf2/d1aJvcbKYMNPQtEgucKU3fh9mWd0sAUoJVkThjR05W4hSAkMafdN6Bj/EwV0Zkar+bXI31rxezJ42Xxq0fVbx9sO41UXctIQwV1Pu1OVpeOUMAEQEAAbSAZG9rZXJrdWJlcm5ldGVzcGFydGljaXBhbnQgKFBHUCBrZXkgZm9yIGRvY2tlcmt1YmVybmV0ZXNwYXJ0aWNpcGFudCAncyBBV1MgSUFNIHVzZXIpIDxkb2NrZXJrdWJlcm5ldGVzcGFydGljaXBhbnRAZGF0YW1pbmRlZC5iZT6JAc4EEwEKADgWIQQz5kvQGeTjfcWCnD56OV7FmBiNjQUCYwOaGAIbLwULCQgHAgYVCgkICwIEFgIDAQIeAQIXgAAKCRB6OV7FmBiNjUH+C/9fy5VznEPfUgm92aFOPzjGO721knic2t9cI0BBBz69VX7Vdgv5vf9FARoMVZ/rZ9UjbgH/F81sDvhVABII9sADMfZPFR+MW5g9uHo5X8w5AkaeaUpmEodmFXOfY0/c0ynQ+jq4oHntmnQxRzj0QvF+GB5QvjetZbdx6NrdDaPPVRHfVsgtyLK11hfz5kySNJzWl8kagUisUek/+kcQAxYtv9GgljJbsJyXWxYOmiotZAbQvkLWku41OROUTrzExo4Yf8KJ5q4TcyP5EiOJx72zdwlxd8H963vFbmfC1HxZfj9/FiWBUUhzpadd2/gDP+Pv1eceudIARNO2cB8QLrwCJM7P39xfx+wmLMo0fP0RMBMarI5mYJhoVnpfamirIIk1G73PrVA8Fxqy0qzoGaZ6B/2jqU0Bue/LiBLc2db+7INb+TuqbrCcuWgWsMs4+QRZi6xKUl6JRMSNYZrEX0LW0zBMvRVTyzHUw8XotJ2gZ74kZNyfMisIKd685CtxS0e5AY0EYwOaGAEMANH3EyBRqqW7K8ZqWlF/iOw4tYlwxcQsgFdW4lKvpJgeZPWFjC/JgJwpbYdNXpkVLtPn0alE/mQPkz3Po/MuauYTCtUfQGc8YwXQ1c1NYpmVKTctu+KAaT+gD6eTN2Ri4hpbF/kmVun5UdB+jQY1ixG4w5MAHErSoPI5bCGMONZF52TWSSwF4YXe2013IiF0Q5ME43rS9R55sXK/Y46hnG3L94EcjAYGeYxWXXWY/ULTzzMXSfkIe1uxmXGe0+d7EEL9AL88wLKMVmzfGFBhHinuTTZM3pPbHv7to97z4vsXaUsJMhKyK6JivlFFT2Sbi8Apn/22f0t8CJTARXJoi4mcTa8YtISCLdKP7OibgWfxjpqK346zl9s8XZDhNj709H/IjL5b/T81ikyWMU2LZr0SlMvuGVgRf6dPuUS+RQ+ZFKrZIB7Abc/NHNxsQHhhq3JlGmoG5aSOt2kQ4Izbhe18IQpctZRz4/U2BBFPUrGN334hjxTS2JpYPHlKkUxQIQARAQABiQNsBBgBCgAgFiEEM+ZL0Bnk433Fgpw+ejlexZgYjY0FAmMDmhgCGy4BwAkQejlexZgYjY3A9CAEGQEKAB0WIQTjNk93utgUGc/0q+km1QKNJMLcvgUCYwOaGAAKCRAm1QKNJMLcvsAvDACvjo8RYD7Csr5s0OF/6q950mFu95Kyn3+Zxl6MVLTfLODMhKM65qy6Z78QXZkwqZvIgHfh3Njkw99eUzsM04WmPZdFIiPPgaJTtTJtZXjB9BK62P4HK9B3DNiCF1AvKkYQVIGfbgzjbYoLOExrAhWIItTcVBmUKHPE/7tL3oydW4XtVXMqxQ772RcKWucpA1g3fbOFW2TxxNqKUHyGc4xBus1dF67j8zrfesLBVmhogqjMueKO2vdB9URh9z3nNHP1tZhBd/qNwKAFkZDxbfxiFQmVC/1r1MP3am5WHKGNtVn4YSoZGhqQVpFMr4ZOUm4UJsw4OyNVYt31QxVFQx2nqB47hcsAUCKKQ8zNqQpo7UAaPb4edcNqohrPhB85hUOXNZpw87KhjV+q/U2PVasRfrIWWeXM3rnMeVHu+9IjBFzwCOGtl4hDEJZGcbrD9In4dCXeNRXAEAF1JwZvBWuzUBPtaVy40DNZR4ve+SebuDi1c8U1AgERdnTEKBkkOlJjBQwAqnn9lP4Gr+RiKwJpw5I+LZ1EGhNhJf2CSfYFVCQVC28dzrm80Gf8pUOvmu3If6jf4I4G1M+OCf2U4vt8GmogeTfCb+uxyGUaBIT+VWlPo2cDKrZPayQUYPKunmi3MFgNRyVwbiuGykQUBuhljOG6EN0ncAJltFmXZxVdhOzuDs/hoYqXwKNMZEu3+xEmR0zlbEQF9zIUzYZKmxAk4XBp7uHPaRcSLWYkubeVSOBsKv7vXgzTp1PUD0bMCjaQ9kof/7vcTyLxvRDrjXWldXv4XYHPo+zzylG8YjFLnRNvEw+hk5L0Q5Ab0maUD+eSbT0ZenaoG9454VY81Vy06Lc1WZci86RJ0A6GP+Bz/GkSrduD7dtH0NPCDHDWe5XCqf7htT9JUS0v/T9vG8Yt6K1jfiwS9j2k+Erzbx13a5gj5UZ/i31xS3w0XbHE8ashs/OBpFESmwQFJMeAI88WDXkuRwWOi0nS3sTJa1vBrG1PZun6oY4MCmDrauKsmWJJTCXF",
            "user": "dockerkubernetesparticipant"
          },
          "sensitive_attributes": [],
          "private": "bnVsbA==",
          "dependencies": [
            "aws_iam_user.workshop_user",
            "data.local_file.pgp_key_workshop_user"
          ]
        }
      ]
    },
    {
      "mode": "managed",
      "type": "random_string",
      "name": "cluster_suffix",
      "provider": "provider[\"registry.terraform.io/hashicorp/random\"]",
      "instances": [
        {
          "schema_version": 1,
          "attributes": {
            "id": "kJmwvT",
            "keepers": null,
            "length": 6,
            "lower": true,
            "min_lower": 0,
            "min_numeric": 0,
            "min_special": 0,
            "min_upper": 0,
            "number": true,
            "override_special": null,
            "result": "kJmwvT",
            "special": true,
            "upper": true
          },
          "sensitive_attributes": [],
          "private": "eyJzY2hlbWFfdmVyc2lvbiI6IjEifQ==",
          "create_before_destroy": true
        }
      ]
    },
    {
      "module": "module.eks",
      "mode": "data",
      "type": "aws_caller_identity",
      "name": "current",
      "provider": "provider[\"registry.terraform.io/hashicorp/aws\"]",
      "instances": [
        {
          "schema_version": 0,
          "attributes": {
            "account_id": "299641483789",
            "arn": "arn:aws:sts::299641483789:assumed-role/AWSReservedSSO_AdministratorAccess_3927b2c3b8ca005c/niels.claeys@dataminded.be",
            "id": "299641483789",
            "user_id": "AROAULRAGGIG6OJUH7R6U:niels.claeys@dataminded.be"
          },
          "sensitive_attributes": []
        }
      ]
    },
    {
      "module": "module.eks",
      "mode": "data",
      "type": "aws_iam_policy_document",
      "name": "assume_role_policy",
      "provider": "provider[\"registry.terraform.io/hashicorp/aws\"]",
      "instances": [
        {
          "index_key": 0,
          "schema_version": 0,
          "attributes": {
            "id": "2764486067",
            "json": "{\n  \"Version\": \"2012-10-17\",\n  \"Statement\": [\n    {\n      \"Sid\": \"EKSClusterAssumeRole\",\n      \"Effect\": \"Allow\",\n      \"Action\": \"sts:AssumeRole\",\n      \"Principal\": {\n        \"Service\": \"eks.amazonaws.com\"\n      }\n    }\n  ]\n}",
            "override_json": null,
            "override_policy_documents": null,
            "policy_id": null,
            "source_json": null,
            "source_policy_documents": null,
            "statement": [
              {
                "actions": [
                  "sts:AssumeRole"
                ],
                "condition": [],
                "effect": "Allow",
                "not_actions": [],
                "not_principals": [],
                "not_resources": [],
                "principals": [
                  {
                    "identifiers": [
                      "eks.amazonaws.com"
                    ],
                    "type": "Service"
                  }
                ],
                "resources": [],
                "sid": "EKSClusterAssumeRole"
              }
            ],
            "version": "2012-10-17"
          },
          "sensitive_attributes": []
        }
      ]
    },
    {
      "module": "module.eks",
      "mode": "data",
      "type": "aws_partition",
      "name": "current",
      "provider": "provider[\"registry.terraform.io/hashicorp/aws\"]",
      "instances": [
        {
          "schema_version": 0,
          "attributes": {
            "dns_suffix": "amazonaws.com",
            "id": "aws",
            "partition": "aws",
            "reverse_dns_prefix": "com.amazonaws"
          },
          "sensitive_attributes": []
        }
      ]
    },
    {
      "module": "module.eks",
      "mode": "data",
      "type": "tls_certificate",
      "name": "this",
      "provider": "provider[\"registry.terraform.io/hashicorp/tls\"]",
      "instances": [
        {
          "index_key": 0,
          "schema_version": 0,
          "attributes": {
            "certificates": [
              {
                "cert_pem": "-----BEGIN CERTIFICATE-----\nMIIEdTCCA12gAwIBAgIJAKcOSkw0grd/MA0GCSqGSIb3DQEBCwUAMGgxCzAJBgNV\nBAYTAlVTMSUwIwYDVQQKExxTdGFyZmllbGQgVGVjaG5vbG9naWVzLCBJbmMuMTIw\nMAYDVQQLEylTdGFyZmllbGQgQ2xhc3MgMiBDZXJ0aWZpY2F0aW9uIEF1dGhvcml0\neTAeFw0wOTA5MDIwMDAwMDBaFw0zNDA2MjgxNzM5MTZaMIGYMQswCQYDVQQGEwJV\nUzEQMA4GA1UECBMHQXJpem9uYTETMBEGA1UEBxMKU2NvdHRzZGFsZTElMCMGA1UE\nChMcU3RhcmZpZWxkIFRlY2hub2xvZ2llcywgSW5jLjE7MDkGA1UEAxMyU3RhcmZp\nZWxkIFNlcnZpY2VzIFJvb3QgQ2VydGlmaWNhdGUgQXV0aG9yaXR5IC0gRzIwggEi\nMA0GCSqGSIb3DQEBAQUAA4IBDwAwggEKAoIBAQDVDDrEKvlO4vW+GZdfjohTsR8/\ny8+fIBNtKTrID30892t2OGPZNmCom15cAICyL1l/9of5JUOG52kbUpqQ4XHj2C0N\nTm/2yEnZtvMaVq4rtnQU68/7JuMauh2WLmo7WJSJR1b/JaCTcFOD2oR0FMNnngRo\nOt+OQFodSk7PQ5E751bWAHDLUu57fa4657wx+UX2wmDPE1kCK4DMNEffud6QZW0C\nzyyRpqbn3oUYSXxmTqM6bam17jQuug0DuDPfR+uxa40l2ZvOgdFFRjKWcIfeAg5J\nQ4W2bHO7ZOphQazJ1FTfhy/HIrImzJ9ZVGif/L4qL8RVHHVAYBeFAlU5i38FAgMB\nAAGjgfAwge0wDwYDVR0TAQH/BAUwAwEB/zAOBgNVHQ8BAf8EBAMCAYYwHQYDVR0O\nBBYEFJxfAN+qAdcwKziIorhtSpzyEZGDMB8GA1UdIwQYMBaAFL9ft9HO3R+G9FtV\nrNzXEMIOqYjnME8GCCsGAQUFBwEBBEMwQTAcBggrBgEFBQcwAYYQaHR0cDovL28u\nc3MyLnVzLzAhBggrBgEFBQcwAoYVaHR0cDovL3guc3MyLnVzL3guY2VyMCYGA1Ud\nHwQfMB0wG6AZoBeGFWh0dHA6Ly9zLnNzMi51cy9yLmNybDARBgNVHSAECjAIMAYG\nBFUdIAAwDQYJKoZIhvcNAQELBQADggEBACMd44pXyn3pF3lM8R5V/cxTbj5HD9/G\nVfKyBDbtgB9TxF00KGu+x1X8Z+rLP3+QsjPNG1gQggL4+C/1E2DUBc7xgQjB3ad1\nl08YuW3e95ORCLp+QCztweq7dp4zBncdDQh/U90bZKuCJ/Fp1U1ervShw3WnWEQt\n8jxwmKy6abaVd38PMV4s/KCHOkdp8Hlf9BRUpJVeEXgSYCfOn8J3/yNTd126/+pZ\n59vPr5KW7ySaNRB6nJHGDn2Z9j8Z3/VyVOEVqQdZe4O/Ui5GjLIAZHYcSNPYeehu\nVsyuLAOQ1xk4meTKCRlb/weWsKh/NEnfVqn3sF/tM+2MR7cwA130A4w=\n-----END CERTIFICATE-----\n",
                "is_ca": true,
                "issuer": "OU=Starfield Class 2 Certification Authority,O=Starfield Technologies\\, Inc.,C=US",
                "not_after": "2034-06-28T17:39:16Z",
                "not_before": "2009-09-02T00:00:00Z",
                "public_key_algorithm": "RSA",
                "serial_number": "12037640545166866303",
                "sha1_fingerprint": "9e99a48a9960b14926bb7f3b02e22da2b0ab7280",
                "signature_algorithm": "SHA256-RSA",
                "subject": "CN=Starfield Services Root Certificate Authority - G2,O=Starfield Technologies\\, Inc.,L=Scottsdale,ST=Arizona,C=US",
                "version": 3
              },
              {
                "cert_pem": "-----BEGIN CERTIFICATE-----\nMIIEkjCCA3qgAwIBAgITBn+USionzfP6wq4rAfkI7rnExjANBgkqhkiG9w0BAQsF\nADCBmDELMAkGA1UEBhMCVVMxEDAOBgNVBAgTB0FyaXpvbmExEzARBgNVBAcTClNj\nb3R0c2RhbGUxJTAjBgNVBAoTHFN0YXJmaWVsZCBUZWNobm9sb2dpZXMsIEluYy4x\nOzA5BgNVBAMTMlN0YXJmaWVsZCBTZXJ2aWNlcyBSb290IENlcnRpZmljYXRlIEF1\ndGhvcml0eSAtIEcyMB4XDTE1MDUyNTEyMDAwMFoXDTM3MTIzMTAxMDAwMFowOTEL\nMAkGA1UEBhMCVVMxDzANBgNVBAoTBkFtYXpvbjEZMBcGA1UEAxMQQW1hem9uIFJv\nb3QgQ0EgMTCCASIwDQYJKoZIhvcNAQEBBQADggEPADCCAQoCggEBALJ4gHHKeNXj\nca9HgFB0fW7Y14h29Jlo91ghYPl0hAEvrAIthtOgQ3pOsqTQNroBvo3bSMgHFzZM\n9O6II8c+6zf1tRn4SWiw3te5djgdYZ6k/oI2peVKVuRF4fn9tBb6dNqcmzU5L/qw\nIFAGbHrQgLKm+a/sRxmPUDgH3KKHOVj4utWp+UhnMJbulHheb4mjUcAwhmahRWa6\nVOujw5H5SNz/0egwLX0tdHA114gk957EWW67c4cX8jJGKLhD+rcdqsq08p8kDi1L\n93FcXmn/6pUCyziKrlA4b9v7LWIbxcceVOF34GfID5yHI9Y/QCB/IIDEgEw+OyQm\njgSubJrIqg0CAwEAAaOCATEwggEtMA8GA1UdEwEB/wQFMAMBAf8wDgYDVR0PAQH/\nBAQDAgGGMB0GA1UdDgQWBBSEGMyFNOy8DJSULghZnMeyEE4KCDAfBgNVHSMEGDAW\ngBScXwDfqgHXMCs4iKK4bUqc8hGRgzB4BggrBgEFBQcBAQRsMGowLgYIKwYBBQUH\nMAGGImh0dHA6Ly9vY3NwLnJvb3RnMi5hbWF6b250cnVzdC5jb20wOAYIKwYBBQUH\nMAKGLGh0dHA6Ly9jcnQucm9vdGcyLmFtYXpvbnRydXN0LmNvbS9yb290ZzIuY2Vy\nMD0GA1UdHwQ2MDQwMqAwoC6GLGh0dHA6Ly9jcmwucm9vdGcyLmFtYXpvbnRydXN0\nLmNvbS9yb290ZzIuY3JsMBEGA1UdIAQKMAgwBgYEVR0gADANBgkqhkiG9w0BAQsF\nAAOCAQEAYjdCXLwQtT6LLOkMm2xF4gcAevnFWAu5CIw+7bMlPLVvUOTNNWqnkzSW\nMiGpSESrnO09tKpzbeR/FoCJbM8oAxiDR3mjEH4wW6w7sGDgd9QIpuEdfF7Au/ma\neyKdpwAJfqxGF4PcnCZXmTA5YpaP7dreqsXMGz7KQ2hsVxa81Q4gLv7/wmpdLqBK\nbRRYh5TmOTFffHPLkIhqhBGWJ6bt2YFGpn6jcgAKUj6DiAdjd4lpFw85hdKrCEVN\n0FE6/V1dN2RMfjCyVSRCnTawXZwXgWHxyvkQAiSr6w10kY17RSlQOYiypok1JR4U\nakcjMS9cmvqtmg5iUaQqqcT5NJ0hGA==\n-----END CERTIFICATE-----\n",
                "is_ca": true,
                "issuer": "CN=Starfield Services Root Certificate Authority - G2,O=Starfield Technologies\\, Inc.,L=Scottsdale,ST=Arizona,C=US",
                "not_after": "2037-12-31T01:00:00Z",
                "not_before": "2015-05-25T12:00:00Z",
                "public_key_algorithm": "RSA",
                "serial_number": "144918191876577076464031512351042010504348870",
                "sha1_fingerprint": "06b25927c42a721631c1efd9431e648fa62e1e39",
                "signature_algorithm": "SHA256-RSA",
                "subject": "CN=Amazon Root CA 1,O=Amazon,C=US",
                "version": 3
              },
              {
                "cert_pem": "-----BEGIN CERTIFICATE-----\nMIIESTCCAzGgAwIBAgITBn+UV4WH6Kx33rJTMlu8mYtWDTANBgkqhkiG9w0BAQsF\nADA5MQswCQYDVQQGEwJVUzEPMA0GA1UEChMGQW1hem9uMRkwFwYDVQQDExBBbWF6\nb24gUm9vdCBDQSAxMB4XDTE1MTAyMjAwMDAwMFoXDTI1MTAxOTAwMDAwMFowRjEL\nMAkGA1UEBhMCVVMxDzANBgNVBAoTBkFtYXpvbjEVMBMGA1UECxMMU2VydmVyIENB\nIDFCMQ8wDQYDVQQDEwZBbWF6b24wggEiMA0GCSqGSIb3DQEBAQUAA4IBDwAwggEK\nAoIBAQDCThZn3c68asg3Wuw6MLAd5tES6BIoSMzoKcG5blPVo+sDORrMd4f2AbnZ\ncMzPa43j4wNxhplty6aUKk4T1qe9BOwKFjwK6zmxxLVYo7bHViXsPlJ6qOMpFge5\nblDP+18x+B26A0piiQOuPkfyDyeR4xQghfj66Yo19V+emU3nazfvpFA+ROz6WoVm\nB5x+F2pV8xeKNR7u6azDdU5YVX1TawprmxRC1+WsAYmz6qP+z8ArDITC2FMVy2fw\n0IjKOtEXc/VfmtTFch5+AfGYMGMqqvJ6LcXiAhqG5TI+Dr0RtM88k+8XUBCeQ8IG\nKuANaL7TiItKZYxK1MMuTJtV9IblAgMBAAGjggE7MIIBNzASBgNVHRMBAf8ECDAG\nAQH/AgEAMA4GA1UdDwEB/wQEAwIBhjAdBgNVHQ4EFgQUWaRmBlKge5WSPKOUByeW\ndFv5PdAwHwYDVR0jBBgwFoAUhBjMhTTsvAyUlC4IWZzHshBOCggwewYIKwYBBQUH\nAQEEbzBtMC8GCCsGAQUFBzABhiNodHRwOi8vb2NzcC5yb290Y2ExLmFtYXpvbnRy\ndXN0LmNvbTA6BggrBgEFBQcwAoYuaHR0cDovL2NydC5yb290Y2ExLmFtYXpvbnRy\ndXN0LmNvbS9yb290Y2ExLmNlcjA/BgNVHR8EODA2MDSgMqAwhi5odHRwOi8vY3Js\nLnJvb3RjYTEuYW1hem9udHJ1c3QuY29tL3Jvb3RjYTEuY3JsMBMGA1UdIAQMMAow\nCAYGZ4EMAQIBMA0GCSqGSIb3DQEBCwUAA4IBAQCFkr41u3nPo4FCHOTjY3NTOVI1\n59Gt/a6ZiqyJEi+752+a1U5y6iAwYfmXss2lJwJFqMp2PphKg5625kXg8kP2CN5t\n6G7bMQcT8C8xDZNtYTd7WPD8UZiRKAJPBXa30/AbwuZe0GaFEQ8ugcYQgSn+IGBI\n8/LwhBNTZTUVEWuCUUBVV18YtbAiPq3yXqMB48Oz+ctBWuZSkbvkNodPLamkB2g1\nupRyzQ7qDn1X8nn8N8V7YJ6y68AtkHcNSRAnpTitxBKjtKPISLMVCx7i4hncxHZS\nyLyKQXhw2W2Xs0qLeC1etA+jTGDK4UfLeC0SF7FSi8o5LL21L8IzApar2pR/\n-----END CERTIFICATE-----\n",
                "is_ca": true,
                "issuer": "CN=Amazon Root CA 1,O=Amazon,C=US",
                "not_after": "2025-10-19T00:00:00Z",
                "not_before": "2015-10-22T00:00:00Z",
                "public_key_algorithm": "RSA",
                "serial_number": "144918209630989264145272943054026349679957517",
                "sha1_fingerprint": "917e732d330f9a12404f73d8bea36948b929dffc",
                "signature_algorithm": "SHA256-RSA",
                "subject": "CN=Amazon,OU=Server CA 1B,O=Amazon,C=US",
                "version": 3
              },
              {
                "cert_pem": "-----BEGIN CERTIFICATE-----\nMIIF9jCCBN6gAwIBAgIQBgsPNizoYZupDAxN5IGIOTANBgkqhkiG9w0BAQsFADBG\nMQswCQYDVQQGEwJVUzEPMA0GA1UEChMGQW1hem9uMRUwEwYDVQQLEwxTZXJ2ZXIg\nQ0EgMUIxDzANBgNVBAMTBkFtYXpvbjAeFw0yMjA1MTUwMDAwMDBaFw0yMzA2MTMy\nMzU5NTlaMCsxKTAnBgNVBAMTIG9pZGMuZWtzLmV1LXdlc3QtMS5hbWF6b25hd3Mu\nY29tMIIBIjANBgkqhkiG9w0BAQEFAAOCAQ8AMIIBCgKCAQEAr/7bi57AVJ3IDRGK\n+ecfW+t/hFsgDBNYYXGMN9L0RL/2A5n8r4B1dEe+oeluFXP/ucZlvmZlaxpQ0xMJ\ndisF46b5dQXA9od2xtXVrxf+4EXmHo+hxEkhcEjXRd8Yv0w4yJjinpdVUp1nOTNy\nIhvjvQzafkWUXRYT0G8CP3BvZdtWdx8wn1bBpyEwANmarQHtOTsp+WXmGk6MzZKd\njNDFLLTYAtiokva6DHwXZOPXS41vMN4Ix7PGZGism8Qna8CBHzGpNtb+PV/Et+au\nYpQOShrG0R5ZVqCxlgtdSPJxihpqqRdqAxCSoIIg9khHbKMPws2PP1p3HbXQGKn0\n8Fe8jwIDAQABo4IC+TCCAvUwHwYDVR0jBBgwFoAUWaRmBlKge5WSPKOUByeWdFv5\nPdAwHQYDVR0OBBYEFFoQZdCV1/7KJm3V1ZehrsrvTMBWMCsGA1UdEQQkMCKCIG9p\nZGMuZWtzLmV1LXdlc3QtMS5hbWF6b25hd3MuY29tMA4GA1UdDwEB/wQEAwIFoDAd\nBgNVHSUEFjAUBggrBgEFBQcDAQYIKwYBBQUHAwIwPQYDVR0fBDYwNDAyoDCgLoYs\naHR0cDovL2NybC5zY2ExYi5hbWF6b250cnVzdC5jb20vc2NhMWItMS5jcmwwEwYD\nVR0gBAwwCjAIBgZngQwBAgEwdQYIKwYBBQUHAQEEaTBnMC0GCCsGAQUFBzABhiFo\ndHRwOi8vb2NzcC5zY2ExYi5hbWF6b250cnVzdC5jb20wNgYIKwYBBQUHMAKGKmh0\ndHA6Ly9jcnQuc2NhMWIuYW1hem9udHJ1c3QuY29tL3NjYTFiLmNydDAMBgNVHRMB\nAf8EAjAAMIIBfAYKKwYBBAHWeQIEAgSCAWwEggFoAWYAdQDoPtDaPvUGNTLnVyi8\niWvJA9PL0RFr7Otp4Xd9bQa9bgAAAYDFEeHQAAAEAwBGMEQCIH5LdEL4QAbH6zOh\nzvTD4Tn6grLiUmTmYTxfSig1gFNAAiBzTHbBZM3BNuuZAOAHwGuiweNKwIwNpvlf\n6dKgJM74xAB2ADXPGRu/sWxXvw+tTG1Cy7u2JyAmUeo/4SrvqAPDO9ZMAAABgMUR\n4T4AAAQDAEcwRQIhANYogbpcOj+wYotAsfpfjp6KIk/OwsoBoKq1w52/Vq6bAiBm\nA5Y7010tfpQokkLFtf3VVK4wibCEQ0tAFol7ZRhPowB1ALNzdwfhhFD4Y4bWBanc\nEQlKeS2xZwwLh9zwAw55NqWaAAABgMUR4XQAAAQDAEYwRAIgKgnbnvZEiavLX/G6\nlETvMbp7VKJuprrjixkK+LcjODQCIC0hd8uS59gCUFv0rSsT+PLxzjSR7FFHIZ7P\nHQ2gB/JoMA0GCSqGSIb3DQEBCwUAA4IBAQCoaprifEQYFyUpSEVUBaEpAo5leolI\nx8bNKf1RKrbdRJap+2D0paMgPNfJ6S8UpwlJvtzsCgPR0TBiSVsBhfQVYKmsSnJd\nUVWq13Cqq58M3sSal4iL1XPYrYsOhESO41WNtjZd6zuYZt9OBa8UCBFc4HcITh9f\nZYJMv0E0t0D3J/5MIBwrwWE6H3FxYre3JM1PzsKMUeM1Ug23QzVhN7Xe7hLpF/c6\nVfW5fGXLjrFB9J/J09oM16da9ZJ3p9+G+67jQ4WIhAhz39kabP5yncn9tzClcWUA\neydMX2PovyAKIGgQUcJz8P+fMR9Xnc9nYsMIE3P9mQMBLWExmI4p/yNB\n-----END CERTIFICATE-----\n",
                "is_ca": false,
                "issuer": "CN=Amazon,OU=Server CA 1B,O=Amazon,C=US",
                "not_after": "2023-06-13T23:59:59Z",
                "not_before": "2022-05-15T00:00:00Z",
                "public_key_algorithm": "RSA",
                "serial_number": "8032791768516481049932338475250583609",
                "sha1_fingerprint": "bc02d93ab35b617c527611b977ca09ef76c81bb5",
                "signature_algorithm": "SHA256-RSA",
                "subject": "CN=oidc.eks.eu-west-1.amazonaws.com",
                "version": 3
              }
            ],
            "content": null,
            "id": "2bc137e277748b64ff07ac6beaa4ea0f64192009",
            "url": "https://oidc.eks.eu-west-1.amazonaws.com/id/7FF9166590FCB7B2BC1906C918068C50",
            "verify_chain": true
          },
          "sensitive_attributes": []
        }
      ]
    },
    {
      "module": "module.eks",
      "mode": "managed",
      "type": "aws_cloudwatch_log_group",
      "name": "this",
      "provider": "provider[\"registry.terraform.io/hashicorp/aws\"]",
      "instances": [
        {
          "index_key": 0,
          "schema_version": 0,
          "attributes": {
            "arn": "arn:aws:logs:eu-west-1:299641483789:log-group:/aws/eks/docker-k8s-kJmwvT/cluster",
            "id": "/aws/eks/docker-k8s-kJmwvT/cluster",
            "kms_key_id": "",
            "name": "/aws/eks/docker-k8s-kJmwvT/cluster",
            "name_prefix": null,
            "retention_in_days": 90,
            "tags": {
              "Terraform": "true"
            },
            "tags_all": {
              "Terraform": "true",
              "course": "Docker and Kubernetes"
            }
          },
          "sensitive_attributes": [],
          "private": "bnVsbA==",
          "dependencies": [
            "random_string.cluster_suffix"
          ],
          "create_before_destroy": true
        }
      ]
    },
    {
      "module": "module.eks",
      "mode": "managed",
      "type": "aws_ec2_tag",
      "name": "cluster_primary_security_group",
      "provider": "provider[\"registry.terraform.io/hashicorp/aws\"]",
      "instances": [
        {
          "index_key": "Terraform",
          "schema_version": 0,
          "attributes": {
            "id": "sg-01ded7448aec9a93a,Terraform",
            "key": "Terraform",
            "resource_id": "sg-01ded7448aec9a93a",
            "value": "true"
          },
          "sensitive_attributes": [],
          "private": "bnVsbA==",
          "dependencies": [
            "data.aws_subnets.private",
            "module.eks.aws_cloudwatch_log_group.this",
            "module.eks.aws_eks_cluster.this",
            "module.eks.aws_iam_role.this",
            "module.eks.aws_iam_role_policy_attachment.this",
            "module.eks.aws_security_group.cluster",
            "module.eks.aws_security_group.node",
            "module.eks.aws_security_group_rule.cluster",
            "module.eks.aws_security_group_rule.node",
            "module.eks.data.aws_caller_identity.current",
            "module.eks.data.aws_iam_policy_document.assume_role_policy",
            "module.eks.data.aws_partition.current",
            "module.eks.module.kms.aws_kms_external_key.this",
            "module.eks.module.kms.aws_kms_key.this",
            "module.eks.module.kms.data.aws_caller_identity.current",
            "module.eks.module.kms.data.aws_iam_policy_document.this",
            "module.eks.module.kms.data.aws_partition.current",
            "module.vpc.aws_vpc.this",
            "random_string.cluster_suffix"
          ]
        }
      ]
    },
    {
      "module": "module.eks",
      "mode": "managed",
      "type": "aws_eks_cluster",
      "name": "this",
      "provider": "provider[\"registry.terraform.io/hashicorp/aws\"]",
      "instances": [
        {
          "index_key": 0,
          "schema_version": 0,
          "attributes": {
            "arn": "arn:aws:eks:eu-west-1:299641483789:cluster/docker-k8s-kJmwvT",
            "certificate_authority": [
              {
                "data": "LS0tLS1CRUdJTiBDRVJUSUZJQ0FURS0tLS0tCk1JSUMvakNDQWVhZ0F3SUJBZ0lCQURBTkJna3Foa2lHOXcwQkFRc0ZBREFWTVJNd0VRWURWUVFERXdwcmRXSmwKY201bGRHVnpNQjRYRFRJeU1EZ3lNakUyTWpZeU9Wb1hEVE15TURneE9URTJNall5T1Zvd0ZURVRNQkVHQTFVRQpBeE1LYTNWaVpYSnVaWFJsY3pDQ0FTSXdEUVlKS29aSWh2Y05BUUVCQlFBRGdnRVBBRENDQVFvQ2dnRUJBTTlICkRFaWNYc1FGY2F4cEpucGR1T2JsaGxWZkw5ZUQ5eFhmUVhwbkFmSjkxeFRhN0VsOSsyNVF5UFN5ZjFpMTRYOHUKZWVzZGVyNXdqVzduRStLVkFVWDNjbEFxMGpUT20vVE9aai9iSStRTEVubi8zNkhnUXV5RmZKT3M4eUtEZmVNbwprRDlqWFhVUzhHOVNQQ0o5VmZvaW1xQ0ZuT2g0Mk5kb0NURDdBMWpNeExuanV4SnpaTFdTZjlWYWUyQkkwUllRCmFJUGpPMGxqdE1OYmNWVDVDaGRYNnR1d0RIQk9KUEM2eHZiOTc0TThwUG5mM05uaUJEZEJ1Y2x4L3VuTUZSUzEKeEx5TExtNlEzTUJ2ZTF2ZmFvTG44MHQxVkhTcGVEbDlrcWpySFl4ZXdwbU1wNlhveENCeWcyY3NTcUdCRk0vbAozVGR2MWxsS0NjblFITXZiV3NFQ0F3RUFBYU5aTUZjd0RnWURWUjBQQVFIL0JBUURBZ0trTUE4R0ExVWRFd0VCCi93UUZNQU1CQWY4d0hRWURWUjBPQkJZRUZCUW5DcEg0cytYQmZ1cUFPNnFCUFloc2J0WlZNQlVHQTFVZEVRUU8KTUF5Q0NtdDFZbVZ5Ym1WMFpYTXdEUVlKS29aSWh2Y05BUUVMQlFBRGdnRUJBTG9VaXNDTkIvSkVVVDE0ZjdmSAoyeUg5RnB6UTdrYWtRNEprUjhPam52UEVqaW5YaGF2TVZaajhnTXg4aVhNUWVrWUgzWVFIMlVhNE11TjBlTFUyCnZZZlgwM0VNWlVBVnFneUUrd1FGTm5XdmZ1OHNvZ2k0K3JwS25vcTR6UFp4OG85RUZQMVMrZjc0L2V3ZmdienAKU2VGMGdOR1Y5c01vVGhnVDA1bUhOZXhSZFlRWnpIcW44bHI0dGsvSlBqRWdNTktWOWlJandEdlJqMkJIaENHSgpFK1pWV0l5Z281Vkljd05Cb2JIOFQ0djVYR1A3c1g0QjRGY3d4SG1SVzlHczM1MmxBMkZUaVB0bWppVk9VSkV2ClRLbkwrNzhVdEJuL1NnRjFiWFlHR1Y1QkVHd2hobS9DSTFmVUVmMXBRLzVWdU9Nak9odjdhcVVDZWdhV1YxelcKSEEwPQotLS0tLUVORCBDRVJUSUZJQ0FURS0tLS0tCg=="
              }
            ],
            "created_at": "2022-08-22 16:20:40.895 +0000 UTC",
            "enabled_cluster_log_types": [
              "api",
              "audit",
              "authenticator"
            ],
            "encryption_config": [],
            "endpoint": "https://7FF9166590FCB7B2BC1906C918068C50.gr7.eu-west-1.eks.amazonaws.com",
            "id": "docker-k8s-kJmwvT",
            "identity": [
              {
                "oidc": [
                  {
                    "issuer": "https://oidc.eks.eu-west-1.amazonaws.com/id/7FF9166590FCB7B2BC1906C918068C50"
                  }
                ]
              }
            ],
            "kubernetes_network_config": [
              {
                "ip_family": "ipv4",
                "service_ipv4_cidr": "172.20.0.0/16"
              }
            ],
            "name": "docker-k8s-kJmwvT",
            "platform_version": "eks.5",
            "role_arn": "arn:aws:iam::299641483789:role/docker-k8s-kJmwvT-cluster-20220822160809834400000002",
            "status": "ACTIVE",
            "tags": {
              "Terraform": "true"
            },
            "tags_all": {
              "Terraform": "true",
              "course": "Docker and Kubernetes"
            },
            "timeouts": {
              "create": null,
              "delete": null,
              "update": null
            },
            "version": "1.22",
            "vpc_config": [
              {
                "cluster_security_group_id": "sg-01ded7448aec9a93a",
                "endpoint_private_access": false,
                "endpoint_public_access": true,
                "public_access_cidrs": [
                  "0.0.0.0/0"
                ],
                "security_group_ids": [
                  "sg-0e334161c946814b1"
                ],
                "subnet_ids": [
                  "subnet-008427ff27aa84bfa",
                  "subnet-0903c713bb09acd6d",
                  "subnet-0a0b81a50061a06a2"
                ],
                "vpc_id": "vpc-07864b2ec9fdca89b"
              }
            ]
          },
          "sensitive_attributes": [],
          "private": "eyJlMmJmYjczMC1lY2FhLTExZTYtOGY4OC0zNDM2M2JjN2M0YzAiOnsiY3JlYXRlIjoxODAwMDAwMDAwMDAwLCJkZWxldGUiOjkwMDAwMDAwMDAwMCwidXBkYXRlIjozNjAwMDAwMDAwMDAwfX0=",
          "dependencies": [
            "data.aws_subnets.private",
            "module.eks.aws_cloudwatch_log_group.this",
            "module.eks.aws_iam_role.this",
            "module.eks.aws_iam_role_policy_attachment.this",
            "module.eks.aws_security_group.cluster",
            "module.eks.aws_security_group.node",
            "module.eks.aws_security_group_rule.cluster",
            "module.eks.aws_security_group_rule.node",
            "module.eks.data.aws_caller_identity.current",
            "module.eks.data.aws_iam_policy_document.assume_role_policy",
            "module.eks.data.aws_partition.current",
            "module.eks.module.kms.aws_kms_external_key.this",
            "module.eks.module.kms.aws_kms_key.this",
            "module.eks.module.kms.data.aws_caller_identity.current",
            "module.eks.module.kms.data.aws_iam_policy_document.this",
            "module.eks.module.kms.data.aws_partition.current",
            "module.vpc.aws_vpc.this",
            "random_string.cluster_suffix"
          ],
          "create_before_destroy": true
        }
      ]
    },
    {
      "module": "module.eks",
      "mode": "managed",
      "type": "aws_iam_openid_connect_provider",
      "name": "oidc_provider",
      "provider": "provider[\"registry.terraform.io/hashicorp/aws\"]",
      "instances": [
        {
          "index_key": 0,
          "schema_version": 0,
          "attributes": {
            "arn": "arn:aws:iam::299641483789:oidc-provider/oidc.eks.eu-west-1.amazonaws.com/id/7FF9166590FCB7B2BC1906C918068C50",
            "client_id_list": [
              "sts.amazonaws.com"
            ],
            "id": "arn:aws:iam::299641483789:oidc-provider/oidc.eks.eu-west-1.amazonaws.com/id/7FF9166590FCB7B2BC1906C918068C50",
            "tags": {
              "Name": "docker-k8s-kJmwvT-eks-irsa",
              "Terraform": "true"
            },
            "tags_all": {
              "Name": "docker-k8s-kJmwvT-eks-irsa",
              "Terraform": "true",
              "course": "Docker and Kubernetes"
            },
            "thumbprint_list": [
              "9e99a48a9960b14926bb7f3b02e22da2b0ab7280"
            ],
            "url": "oidc.eks.eu-west-1.amazonaws.com/id/7FF9166590FCB7B2BC1906C918068C50"
          },
          "sensitive_attributes": [],
          "private": "bnVsbA==",
          "dependencies": [
            "data.aws_subnets.private",
            "module.eks.aws_cloudwatch_log_group.this",
            "module.eks.aws_eks_cluster.this",
            "module.eks.aws_iam_role.this",
            "module.eks.aws_iam_role_policy_attachment.this",
            "module.eks.aws_security_group.cluster",
            "module.eks.aws_security_group.node",
            "module.eks.aws_security_group_rule.cluster",
            "module.eks.aws_security_group_rule.node",
            "module.eks.data.aws_caller_identity.current",
            "module.eks.data.aws_iam_policy_document.assume_role_policy",
            "module.eks.data.aws_partition.current",
            "module.eks.data.tls_certificate.this",
            "module.eks.module.kms.aws_kms_external_key.this",
            "module.eks.module.kms.aws_kms_key.this",
            "module.eks.module.kms.data.aws_caller_identity.current",
            "module.eks.module.kms.data.aws_iam_policy_document.this",
            "module.eks.module.kms.data.aws_partition.current",
            "module.vpc.aws_vpc.this",
            "random_string.cluster_suffix"
          ]
        }
      ]
    },
    {
      "module": "module.eks",
      "mode": "managed",
      "type": "aws_iam_role",
      "name": "this",
      "provider": "provider[\"registry.terraform.io/hashicorp/aws\"]",
      "instances": [
        {
          "index_key": 0,
          "schema_version": 0,
          "attributes": {
            "arn": "arn:aws:iam::299641483789:role/docker-k8s-kJmwvT-cluster-20220822160809834400000002",
            "assume_role_policy": "{\"Statement\":[{\"Action\":\"sts:AssumeRole\",\"Effect\":\"Allow\",\"Principal\":{\"Service\":\"eks.amazonaws.com\"},\"Sid\":\"EKSClusterAssumeRole\"}],\"Version\":\"2012-10-17\"}",
            "create_date": "2022-08-22T16:08:09Z",
            "description": "",
            "force_detach_policies": true,
            "id": "docker-k8s-kJmwvT-cluster-20220822160809834400000002",
            "inline_policy": [
              {
                "name": "docker-k8s-kJmwvT-cluster",
                "policy": "{\"Statement\":[{\"Action\":[\"logs:CreateLogGroup\"],\"Effect\":\"Deny\",\"Resource\":\"arn:aws:logs:eu-west-1:299641483789:log-group:/aws/eks/docker-k8s-kJmwvT/cluster\"}],\"Version\":\"2012-10-17\"}"
              }
            ],
            "managed_policy_arns": [
              "arn:aws:iam::aws:policy/AmazonEKSClusterPolicy",
              "arn:aws:iam::aws:policy/AmazonEKSVPCResourceController"
            ],
            "max_session_duration": 3600,
            "name": "docker-k8s-kJmwvT-cluster-20220822160809834400000002",
            "name_prefix": "docker-k8s-kJmwvT-cluster-",
            "path": "/",
            "permissions_boundary": null,
            "tags": {
              "Terraform": "true"
            },
            "tags_all": {
              "Terraform": "true",
              "course": "Docker and Kubernetes"
            },
            "unique_id": "AROAULRAGGIGTK2EDA5CI"
          },
          "sensitive_attributes": [],
          "private": "bnVsbA==",
          "dependencies": [
            "module.eks.aws_cloudwatch_log_group.this",
            "module.eks.data.aws_iam_policy_document.assume_role_policy",
            "module.eks.data.aws_partition.current",
            "random_string.cluster_suffix"
          ],
          "create_before_destroy": true
        }
      ]
    },
    {
      "module": "module.eks",
      "mode": "managed",
      "type": "aws_iam_role_policy_attachment",
      "name": "this",
      "provider": "provider[\"registry.terraform.io/hashicorp/aws\"]",
      "instances": [
        {
          "index_key": "arn:aws:iam::aws:policy/AmazonEKSClusterPolicy",
          "schema_version": 0,
          "attributes": {
            "id": "docker-k8s-kJmwvT-cluster-20220822160809834400000002-20220822160811327800000009",
            "policy_arn": "arn:aws:iam::aws:policy/AmazonEKSClusterPolicy",
            "role": "docker-k8s-kJmwvT-cluster-20220822160809834400000002"
          },
          "sensitive_attributes": [],
          "private": "bnVsbA==",
          "dependencies": [
            "module.eks.aws_cloudwatch_log_group.this",
            "module.eks.aws_iam_role.this",
            "module.eks.data.aws_iam_policy_document.assume_role_policy",
            "module.eks.data.aws_partition.current",
            "random_string.cluster_suffix"
          ],
          "create_before_destroy": true
        },
        {
          "index_key": "arn:aws:iam::aws:policy/AmazonEKSVPCResourceController",
          "schema_version": 0,
          "attributes": {
            "id": "docker-k8s-kJmwvT-cluster-20220822160809834400000002-2022082216081136850000000a",
            "policy_arn": "arn:aws:iam::aws:policy/AmazonEKSVPCResourceController",
            "role": "docker-k8s-kJmwvT-cluster-20220822160809834400000002"
          },
          "sensitive_attributes": [],
          "private": "bnVsbA==",
          "dependencies": [
            "module.eks.aws_cloudwatch_log_group.this",
            "module.eks.aws_iam_role.this",
            "module.eks.data.aws_iam_policy_document.assume_role_policy",
            "module.eks.data.aws_partition.current",
            "random_string.cluster_suffix"
          ],
          "create_before_destroy": true
        }
      ]
    },
    {
      "module": "module.eks",
      "mode": "managed",
      "type": "aws_security_group",
      "name": "cluster",
      "provider": "provider[\"registry.terraform.io/hashicorp/aws\"]",
      "instances": [
        {
          "index_key": 0,
          "schema_version": 1,
          "attributes": {
            "arn": "arn:aws:ec2:eu-west-1:299641483789:security-group/sg-0e334161c946814b1",
            "description": "EKS cluster security group",
            "egress": [
              {
                "cidr_blocks": [],
                "description": "Cluster API to node groups",
                "from_port": 443,
                "ipv6_cidr_blocks": [],
                "prefix_list_ids": [],
                "protocol": "tcp",
                "security_groups": [
                  "sg-0b59071b924e7ad75"
                ],
                "self": false,
                "to_port": 443
              },
              {
                "cidr_blocks": [],
                "description": "Cluster API to node kubelets",
                "from_port": 10250,
                "ipv6_cidr_blocks": [],
                "prefix_list_ids": [],
                "protocol": "tcp",
                "security_groups": [
                  "sg-0b59071b924e7ad75"
                ],
                "self": false,
                "to_port": 10250
              }
            ],
            "id": "sg-0e334161c946814b1",
            "ingress": [
              {
                "cidr_blocks": [],
                "description": "Node groups to cluster API",
                "from_port": 443,
                "ipv6_cidr_blocks": [],
                "prefix_list_ids": [],
                "protocol": "tcp",
                "security_groups": [
                  "sg-0b59071b924e7ad75"
                ],
                "self": false,
                "to_port": 443
              }
            ],
            "name": "docker-k8s-kJmwvT-cluster-2022082216082118970000000b",
            "name_prefix": "docker-k8s-kJmwvT-cluster-",
            "owner_id": "299641483789",
            "revoke_rules_on_delete": false,
            "tags": {
              "Name": "docker-k8s-kJmwvT-cluster",
              "Terraform": "true"
            },
            "tags_all": {
              "Name": "docker-k8s-kJmwvT-cluster",
              "Terraform": "true",
              "course": "Docker and Kubernetes"
            },
            "timeouts": null,
            "vpc_id": "vpc-07864b2ec9fdca89b"
          },
          "sensitive_attributes": [],
          "private": "eyJlMmJmYjczMC1lY2FhLTExZTYtOGY4OC0zNDM2M2JjN2M0YzAiOnsiY3JlYXRlIjo2MDAwMDAwMDAwMDAsImRlbGV0ZSI6OTAwMDAwMDAwMDAwfSwic2NoZW1hX3ZlcnNpb24iOiIxIn0=",
          "dependencies": [
            "module.vpc.aws_vpc.this",
            "random_string.cluster_suffix"
          ],
          "create_before_destroy": true
        }
      ]
    },
    {
      "module": "module.eks",
      "mode": "managed",
      "type": "aws_security_group",
      "name": "node",
      "provider": "provider[\"registry.terraform.io/hashicorp/aws\"]",
      "instances": [
        {
          "index_key": 0,
          "schema_version": 1,
          "attributes": {
            "arn": "arn:aws:ec2:eu-west-1:299641483789:security-group/sg-0b59071b924e7ad75",
            "description": "EKS node shared security group",
            "egress": [
              {
                "cidr_blocks": [
                  "0.0.0.0/0"
                ],
                "description": "Egress NTP/TCP to internet",
                "from_port": 123,
                "ipv6_cidr_blocks": [],
                "prefix_list_ids": [],
                "protocol": "tcp",
                "security_groups": [],
                "self": false,
                "to_port": 123
              },
              {
                "cidr_blocks": [
                  "0.0.0.0/0"
                ],
                "description": "Egress NTP/UDP to internet",
                "from_port": 123,
                "ipv6_cidr_blocks": [],
                "prefix_list_ids": [],
                "protocol": "udp",
                "security_groups": [],
                "self": false,
                "to_port": 123
              },
              {
                "cidr_blocks": [
                  "0.0.0.0/0"
                ],
                "description": "Egress all HTTPS to internet",
                "from_port": 443,
                "ipv6_cidr_blocks": [],
                "prefix_list_ids": [],
                "protocol": "tcp",
                "security_groups": [],
                "self": false,
                "to_port": 443
              },
              {
                "cidr_blocks": [],
                "description": "Node groups to cluster API",
                "from_port": 443,
                "ipv6_cidr_blocks": [],
                "prefix_list_ids": [],
                "protocol": "tcp",
                "security_groups": [
                  "sg-0e334161c946814b1"
                ],
                "self": false,
                "to_port": 443
              },
              {
                "cidr_blocks": [],
                "description": "Node to node CoreDNS",
                "from_port": 53,
                "ipv6_cidr_blocks": [],
                "prefix_list_ids": [],
                "protocol": "tcp",
                "security_groups": [],
                "self": true,
                "to_port": 53
              },
              {
                "cidr_blocks": [],
                "description": "Node to node CoreDNS",
                "from_port": 53,
                "ipv6_cidr_blocks": [],
                "prefix_list_ids": [],
                "protocol": "udp",
                "security_groups": [],
                "self": true,
                "to_port": 53
              }
            ],
            "id": "sg-0b59071b924e7ad75",
            "ingress": [
              {
                "cidr_blocks": [],
                "description": "Cluster API to node groups",
                "from_port": 443,
                "ipv6_cidr_blocks": [],
                "prefix_list_ids": [],
                "protocol": "tcp",
                "security_groups": [
                  "sg-0e334161c946814b1"
                ],
                "self": false,
                "to_port": 443
              },
              {
                "cidr_blocks": [],
                "description": "Cluster API to node kubelets",
                "from_port": 10250,
                "ipv6_cidr_blocks": [],
                "prefix_list_ids": [],
                "protocol": "tcp",
                "security_groups": [
                  "sg-0e334161c946814b1"
                ],
                "self": false,
                "to_port": 10250
              },
              {
                "cidr_blocks": [],
                "description": "Node to node CoreDNS",
                "from_port": 53,
                "ipv6_cidr_blocks": [],
                "prefix_list_ids": [],
                "protocol": "tcp",
                "security_groups": [],
                "self": true,
                "to_port": 53
              },
              {
                "cidr_blocks": [],
                "description": "Node to node CoreDNS",
                "from_port": 53,
                "ipv6_cidr_blocks": [],
                "prefix_list_ids": [],
                "protocol": "udp",
                "security_groups": [],
                "self": true,
                "to_port": 53
              }
            ],
            "name": "docker-k8s-kJmwvT-node-2022082216082165440000000c",
            "name_prefix": "docker-k8s-kJmwvT-node-",
            "owner_id": "299641483789",
            "revoke_rules_on_delete": false,
            "tags": {
              "Name": "docker-k8s-kJmwvT-node",
              "Terraform": "true",
              "kubernetes.io/cluster/docker-k8s-kJmwvT": "owned"
            },
            "tags_all": {
              "Name": "docker-k8s-kJmwvT-node",
              "Terraform": "true",
              "course": "Docker and Kubernetes",
              "kubernetes.io/cluster/docker-k8s-kJmwvT": "owned"
            },
            "timeouts": null,
            "vpc_id": "vpc-07864b2ec9fdca89b"
          },
          "sensitive_attributes": [],
          "private": "eyJlMmJmYjczMC1lY2FhLTExZTYtOGY4OC0zNDM2M2JjN2M0YzAiOnsiY3JlYXRlIjo2MDAwMDAwMDAwMDAsImRlbGV0ZSI6OTAwMDAwMDAwMDAwfSwic2NoZW1hX3ZlcnNpb24iOiIxIn0=",
          "dependencies": [
            "module.vpc.aws_vpc.this",
            "random_string.cluster_suffix"
          ],
          "create_before_destroy": true
        }
      ]
    },
    {
      "module": "module.eks",
      "mode": "managed",
      "type": "aws_security_group_rule",
      "name": "cluster",
      "provider": "provider[\"registry.terraform.io/hashicorp/aws\"]",
      "instances": [
        {
          "index_key": "egress_nodes_443",
          "schema_version": 2,
          "attributes": {
            "cidr_blocks": null,
            "description": "Cluster API to node groups",
            "from_port": 443,
            "id": "sgrule-1593137886",
            "ipv6_cidr_blocks": null,
            "prefix_list_ids": [],
            "protocol": "tcp",
            "security_group_id": "sg-0e334161c946814b1",
            "self": false,
            "source_security_group_id": "sg-0b59071b924e7ad75",
            "timeouts": null,
            "to_port": 443,
            "type": "egress"
          },
          "sensitive_attributes": [],
          "private": "eyJlMmJmYjczMC1lY2FhLTExZTYtOGY4OC0zNDM2M2JjN2M0YzAiOnsiY3JlYXRlIjozMDAwMDAwMDAwMDB9LCJzY2hlbWFfdmVyc2lvbiI6IjIifQ==",
          "dependencies": [
            "module.eks.aws_security_group.cluster",
            "module.eks.aws_security_group.node",
            "module.vpc.aws_vpc.this",
            "random_string.cluster_suffix"
          ],
          "create_before_destroy": true
        },
        {
          "index_key": "egress_nodes_kubelet",
          "schema_version": 2,
          "attributes": {
            "cidr_blocks": null,
            "description": "Cluster API to node kubelets",
            "from_port": 10250,
            "id": "sgrule-3607083219",
            "ipv6_cidr_blocks": null,
            "prefix_list_ids": [],
            "protocol": "tcp",
            "security_group_id": "sg-0e334161c946814b1",
            "self": false,
            "source_security_group_id": "sg-0b59071b924e7ad75",
            "timeouts": null,
            "to_port": 10250,
            "type": "egress"
          },
          "sensitive_attributes": [],
          "private": "eyJlMmJmYjczMC1lY2FhLTExZTYtOGY4OC0zNDM2M2JjN2M0YzAiOnsiY3JlYXRlIjozMDAwMDAwMDAwMDB9LCJzY2hlbWFfdmVyc2lvbiI6IjIifQ==",
          "dependencies": [
            "module.eks.aws_security_group.cluster",
            "module.eks.aws_security_group.node",
            "module.vpc.aws_vpc.this",
            "random_string.cluster_suffix"
          ],
          "create_before_destroy": true
        },
        {
          "index_key": "ingress_nodes_443",
          "schema_version": 2,
          "attributes": {
            "cidr_blocks": null,
            "description": "Node groups to cluster API",
            "from_port": 443,
            "id": "sgrule-3039368378",
            "ipv6_cidr_blocks": null,
            "prefix_list_ids": [],
            "protocol": "tcp",
            "security_group_id": "sg-0e334161c946814b1",
            "self": false,
            "source_security_group_id": "sg-0b59071b924e7ad75",
            "timeouts": null,
            "to_port": 443,
            "type": "ingress"
          },
          "sensitive_attributes": [],
          "private": "eyJlMmJmYjczMC1lY2FhLTExZTYtOGY4OC0zNDM2M2JjN2M0YzAiOnsiY3JlYXRlIjozMDAwMDAwMDAwMDB9LCJzY2hlbWFfdmVyc2lvbiI6IjIifQ==",
          "dependencies": [
            "module.eks.aws_security_group.cluster",
            "module.eks.aws_security_group.node",
            "module.vpc.aws_vpc.this",
            "random_string.cluster_suffix"
          ],
          "create_before_destroy": true
        }
      ]
    },
    {
      "module": "module.eks",
      "mode": "managed",
      "type": "aws_security_group_rule",
      "name": "node",
      "provider": "provider[\"registry.terraform.io/hashicorp/aws\"]",
      "instances": [
        {
          "index_key": "egress_cluster_443",
          "schema_version": 2,
          "attributes": {
            "cidr_blocks": null,
            "description": "Node groups to cluster API",
            "from_port": 443,
            "id": "sgrule-3408451555",
            "ipv6_cidr_blocks": null,
            "prefix_list_ids": [],
            "protocol": "tcp",
            "security_group_id": "sg-0b59071b924e7ad75",
            "self": false,
            "source_security_group_id": "sg-0e334161c946814b1",
            "timeouts": null,
            "to_port": 443,
            "type": "egress"
          },
          "sensitive_attributes": [],
          "private": "eyJlMmJmYjczMC1lY2FhLTExZTYtOGY4OC0zNDM2M2JjN2M0YzAiOnsiY3JlYXRlIjozMDAwMDAwMDAwMDB9LCJzY2hlbWFfdmVyc2lvbiI6IjIifQ==",
          "dependencies": [
            "module.eks.aws_security_group.cluster",
            "module.eks.aws_security_group.node",
            "module.vpc.aws_vpc.this",
            "random_string.cluster_suffix"
          ],
          "create_before_destroy": true
        },
        {
          "index_key": "egress_https",
          "schema_version": 2,
          "attributes": {
            "cidr_blocks": [
              "0.0.0.0/0"
            ],
            "description": "Egress all HTTPS to internet",
            "from_port": 443,
            "id": "sgrule-2702233680",
            "ipv6_cidr_blocks": null,
            "prefix_list_ids": [],
            "protocol": "tcp",
            "security_group_id": "sg-0b59071b924e7ad75",
            "self": false,
            "source_security_group_id": null,
            "timeouts": null,
            "to_port": 443,
            "type": "egress"
          },
          "sensitive_attributes": [],
          "private": "eyJlMmJmYjczMC1lY2FhLTExZTYtOGY4OC0zNDM2M2JjN2M0YzAiOnsiY3JlYXRlIjozMDAwMDAwMDAwMDB9LCJzY2hlbWFfdmVyc2lvbiI6IjIifQ==",
          "dependencies": [
            "module.eks.aws_security_group.cluster",
            "module.eks.aws_security_group.node",
            "module.vpc.aws_vpc.this",
            "random_string.cluster_suffix"
          ],
          "create_before_destroy": true
        },
        {
          "index_key": "egress_ntp_tcp",
          "schema_version": 2,
          "attributes": {
            "cidr_blocks": [
              "0.0.0.0/0"
            ],
            "description": "Egress NTP/TCP to internet",
            "from_port": 123,
            "id": "sgrule-2127490382",
            "ipv6_cidr_blocks": null,
            "prefix_list_ids": [],
            "protocol": "tcp",
            "security_group_id": "sg-0b59071b924e7ad75",
            "self": false,
            "source_security_group_id": null,
            "timeouts": null,
            "to_port": 123,
            "type": "egress"
          },
          "sensitive_attributes": [],
          "private": "eyJlMmJmYjczMC1lY2FhLTExZTYtOGY4OC0zNDM2M2JjN2M0YzAiOnsiY3JlYXRlIjozMDAwMDAwMDAwMDB9LCJzY2hlbWFfdmVyc2lvbiI6IjIifQ==",
          "dependencies": [
            "module.eks.aws_security_group.cluster",
            "module.eks.aws_security_group.node",
            "module.vpc.aws_vpc.this",
            "random_string.cluster_suffix"
          ],
          "create_before_destroy": true
        },
        {
          "index_key": "egress_ntp_udp",
          "schema_version": 2,
          "attributes": {
            "cidr_blocks": [
              "0.0.0.0/0"
            ],
            "description": "Egress NTP/UDP to internet",
            "from_port": 123,
            "id": "sgrule-5294147",
            "ipv6_cidr_blocks": null,
            "prefix_list_ids": [],
            "protocol": "udp",
            "security_group_id": "sg-0b59071b924e7ad75",
            "self": false,
            "source_security_group_id": null,
            "timeouts": null,
            "to_port": 123,
            "type": "egress"
          },
          "sensitive_attributes": [],
          "private": "eyJlMmJmYjczMC1lY2FhLTExZTYtOGY4OC0zNDM2M2JjN2M0YzAiOnsiY3JlYXRlIjozMDAwMDAwMDAwMDB9LCJzY2hlbWFfdmVyc2lvbiI6IjIifQ==",
          "dependencies": [
            "module.eks.aws_security_group.cluster",
            "module.eks.aws_security_group.node",
            "module.vpc.aws_vpc.this",
            "random_string.cluster_suffix"
          ],
          "create_before_destroy": true
        },
        {
          "index_key": "egress_self_coredns_tcp",
          "schema_version": 2,
          "attributes": {
            "cidr_blocks": null,
            "description": "Node to node CoreDNS",
            "from_port": 53,
            "id": "sgrule-335025813",
            "ipv6_cidr_blocks": null,
            "prefix_list_ids": [],
            "protocol": "tcp",
            "security_group_id": "sg-0b59071b924e7ad75",
            "self": true,
            "source_security_group_id": null,
            "timeouts": null,
            "to_port": 53,
            "type": "egress"
          },
          "sensitive_attributes": [],
          "private": "eyJlMmJmYjczMC1lY2FhLTExZTYtOGY4OC0zNDM2M2JjN2M0YzAiOnsiY3JlYXRlIjozMDAwMDAwMDAwMDB9LCJzY2hlbWFfdmVyc2lvbiI6IjIifQ==",
          "dependencies": [
            "module.eks.aws_security_group.cluster",
            "module.eks.aws_security_group.node",
            "module.vpc.aws_vpc.this",
            "random_string.cluster_suffix"
          ],
          "create_before_destroy": true
        },
        {
          "index_key": "egress_self_coredns_udp",
          "schema_version": 2,
          "attributes": {
            "cidr_blocks": null,
            "description": "Node to node CoreDNS",
            "from_port": 53,
            "id": "sgrule-2644481267",
            "ipv6_cidr_blocks": null,
            "prefix_list_ids": [],
            "protocol": "udp",
            "security_group_id": "sg-0b59071b924e7ad75",
            "self": true,
            "source_security_group_id": null,
            "timeouts": null,
            "to_port": 53,
            "type": "egress"
          },
          "sensitive_attributes": [],
          "private": "eyJlMmJmYjczMC1lY2FhLTExZTYtOGY4OC0zNDM2M2JjN2M0YzAiOnsiY3JlYXRlIjozMDAwMDAwMDAwMDB9LCJzY2hlbWFfdmVyc2lvbiI6IjIifQ==",
          "dependencies": [
            "module.eks.aws_security_group.cluster",
            "module.eks.aws_security_group.node",
            "module.vpc.aws_vpc.this",
            "random_string.cluster_suffix"
          ],
          "create_before_destroy": true
        },
        {
          "index_key": "ingress_cluster_443",
          "schema_version": 2,
          "attributes": {
            "cidr_blocks": null,
            "description": "Cluster API to node groups",
            "from_port": 443,
            "id": "sgrule-4252149243",
            "ipv6_cidr_blocks": null,
            "prefix_list_ids": [],
            "protocol": "tcp",
            "security_group_id": "sg-0b59071b924e7ad75",
            "self": false,
            "source_security_group_id": "sg-0e334161c946814b1",
            "timeouts": null,
            "to_port": 443,
            "type": "ingress"
          },
          "sensitive_attributes": [],
          "private": "eyJlMmJmYjczMC1lY2FhLTExZTYtOGY4OC0zNDM2M2JjN2M0YzAiOnsiY3JlYXRlIjozMDAwMDAwMDAwMDB9LCJzY2hlbWFfdmVyc2lvbiI6IjIifQ==",
          "dependencies": [
            "module.eks.aws_security_group.cluster",
            "module.eks.aws_security_group.node",
            "module.vpc.aws_vpc.this",
            "random_string.cluster_suffix"
          ],
          "create_before_destroy": true
        },
        {
          "index_key": "ingress_cluster_kubelet",
          "schema_version": 2,
          "attributes": {
            "cidr_blocks": null,
            "description": "Cluster API to node kubelets",
            "from_port": 10250,
            "id": "sgrule-3307250435",
            "ipv6_cidr_blocks": null,
            "prefix_list_ids": [],
            "protocol": "tcp",
            "security_group_id": "sg-0b59071b924e7ad75",
            "self": false,
            "source_security_group_id": "sg-0e334161c946814b1",
            "timeouts": null,
            "to_port": 10250,
            "type": "ingress"
          },
          "sensitive_attributes": [],
          "private": "eyJlMmJmYjczMC1lY2FhLTExZTYtOGY4OC0zNDM2M2JjN2M0YzAiOnsiY3JlYXRlIjozMDAwMDAwMDAwMDB9LCJzY2hlbWFfdmVyc2lvbiI6IjIifQ==",
          "dependencies": [
            "module.eks.aws_security_group.cluster",
            "module.eks.aws_security_group.node",
            "module.vpc.aws_vpc.this",
            "random_string.cluster_suffix"
          ],
          "create_before_destroy": true
        },
        {
          "index_key": "ingress_self_coredns_tcp",
          "schema_version": 2,
          "attributes": {
            "cidr_blocks": null,
            "description": "Node to node CoreDNS",
            "from_port": 53,
            "id": "sgrule-1416266222",
            "ipv6_cidr_blocks": null,
            "prefix_list_ids": [],
            "protocol": "tcp",
            "security_group_id": "sg-0b59071b924e7ad75",
            "self": true,
            "source_security_group_id": null,
            "timeouts": null,
            "to_port": 53,
            "type": "ingress"
          },
          "sensitive_attributes": [],
          "private": "eyJlMmJmYjczMC1lY2FhLTExZTYtOGY4OC0zNDM2M2JjN2M0YzAiOnsiY3JlYXRlIjozMDAwMDAwMDAwMDB9LCJzY2hlbWFfdmVyc2lvbiI6IjIifQ==",
          "dependencies": [
            "module.eks.aws_security_group.cluster",
            "module.eks.aws_security_group.node",
            "module.vpc.aws_vpc.this",
            "random_string.cluster_suffix"
          ],
          "create_before_destroy": true
        },
        {
          "index_key": "ingress_self_coredns_udp",
          "schema_version": 2,
          "attributes": {
            "cidr_blocks": null,
            "description": "Node to node CoreDNS",
            "from_port": 53,
            "id": "sgrule-4030013953",
            "ipv6_cidr_blocks": null,
            "prefix_list_ids": [],
            "protocol": "udp",
            "security_group_id": "sg-0b59071b924e7ad75",
            "self": true,
            "source_security_group_id": null,
            "timeouts": null,
            "to_port": 53,
            "type": "ingress"
          },
          "sensitive_attributes": [],
          "private": "eyJlMmJmYjczMC1lY2FhLTExZTYtOGY4OC0zNDM2M2JjN2M0YzAiOnsiY3JlYXRlIjozMDAwMDAwMDAwMDB9LCJzY2hlbWFfdmVyc2lvbiI6IjIifQ==",
          "dependencies": [
            "module.eks.aws_security_group.cluster",
            "module.eks.aws_security_group.node",
            "module.vpc.aws_vpc.this",
            "random_string.cluster_suffix"
          ],
          "create_before_destroy": true
        }
      ]
    },
    {
      "module": "module.eks",
      "mode": "managed",
      "type": "kubernetes_config_map_v1_data",
      "name": "aws_auth",
      "provider": "provider[\"registry.terraform.io/hashicorp/kubernetes\"]",
      "instances": [
        {
          "index_key": 0,
          "schema_version": 0,
          "attributes": {
            "data": {
              "mapAccounts": "- \"299641483789\"\n",
              "mapRoles": "- \"groups\":\n  - \"system:bootstrappers\"\n  - \"system:nodes\"\n  \"rolearn\": \"arn:aws:iam::299641483789:role/default_node_group-eks-node-group-20220822160809424300000001\"\n  \"username\": \"system:node:{{EC2PrivateDNSName}}\"\n- \"groups\":\n  - \"system:masters\"\n  \"rolearn\": \"arn:aws:iam::299641483789:role/AWSReservedSSO_AdministratorAccess_3927b2c3b8ca005c\"\n",
              "mapUsers": "- \"groups\":\n  - \"system:masters\"\n  \"userarn\": \"arn:aws:iam::299641483789:user/dockerkubernetesparticipant\"\n"
            },
            "force": true,
            "id": "kube-system/aws-auth",
            "metadata": [
              {
                "name": "aws-auth",
                "namespace": "kube-system"
              }
            ]
          },
          "sensitive_attributes": [],
          "private": "bnVsbA==",
          "dependencies": [
            "aws_iam_user.workshop_user",
            "data.aws_eks_cluster.cluster",
            "data.aws_eks_cluster_auth.cluster",
            "data.aws_subnets.private",
            "module.eks.aws_cloudwatch_log_group.this",
            "module.eks.aws_eks_cluster.this",
            "module.eks.aws_iam_role.this",
            "module.eks.aws_iam_role_policy_attachment.this",
            "module.eks.aws_security_group.cluster",
            "module.eks.aws_security_group.node",
            "module.eks.aws_security_group_rule.cluster",
            "module.eks.aws_security_group_rule.node",
            "module.eks.data.aws_caller_identity.current",
            "module.eks.data.aws_iam_policy_document.assume_role_policy",
            "module.eks.data.aws_partition.current",
            "module.eks.kubernetes_config_map.aws_auth",
            "module.eks.module.eks_managed_node_group.aws_eks_node_group.this",
            "module.eks.module.eks_managed_node_group.aws_iam_role.this",
            "module.eks.module.eks_managed_node_group.aws_iam_role_policy_attachment.this",
            "module.eks.module.eks_managed_node_group.aws_launch_template.this",
            "module.eks.module.eks_managed_node_group.aws_security_group.this",
            "module.eks.module.eks_managed_node_group.aws_security_group_rule.this",
            "module.eks.module.eks_managed_node_group.data.aws_caller_identity.current",
            "module.eks.module.eks_managed_node_group.data.aws_iam_policy_document.assume_role_policy",
            "module.eks.module.eks_managed_node_group.data.aws_partition.current",
            "module.eks.module.eks_managed_node_group.module.user_data.data.cloudinit_config.linux_eks_managed_node_group",
            "module.eks.module.fargate_profile.aws_eks_fargate_profile.this",
            "module.eks.module.fargate_profile.aws_iam_role.this",
            "module.eks.module.fargate_profile.aws_iam_role_policy_attachment.this",
            "module.eks.module.fargate_profile.data.aws_caller_identity.current",
            "module.eks.module.fargate_profile.data.aws_iam_policy_document.assume_role_policy",
            "module.eks.module.fargate_profile.data.aws_partition.current",
            "module.eks.module.kms.aws_kms_external_key.this",
            "module.eks.module.kms.aws_kms_key.this",
            "module.eks.module.kms.data.aws_caller_identity.current",
            "module.eks.module.kms.data.aws_iam_policy_document.this",
            "module.eks.module.kms.data.aws_partition.current",
            "module.eks.module.self_managed_node_group.aws_autoscaling_group.this",
            "module.eks.module.self_managed_node_group.aws_autoscaling_schedule.this",
            "module.eks.module.self_managed_node_group.aws_iam_instance_profile.this",
            "module.eks.module.self_managed_node_group.aws_iam_role.this",
            "module.eks.module.self_managed_node_group.aws_iam_role_policy_attachment.this",
            "module.eks.module.self_managed_node_group.aws_launch_template.this",
            "module.eks.module.self_managed_node_group.aws_security_group.this",
            "module.eks.module.self_managed_node_group.aws_security_group_rule.this",
            "module.eks.module.self_managed_node_group.data.aws_ami.eks_default",
            "module.eks.module.self_managed_node_group.data.aws_caller_identity.current",
            "module.eks.module.self_managed_node_group.data.aws_default_tags.current",
            "module.eks.module.self_managed_node_group.data.aws_iam_policy_document.assume_role_policy",
            "module.eks.module.self_managed_node_group.data.aws_partition.current",
            "module.eks.module.self_managed_node_group.module.user_data.data.cloudinit_config.linux_eks_managed_node_group",
            "module.vpc.aws_vpc.this",
            "random_string.cluster_suffix"
          ]
        }
      ]
    },
    {
      "module": "module.eks.module.eks_managed_node_group[\"default_node_group\"]",
      "mode": "data",
      "type": "aws_caller_identity",
      "name": "current",
      "provider": "provider[\"registry.terraform.io/hashicorp/aws\"]",
      "instances": [
        {
          "schema_version": 0,
          "attributes": {
            "account_id": "299641483789",
            "arn": "arn:aws:sts::299641483789:assumed-role/AWSReservedSSO_AdministratorAccess_3927b2c3b8ca005c/niels.claeys@dataminded.be",
            "id": "299641483789",
            "user_id": "AROAULRAGGIG6OJUH7R6U:niels.claeys@dataminded.be"
          },
          "sensitive_attributes": []
        }
      ]
    },
    {
      "module": "module.eks.module.eks_managed_node_group[\"default_node_group\"]",
      "mode": "data",
      "type": "aws_iam_policy_document",
      "name": "assume_role_policy",
      "provider": "provider[\"registry.terraform.io/hashicorp/aws\"]",
      "instances": [
        {
          "index_key": 0,
          "schema_version": 0,
          "attributes": {
            "id": "2560088296",
            "json": "{\n  \"Version\": \"2012-10-17\",\n  \"Statement\": [\n    {\n      \"Sid\": \"EKSNodeAssumeRole\",\n      \"Effect\": \"Allow\",\n      \"Action\": \"sts:AssumeRole\",\n      \"Principal\": {\n        \"Service\": \"ec2.amazonaws.com\"\n      }\n    }\n  ]\n}",
            "override_json": null,
            "override_policy_documents": null,
            "policy_id": null,
            "source_json": null,
            "source_policy_documents": null,
            "statement": [
              {
                "actions": [
                  "sts:AssumeRole"
                ],
                "condition": [],
                "effect": "Allow",
                "not_actions": [],
                "not_principals": [],
                "not_resources": [],
                "principals": [
                  {
                    "identifiers": [
                      "ec2.amazonaws.com"
                    ],
                    "type": "Service"
                  }
                ],
                "resources": [],
                "sid": "EKSNodeAssumeRole"
              }
            ],
            "version": "2012-10-17"
          },
          "sensitive_attributes": []
        }
      ]
    },
    {
      "module": "module.eks.module.eks_managed_node_group[\"default_node_group\"]",
      "mode": "data",
      "type": "aws_partition",
      "name": "current",
      "provider": "provider[\"registry.terraform.io/hashicorp/aws\"]",
      "instances": [
        {
          "schema_version": 0,
          "attributes": {
            "dns_suffix": "amazonaws.com",
            "id": "aws",
            "partition": "aws",
            "reverse_dns_prefix": "com.amazonaws"
          },
          "sensitive_attributes": []
        }
      ]
    },
    {
      "module": "module.eks.module.eks_managed_node_group[\"default_node_group\"]",
      "mode": "managed",
      "type": "aws_eks_node_group",
      "name": "this",
      "provider": "provider[\"registry.terraform.io/hashicorp/aws\"]",
      "instances": [
        {
          "index_key": 0,
          "schema_version": 0,
          "attributes": {
            "ami_type": "AL2_x86_64",
            "arn": "arn:aws:eks:eu-west-1:299641483789:nodegroup/docker-k8s-kJmwvT/default_node_group-20220822172607904000000001/66c1634b-8dff-2410-9eba-8e290ab671e2",
            "capacity_type": "ON_DEMAND",
            "cluster_name": "docker-k8s-kJmwvT",
            "disk_size": 0,
            "force_update_version": null,
            "id": "docker-k8s-kJmwvT:default_node_group-20220822172607904000000001",
            "instance_types": [
              "t3.large"
            ],
            "labels": {},
            "launch_template": [
              {
                "id": "lt-065c0f02095be2ed4",
                "name": "default_node_group-20220822163053396100000001",
                "version": "1"
              }
            ],
            "node_group_name": "default_node_group-20220822172607904000000001",
            "node_group_name_prefix": "default_node_group-",
            "node_role_arn": "arn:aws:iam::299641483789:role/default_node_group-eks-node-group-20220822160809424300000001",
            "release_version": "1.22.12-20220811",
            "remote_access": [],
            "resources": [
              {
                "autoscaling_groups": [
                  {
                    "name": "eks-default_node_group-20220822172607904000000001-66c1634b-8dff-2410-9eba-8e290ab671e2"
                  }
                ],
                "remote_access_security_group_id": ""
              }
            ],
            "scaling_config": [
              {
                "desired_size": 0,
                "max_size": 2,
                "min_size": 2
              }
            ],
            "status": "ACTIVE",
            "subnet_ids": [
              "subnet-008427ff27aa84bfa",
              "subnet-0903c713bb09acd6d",
              "subnet-0a0b81a50061a06a2"
            ],
            "tags": {
              "Name": "default_node_group",
              "Terraform": "true"
            },
            "tags_all": {
              "Name": "default_node_group",
              "Terraform": "true",
              "course": "Docker and Kubernetes"
            },
            "taint": [],
            "timeouts": {
              "create": null,
              "delete": null,
              "update": null
            },
            "update_config": [
              {
                "max_unavailable": 1,
                "max_unavailable_percentage": 0
              }
            ],
            "version": "1.22"
          },
          "sensitive_attributes": [],
          "private": "eyJlMmJmYjczMC1lY2FhLTExZTYtOGY4OC0zNDM2M2JjN2M0YzAiOnsiY3JlYXRlIjozNjAwMDAwMDAwMDAwLCJkZWxldGUiOjM2MDAwMDAwMDAwMDAsInVwZGF0ZSI6MzYwMDAwMDAwMDAwMH19",
          "dependencies": [
            "data.aws_subnets.private",
            "module.eks.aws_eks_cluster.this",
            "module.eks.module.eks_managed_node_group.aws_iam_role.this",
            "module.eks.module.eks_managed_node_group.aws_launch_template.this"
          ],
          "create_before_destroy": true
        }
      ]
    },
    {
      "module": "module.eks.module.eks_managed_node_group[\"default_node_group\"]",
      "mode": "managed",
      "type": "aws_iam_role",
      "name": "this",
      "provider": "provider[\"registry.terraform.io/hashicorp/aws\"]",
      "instances": [
        {
          "index_key": 0,
          "schema_version": 0,
          "attributes": {
            "arn": "arn:aws:iam::299641483789:role/default_node_group-eks-node-group-20220822160809424300000001",
            "assume_role_policy": "{\"Statement\":[{\"Action\":\"sts:AssumeRole\",\"Effect\":\"Allow\",\"Principal\":{\"Service\":\"ec2.amazonaws.com\"},\"Sid\":\"EKSNodeAssumeRole\"}],\"Version\":\"2012-10-17\"}",
            "create_date": "2022-08-22T16:08:09Z",
            "description": "EKS managed node group IAM role",
            "force_detach_policies": true,
            "id": "default_node_group-eks-node-group-20220822160809424300000001",
            "inline_policy": [],
            "managed_policy_arns": [
              "arn:aws:iam::aws:policy/AmazonEC2ContainerRegistryReadOnly",
              "arn:aws:iam::aws:policy/AmazonEKSWorkerNodePolicy",
              "arn:aws:iam::aws:policy/AmazonEKS_CNI_Policy"
            ],
            "max_session_duration": 3600,
            "name": "default_node_group-eks-node-group-20220822160809424300000001",
            "name_prefix": "default_node_group-eks-node-group-",
            "path": "/",
            "permissions_boundary": null,
            "tags": {
              "Terraform": "true"
            },
            "tags_all": {
              "Terraform": "true",
              "course": "Docker and Kubernetes"
            },
            "unique_id": "AROAULRAGGIGUXSOR5IOE"
          },
          "sensitive_attributes": [],
          "private": "bnVsbA==",
          "dependencies": [
            "module.eks.module.eks_managed_node_group.data.aws_iam_policy_document.assume_role_policy",
            "module.eks.module.eks_managed_node_group.data.aws_partition.current"
          ],
          "create_before_destroy": true
        }
      ]
    },
    {
      "module": "module.eks.module.eks_managed_node_group[\"default_node_group\"]",
      "mode": "managed",
      "type": "aws_iam_role_policy_attachment",
      "name": "this",
      "provider": "provider[\"registry.terraform.io/hashicorp/aws\"]",
      "instances": [
        {
          "index_key": "arn:aws:iam::aws:policy/AmazonEC2ContainerRegistryReadOnly",
          "schema_version": 0,
          "attributes": {
            "id": "default_node_group-eks-node-group-20220822160809424300000001-20220822160811073600000007",
            "policy_arn": "arn:aws:iam::aws:policy/AmazonEC2ContainerRegistryReadOnly",
            "role": "default_node_group-eks-node-group-20220822160809424300000001"
          },
          "sensitive_attributes": [],
          "private": "bnVsbA==",
          "dependencies": [
            "module.eks.module.eks_managed_node_group.aws_iam_role.this",
            "module.eks.module.eks_managed_node_group.data.aws_caller_identity.current",
            "module.eks.module.eks_managed_node_group.data.aws_iam_policy_document.assume_role_policy",
            "module.eks.module.eks_managed_node_group.data.aws_partition.current"
          ],
          "create_before_destroy": true
        },
        {
          "index_key": "arn:aws:iam::aws:policy/AmazonEKSWorkerNodePolicy",
          "schema_version": 0,
          "attributes": {
            "id": "default_node_group-eks-node-group-20220822160809424300000001-20220822160811068400000006",
            "policy_arn": "arn:aws:iam::aws:policy/AmazonEKSWorkerNodePolicy",
            "role": "default_node_group-eks-node-group-20220822160809424300000001"
          },
          "sensitive_attributes": [],
          "private": "bnVsbA==",
          "dependencies": [
            "module.eks.module.eks_managed_node_group.aws_iam_role.this",
            "module.eks.module.eks_managed_node_group.data.aws_caller_identity.current",
            "module.eks.module.eks_managed_node_group.data.aws_iam_policy_document.assume_role_policy",
            "module.eks.module.eks_managed_node_group.data.aws_partition.current"
          ],
          "create_before_destroy": true
        },
        {
          "index_key": "arn:aws:iam::aws:policy/AmazonEKS_CNI_Policy",
          "schema_version": 0,
          "attributes": {
            "id": "default_node_group-eks-node-group-20220822160809424300000001-20220822160811086300000008",
            "policy_arn": "arn:aws:iam::aws:policy/AmazonEKS_CNI_Policy",
            "role": "default_node_group-eks-node-group-20220822160809424300000001"
          },
          "sensitive_attributes": [],
          "private": "bnVsbA==",
          "dependencies": [
            "module.eks.module.eks_managed_node_group.aws_iam_role.this",
            "module.eks.module.eks_managed_node_group.data.aws_caller_identity.current",
            "module.eks.module.eks_managed_node_group.data.aws_iam_policy_document.assume_role_policy",
            "module.eks.module.eks_managed_node_group.data.aws_partition.current"
          ],
          "create_before_destroy": true
        }
      ]
    },
    {
      "module": "module.eks.module.eks_managed_node_group[\"default_node_group\"]",
      "mode": "managed",
      "type": "aws_launch_template",
      "name": "this",
      "provider": "provider[\"registry.terraform.io/hashicorp/aws\"]",
      "instances": [
        {
          "index_key": 0,
          "schema_version": 0,
          "attributes": {
            "arn": "arn:aws:ec2:eu-west-1:299641483789:launch-template/lt-065c0f02095be2ed4",
            "block_device_mappings": [],
            "capacity_reservation_specification": [],
            "cpu_options": [],
            "credit_specification": [],
            "default_version": 1,
            "description": "Custom launch template for default_node_group EKS managed node group",
            "disable_api_stop": false,
            "disable_api_termination": false,
            "ebs_optimized": "",
            "elastic_gpu_specifications": [],
            "elastic_inference_accelerator": [],
            "enclave_options": [],
            "hibernation_options": [],
            "iam_instance_profile": [],
            "id": "lt-065c0f02095be2ed4",
            "image_id": "",
            "instance_initiated_shutdown_behavior": "",
            "instance_market_options": [],
            "instance_requirements": [],
            "instance_type": "",
            "kernel_id": "",
            "key_name": "",
            "latest_version": 1,
            "license_specification": [],
            "maintenance_options": [],
            "metadata_options": [
              {
                "http_endpoint": "enabled",
                "http_protocol_ipv6": "disabled",
                "http_put_response_hop_limit": 2,
                "http_tokens": "required",
                "instance_metadata_tags": "disabled"
              }
            ],
            "monitoring": [
              {
                "enabled": true
              }
            ],
            "name": "default_node_group-20220822163053396100000001",
            "name_prefix": "default_node_group-",
            "network_interfaces": [],
            "placement": [],
            "private_dns_name_options": [],
            "ram_disk_id": "",
            "security_group_names": [],
            "tag_specifications": [
              {
                "resource_type": "instance",
                "tags": {
                  "Name": "default_node_group",
                  "Terraform": "true"
                }
              },
              {
                "resource_type": "network-interface",
                "tags": {
                  "Name": "default_node_group",
                  "Terraform": "true"
                }
              },
              {
                "resource_type": "volume",
                "tags": {
                  "Name": "default_node_group",
                  "Terraform": "true"
                }
              }
            ],
            "tags": {
              "Terraform": "true"
            },
            "tags_all": {
              "Terraform": "true",
              "course": "Docker and Kubernetes"
            },
            "update_default_version": true,
            "user_data": "",
            "vpc_security_group_ids": [
              "sg-09ac1eb3a27ef80b2",
              "sg-0b59071b924e7ad75"
            ]
          },
          "sensitive_attributes": [],
          "private": "bnVsbA==",
          "dependencies": [
            "data.aws_subnets.private",
            "module.eks.aws_cloudwatch_log_group.this",
            "module.eks.aws_eks_cluster.this",
            "module.eks.aws_iam_role.this",
            "module.eks.aws_iam_role_policy_attachment.this",
            "module.eks.aws_security_group.cluster",
            "module.eks.aws_security_group.node",
            "module.eks.aws_security_group_rule.cluster",
            "module.eks.aws_security_group_rule.node",
            "module.eks.data.aws_caller_identity.current",
            "module.eks.data.aws_iam_policy_document.assume_role_policy",
            "module.eks.data.aws_partition.current",
            "module.eks.module.eks_managed_node_group.aws_iam_role.this",
            "module.eks.module.eks_managed_node_group.aws_iam_role_policy_attachment.this",
            "module.eks.module.eks_managed_node_group.aws_security_group.this",
            "module.eks.module.eks_managed_node_group.aws_security_group_rule.this",
            "module.eks.module.eks_managed_node_group.data.aws_caller_identity.current",
            "module.eks.module.eks_managed_node_group.data.aws_iam_policy_document.assume_role_policy",
            "module.eks.module.eks_managed_node_group.data.aws_partition.current",
            "module.eks.module.eks_managed_node_group.module.user_data.data.cloudinit_config.linux_eks_managed_node_group",
            "module.eks.module.kms.aws_kms_external_key.this",
            "module.eks.module.kms.aws_kms_key.this",
            "module.eks.module.kms.data.aws_caller_identity.current",
            "module.eks.module.kms.data.aws_iam_policy_document.this",
            "module.eks.module.kms.data.aws_partition.current",
            "module.vpc.aws_vpc.this",
            "random_string.cluster_suffix"
          ],
          "create_before_destroy": true
        }
      ]
    },
    {
      "module": "module.eks.module.eks_managed_node_group[\"default_node_group\"]",
      "mode": "managed",
      "type": "aws_security_group",
      "name": "this",
      "provider": "provider[\"registry.terraform.io/hashicorp/aws\"]",
      "instances": [
        {
          "index_key": 0,
          "schema_version": 1,
          "attributes": {
            "arn": "arn:aws:ec2:eu-west-1:299641483789:security-group/sg-09ac1eb3a27ef80b2",
            "description": "EKS managed node group security group",
            "egress": [],
            "id": "sg-09ac1eb3a27ef80b2",
            "ingress": [],
            "name": "default_node_group-eks-node-group-2022082216082172870000000d",
            "name_prefix": "default_node_group-eks-node-group-",
            "owner_id": "299641483789",
            "revoke_rules_on_delete": false,
            "tags": {
              "Name": "default_node_group-eks-node-group",
              "Terraform": "true"
            },
            "tags_all": {
              "Name": "default_node_group-eks-node-group",
              "Terraform": "true",
              "course": "Docker and Kubernetes"
            },
            "timeouts": null,
            "vpc_id": "vpc-07864b2ec9fdca89b"
          },
          "sensitive_attributes": [],
          "private": "eyJlMmJmYjczMC1lY2FhLTExZTYtOGY4OC0zNDM2M2JjN2M0YzAiOnsiY3JlYXRlIjo2MDAwMDAwMDAwMDAsImRlbGV0ZSI6OTAwMDAwMDAwMDAwfSwic2NoZW1hX3ZlcnNpb24iOiIxIn0=",
          "dependencies": [
            "module.vpc.aws_vpc.this",
            "random_string.cluster_suffix"
          ],
          "create_before_destroy": true
        }
      ]
    },
    {
      "module": "module.eks.module.kms",
      "mode": "data",
      "type": "aws_caller_identity",
      "name": "current",
      "provider": "provider[\"registry.terraform.io/hashicorp/aws\"]",
      "instances": [
        {
          "schema_version": 0,
          "attributes": {
            "account_id": "299641483789",
            "arn": "arn:aws:sts::299641483789:assumed-role/AWSReservedSSO_AdministratorAccess_3927b2c3b8ca005c/niels.claeys@dataminded.be",
            "id": "299641483789",
            "user_id": "AROAULRAGGIG6OJUH7R6U:niels.claeys@dataminded.be"
          },
          "sensitive_attributes": []
        }
      ]
    },
    {
      "module": "module.eks.module.kms",
      "mode": "data",
      "type": "aws_partition",
      "name": "current",
      "provider": "provider[\"registry.terraform.io/hashicorp/aws\"]",
      "instances": [
        {
          "schema_version": 0,
          "attributes": {
            "dns_suffix": "amazonaws.com",
            "id": "aws",
            "partition": "aws",
            "reverse_dns_prefix": "com.amazonaws"
          },
          "sensitive_attributes": []
        }
      ]
    },
    {
      "module": "module.vpc",
      "mode": "managed",
      "type": "aws_eip",
      "name": "nat",
      "provider": "provider[\"registry.terraform.io/hashicorp/aws\"]",
      "instances": [
        {
          "index_key": 0,
          "schema_version": 0,
          "attributes": {
            "address": null,
            "allocation_id": "eipalloc-06af260da25add0e8",
            "associate_with_private_ip": null,
            "association_id": "eipassoc-0f68a5f000678a814",
            "carrier_ip": "",
            "customer_owned_ip": "",
            "customer_owned_ipv4_pool": "",
            "domain": "vpc",
            "id": "eipalloc-06af260da25add0e8",
            "instance": "",
            "network_border_group": "eu-west-1",
            "network_interface": "eni-0a44fc5cc19929cc4",
            "private_dns": "ip-10-2-1-195.eu-west-1.compute.internal",
            "private_ip": "10.2.1.195",
            "public_dns": "ec2-34-250-213-125.eu-west-1.compute.amazonaws.com",
            "public_ip": "34.250.213.125",
            "public_ipv4_pool": "amazon",
            "tags": {
              "Name": "docker-k8s-vpc-eu-west-1a",
              "kubernetes.io/cluster/docker-k8s-kJmwvT": "shared"
            },
            "tags_all": {
              "Name": "docker-k8s-vpc-eu-west-1a",
              "course": "Docker and Kubernetes",
              "kubernetes.io/cluster/docker-k8s-kJmwvT": "shared"
            },
            "timeouts": null,
            "vpc": true
          },
          "sensitive_attributes": [],
          "private": "eyJlMmJmYjczMC1lY2FhLTExZTYtOGY4OC0zNDM2M2JjN2M0YzAiOnsiZGVsZXRlIjoxODAwMDAwMDAwMDAsInJlYWQiOjkwMDAwMDAwMDAwMCwidXBkYXRlIjozMDAwMDAwMDAwMDB9fQ==",
          "dependencies": [
            "data.aws_availability_zones.available",
            "random_string.cluster_suffix"
          ]
        }
      ]
    },
    {
      "module": "module.vpc",
      "mode": "managed",
      "type": "aws_internet_gateway",
      "name": "this",
      "provider": "provider[\"registry.terraform.io/hashicorp/aws\"]",
      "instances": [
        {
          "index_key": 0,
          "schema_version": 0,
          "attributes": {
            "arn": "arn:aws:ec2:eu-west-1:299641483789:internet-gateway/igw-01d71e0e8016ed4af",
            "id": "igw-01d71e0e8016ed4af",
            "owner_id": "299641483789",
            "tags": {
              "Name": "docker-k8s-vpc",
              "kubernetes.io/cluster/docker-k8s-kJmwvT": "shared"
            },
            "tags_all": {
              "Name": "docker-k8s-vpc",
              "course": "Docker and Kubernetes",
              "kubernetes.io/cluster/docker-k8s-kJmwvT": "shared"
            },
            "timeouts": null,
            "vpc_id": "vpc-07864b2ec9fdca89b"
          },
          "sensitive_attributes": [],
          "private": "eyJlMmJmYjczMC1lY2FhLTExZTYtOGY4OC0zNDM2M2JjN2M0YzAiOnsiY3JlYXRlIjoxMjAwMDAwMDAwMDAwLCJkZWxldGUiOjEyMDAwMDAwMDAwMDAsInVwZGF0ZSI6MTIwMDAwMDAwMDAwMH19",
          "dependencies": [
            "module.vpc.aws_vpc.this",
            "module.vpc.aws_vpc_ipv4_cidr_block_association.this",
            "random_string.cluster_suffix"
          ]
        }
      ]
    },
    {
      "module": "module.vpc",
      "mode": "managed",
      "type": "aws_nat_gateway",
      "name": "this",
      "provider": "provider[\"registry.terraform.io/hashicorp/aws\"]",
      "instances": [
        {
          "index_key": 0,
          "schema_version": 0,
          "attributes": {
            "allocation_id": "eipalloc-06af260da25add0e8",
            "connectivity_type": "public",
            "id": "nat-07e2a65c8283cac67",
            "network_interface_id": "eni-0a44fc5cc19929cc4",
            "private_ip": "10.2.1.195",
            "public_ip": "34.250.213.125",
            "subnet_id": "subnet-0c0adabc2a0b46096",
            "tags": {
              "Name": "docker-k8s-vpc-eu-west-1a",
              "kubernetes.io/cluster/docker-k8s-kJmwvT": "shared"
            },
            "tags_all": {
              "Name": "docker-k8s-vpc-eu-west-1a",
              "course": "Docker and Kubernetes",
              "kubernetes.io/cluster/docker-k8s-kJmwvT": "shared"
            }
          },
          "sensitive_attributes": [],
          "private": "bnVsbA==",
          "dependencies": [
            "data.aws_availability_zones.available",
            "module.vpc.aws_eip.nat",
            "module.vpc.aws_internet_gateway.this",
            "module.vpc.aws_subnet.public",
            "module.vpc.aws_vpc.this",
            "module.vpc.aws_vpc_ipv4_cidr_block_association.this",
            "random_string.cluster_suffix"
          ]
        }
      ]
    },
    {
      "module": "module.vpc",
      "mode": "managed",
      "type": "aws_route",
      "name": "private_nat_gateway",
      "provider": "provider[\"registry.terraform.io/hashicorp/aws\"]",
      "instances": [
        {
          "index_key": 0,
          "schema_version": 0,
          "attributes": {
            "carrier_gateway_id": "",
            "core_network_arn": "",
            "destination_cidr_block": "0.0.0.0/0",
            "destination_ipv6_cidr_block": "",
            "destination_prefix_list_id": "",
            "egress_only_gateway_id": "",
            "gateway_id": "",
            "id": "r-rtb-05ad955b5ef90505d1080289494",
            "instance_id": "",
            "instance_owner_id": "",
            "local_gateway_id": "",
            "nat_gateway_id": "nat-07e2a65c8283cac67",
            "network_interface_id": "",
            "origin": "CreateRoute",
            "route_table_id": "rtb-05ad955b5ef90505d",
            "state": "active",
            "timeouts": {
              "create": "5m",
              "delete": null,
              "update": null
            },
            "transit_gateway_id": "",
            "vpc_endpoint_id": "",
            "vpc_peering_connection_id": ""
          },
          "sensitive_attributes": [],
          "private": "eyJlMmJmYjczMC1lY2FhLTExZTYtOGY4OC0zNDM2M2JjN2M0YzAiOnsiY3JlYXRlIjozMDAwMDAwMDAwMDAsImRlbGV0ZSI6MzAwMDAwMDAwMDAwLCJ1cGRhdGUiOjEyMDAwMDAwMDAwMH19",
          "dependencies": [
            "data.aws_availability_zones.available",
            "module.vpc.aws_eip.nat",
            "module.vpc.aws_internet_gateway.this",
            "module.vpc.aws_nat_gateway.this",
            "module.vpc.aws_route_table.private",
            "module.vpc.aws_subnet.public",
            "module.vpc.aws_vpc.this",
            "module.vpc.aws_vpc_ipv4_cidr_block_association.this",
            "random_string.cluster_suffix"
          ]
        }
      ]
    },
    {
      "module": "module.vpc",
      "mode": "managed",
      "type": "aws_route",
      "name": "public_internet_gateway",
      "provider": "provider[\"registry.terraform.io/hashicorp/aws\"]",
      "instances": [
        {
          "index_key": 0,
          "schema_version": 0,
          "attributes": {
            "carrier_gateway_id": "",
            "core_network_arn": "",
            "destination_cidr_block": "0.0.0.0/0",
            "destination_ipv6_cidr_block": "",
            "destination_prefix_list_id": "",
            "egress_only_gateway_id": "",
            "gateway_id": "igw-01d71e0e8016ed4af",
            "id": "r-rtb-09d2d387a397ac8d41080289494",
            "instance_id": "",
            "instance_owner_id": "",
            "local_gateway_id": "",
            "nat_gateway_id": "",
            "network_interface_id": "",
            "origin": "CreateRoute",
            "route_table_id": "rtb-09d2d387a397ac8d4",
            "state": "active",
            "timeouts": {
              "create": "5m",
              "delete": null,
              "update": null
            },
            "transit_gateway_id": "",
            "vpc_endpoint_id": "",
            "vpc_peering_connection_id": ""
          },
          "sensitive_attributes": [],
          "private": "eyJlMmJmYjczMC1lY2FhLTExZTYtOGY4OC0zNDM2M2JjN2M0YzAiOnsiY3JlYXRlIjozMDAwMDAwMDAwMDAsImRlbGV0ZSI6MzAwMDAwMDAwMDAwLCJ1cGRhdGUiOjEyMDAwMDAwMDAwMH19",
          "dependencies": [
            "module.vpc.aws_internet_gateway.this",
            "module.vpc.aws_route_table.public",
            "module.vpc.aws_vpc.this",
            "module.vpc.aws_vpc_ipv4_cidr_block_association.this",
            "random_string.cluster_suffix"
          ]
        }
      ]
    },
    {
      "module": "module.vpc",
      "mode": "managed",
      "type": "aws_route_table",
      "name": "private",
      "provider": "provider[\"registry.terraform.io/hashicorp/aws\"]",
      "instances": [
        {
          "index_key": 0,
          "schema_version": 0,
          "attributes": {
            "arn": "arn:aws:ec2:eu-west-1:299641483789:route-table/rtb-05ad955b5ef90505d",
            "id": "rtb-05ad955b5ef90505d",
            "owner_id": "299641483789",
            "propagating_vgws": [],
            "route": [
              {
                "carrier_gateway_id": "",
                "cidr_block": "0.0.0.0/0",
                "core_network_arn": "",
                "destination_prefix_list_id": "",
                "egress_only_gateway_id": "",
                "gateway_id": "",
                "instance_id": "",
                "ipv6_cidr_block": "",
                "local_gateway_id": "",
                "nat_gateway_id": "nat-07e2a65c8283cac67",
                "network_interface_id": "",
                "transit_gateway_id": "",
                "vpc_endpoint_id": "",
                "vpc_peering_connection_id": ""
              }
            ],
            "tags": {
              "Name": "docker-k8s-vpc-private",
              "kubernetes.io/cluster/docker-k8s-kJmwvT": "shared"
            },
            "tags_all": {
              "Name": "docker-k8s-vpc-private",
              "course": "Docker and Kubernetes",
              "kubernetes.io/cluster/docker-k8s-kJmwvT": "shared"
            },
            "timeouts": null,
            "vpc_id": "vpc-07864b2ec9fdca89b"
          },
          "sensitive_attributes": [],
          "private": "eyJlMmJmYjczMC1lY2FhLTExZTYtOGY4OC0zNDM2M2JjN2M0YzAiOnsiY3JlYXRlIjozMDAwMDAwMDAwMDAsImRlbGV0ZSI6MzAwMDAwMDAwMDAwLCJ1cGRhdGUiOjEyMDAwMDAwMDAwMH19",
          "dependencies": [
            "data.aws_availability_zones.available",
            "module.vpc.aws_vpc.this",
            "module.vpc.aws_vpc_ipv4_cidr_block_association.this",
            "random_string.cluster_suffix"
          ]
        }
      ]
    },
    {
      "module": "module.vpc",
      "mode": "managed",
      "type": "aws_route_table",
      "name": "public",
      "provider": "provider[\"registry.terraform.io/hashicorp/aws\"]",
      "instances": [
        {
          "index_key": 0,
          "schema_version": 0,
          "attributes": {
            "arn": "arn:aws:ec2:eu-west-1:299641483789:route-table/rtb-09d2d387a397ac8d4",
            "id": "rtb-09d2d387a397ac8d4",
            "owner_id": "299641483789",
            "propagating_vgws": [],
            "route": [
              {
                "carrier_gateway_id": "",
                "cidr_block": "0.0.0.0/0",
                "core_network_arn": "",
                "destination_prefix_list_id": "",
                "egress_only_gateway_id": "",
                "gateway_id": "igw-01d71e0e8016ed4af",
                "instance_id": "",
                "ipv6_cidr_block": "",
                "local_gateway_id": "",
                "nat_gateway_id": "",
                "network_interface_id": "",
                "transit_gateway_id": "",
                "vpc_endpoint_id": "",
                "vpc_peering_connection_id": ""
              }
            ],
            "tags": {
              "Name": "docker-k8s-vpc-public",
              "kubernetes.io/cluster/docker-k8s-kJmwvT": "shared"
            },
            "tags_all": {
              "Name": "docker-k8s-vpc-public",
              "course": "Docker and Kubernetes",
              "kubernetes.io/cluster/docker-k8s-kJmwvT": "shared"
            },
            "timeouts": null,
            "vpc_id": "vpc-07864b2ec9fdca89b"
          },
          "sensitive_attributes": [],
          "private": "eyJlMmJmYjczMC1lY2FhLTExZTYtOGY4OC0zNDM2M2JjN2M0YzAiOnsiY3JlYXRlIjozMDAwMDAwMDAwMDAsImRlbGV0ZSI6MzAwMDAwMDAwMDAwLCJ1cGRhdGUiOjEyMDAwMDAwMDAwMH19",
          "dependencies": [
            "module.vpc.aws_vpc.this",
            "module.vpc.aws_vpc_ipv4_cidr_block_association.this",
            "random_string.cluster_suffix"
          ]
        }
      ]
    },
    {
      "module": "module.vpc",
      "mode": "managed",
      "type": "aws_route_table_association",
      "name": "private",
      "provider": "provider[\"registry.terraform.io/hashicorp/aws\"]",
      "instances": [
        {
          "index_key": 0,
          "schema_version": 0,
          "attributes": {
            "gateway_id": "",
            "id": "rtbassoc-059b5ff818f5c3668",
            "route_table_id": "rtb-05ad955b5ef90505d",
            "subnet_id": "subnet-0a0b81a50061a06a2"
          },
          "sensitive_attributes": [],
          "private": "bnVsbA==",
          "dependencies": [
            "data.aws_availability_zones.available",
            "module.vpc.aws_route_table.private",
            "module.vpc.aws_subnet.private",
            "module.vpc.aws_vpc.this",
            "module.vpc.aws_vpc_ipv4_cidr_block_association.this",
            "random_string.cluster_suffix"
          ]
        },
        {
          "index_key": 1,
          "schema_version": 0,
          "attributes": {
            "gateway_id": "",
            "id": "rtbassoc-09f5fac2e2cc35bad",
            "route_table_id": "rtb-05ad955b5ef90505d",
            "subnet_id": "subnet-0903c713bb09acd6d"
          },
          "sensitive_attributes": [],
          "private": "bnVsbA==",
          "dependencies": [
            "data.aws_availability_zones.available",
            "module.vpc.aws_route_table.private",
            "module.vpc.aws_subnet.private",
            "module.vpc.aws_vpc.this",
            "module.vpc.aws_vpc_ipv4_cidr_block_association.this",
            "random_string.cluster_suffix"
          ]
        },
        {
          "index_key": 2,
          "schema_version": 0,
          "attributes": {
            "gateway_id": "",
            "id": "rtbassoc-0ce16b31e813f644a",
            "route_table_id": "rtb-05ad955b5ef90505d",
            "subnet_id": "subnet-008427ff27aa84bfa"
          },
          "sensitive_attributes": [],
          "private": "bnVsbA==",
          "dependencies": [
            "data.aws_availability_zones.available",
            "module.vpc.aws_route_table.private",
            "module.vpc.aws_subnet.private",
            "module.vpc.aws_vpc.this",
            "module.vpc.aws_vpc_ipv4_cidr_block_association.this",
            "random_string.cluster_suffix"
          ]
        }
      ]
    },
    {
      "module": "module.vpc",
      "mode": "managed",
      "type": "aws_route_table_association",
      "name": "public",
      "provider": "provider[\"registry.terraform.io/hashicorp/aws\"]",
      "instances": [
        {
          "index_key": 0,
          "schema_version": 0,
          "attributes": {
            "gateway_id": "",
            "id": "rtbassoc-01a09f054207c17a0",
            "route_table_id": "rtb-09d2d387a397ac8d4",
            "subnet_id": "subnet-0c0adabc2a0b46096"
          },
          "sensitive_attributes": [],
          "private": "bnVsbA==",
          "dependencies": [
            "data.aws_availability_zones.available",
            "module.vpc.aws_route_table.public",
            "module.vpc.aws_subnet.public",
            "module.vpc.aws_vpc.this",
            "module.vpc.aws_vpc_ipv4_cidr_block_association.this",
            "random_string.cluster_suffix"
          ]
        },
        {
          "index_key": 1,
          "schema_version": 0,
          "attributes": {
            "gateway_id": "",
            "id": "rtbassoc-0aaae8a1eb1351eae",
            "route_table_id": "rtb-09d2d387a397ac8d4",
            "subnet_id": "subnet-0945abdb6b89beac5"
          },
          "sensitive_attributes": [],
          "private": "bnVsbA==",
          "dependencies": [
            "data.aws_availability_zones.available",
            "module.vpc.aws_route_table.public",
            "module.vpc.aws_subnet.public",
            "module.vpc.aws_vpc.this",
            "module.vpc.aws_vpc_ipv4_cidr_block_association.this",
            "random_string.cluster_suffix"
          ]
        },
        {
          "index_key": 2,
          "schema_version": 0,
          "attributes": {
            "gateway_id": "",
            "id": "rtbassoc-0173a129b028c35cb",
            "route_table_id": "rtb-09d2d387a397ac8d4",
            "subnet_id": "subnet-0282a9c8d45813ed7"
          },
          "sensitive_attributes": [],
          "private": "bnVsbA==",
          "dependencies": [
            "data.aws_availability_zones.available",
            "module.vpc.aws_route_table.public",
            "module.vpc.aws_subnet.public",
            "module.vpc.aws_vpc.this",
            "module.vpc.aws_vpc_ipv4_cidr_block_association.this",
            "random_string.cluster_suffix"
          ]
        }
      ]
    },
    {
      "module": "module.vpc",
      "mode": "managed",
      "type": "aws_subnet",
      "name": "private",
      "provider": "provider[\"registry.terraform.io/hashicorp/aws\"]",
      "instances": [
        {
          "index_key": 0,
          "schema_version": 1,
          "attributes": {
            "arn": "arn:aws:ec2:eu-west-1:299641483789:subnet/subnet-0a0b81a50061a06a2",
            "assign_ipv6_address_on_creation": false,
            "availability_zone": "eu-west-1a",
            "availability_zone_id": "euw1-az1",
            "cidr_block": "10.2.128.0/20",
            "customer_owned_ipv4_pool": "",
            "enable_dns64": false,
            "enable_resource_name_dns_a_record_on_launch": false,
            "enable_resource_name_dns_aaaa_record_on_launch": false,
            "id": "subnet-0a0b81a50061a06a2",
            "ipv6_cidr_block": "",
            "ipv6_cidr_block_association_id": "",
            "ipv6_native": false,
            "map_customer_owned_ip_on_launch": false,
            "map_public_ip_on_launch": false,
            "outpost_arn": "",
            "owner_id": "299641483789",
            "private_dns_hostname_type_on_launch": "ip-name",
            "tags": {
              "Name": "docker-k8s-vpc-private-eu-west-1a",
              "kubernetes.io/cluster/docker-k8s-kJmwvT": "shared",
              "tier": "private"
            },
            "tags_all": {
              "Name": "docker-k8s-vpc-private-eu-west-1a",
              "course": "Docker and Kubernetes",
              "kubernetes.io/cluster/docker-k8s-kJmwvT": "shared",
              "tier": "private"
            },
            "timeouts": null,
            "vpc_id": "vpc-07864b2ec9fdca89b"
          },
          "sensitive_attributes": [],
          "private": "eyJlMmJmYjczMC1lY2FhLTExZTYtOGY4OC0zNDM2M2JjN2M0YzAiOnsiY3JlYXRlIjo2MDAwMDAwMDAwMDAsImRlbGV0ZSI6MTIwMDAwMDAwMDAwMH0sInNjaGVtYV92ZXJzaW9uIjoiMSJ9",
          "dependencies": [
            "data.aws_availability_zones.available",
            "module.vpc.aws_vpc.this",
            "module.vpc.aws_vpc_ipv4_cidr_block_association.this",
            "random_string.cluster_suffix"
          ]
        },
        {
          "index_key": 1,
          "schema_version": 1,
          "attributes": {
            "arn": "arn:aws:ec2:eu-west-1:299641483789:subnet/subnet-0903c713bb09acd6d",
            "assign_ipv6_address_on_creation": false,
            "availability_zone": "eu-west-1b",
            "availability_zone_id": "euw1-az2",
            "cidr_block": "10.2.144.0/20",
            "customer_owned_ipv4_pool": "",
            "enable_dns64": false,
            "enable_resource_name_dns_a_record_on_launch": false,
            "enable_resource_name_dns_aaaa_record_on_launch": false,
            "id": "subnet-0903c713bb09acd6d",
            "ipv6_cidr_block": "",
            "ipv6_cidr_block_association_id": "",
            "ipv6_native": false,
            "map_customer_owned_ip_on_launch": false,
            "map_public_ip_on_launch": false,
            "outpost_arn": "",
            "owner_id": "299641483789",
            "private_dns_hostname_type_on_launch": "ip-name",
            "tags": {
              "Name": "docker-k8s-vpc-private-eu-west-1b",
              "kubernetes.io/cluster/docker-k8s-kJmwvT": "shared",
              "tier": "private"
            },
            "tags_all": {
              "Name": "docker-k8s-vpc-private-eu-west-1b",
              "course": "Docker and Kubernetes",
              "kubernetes.io/cluster/docker-k8s-kJmwvT": "shared",
              "tier": "private"
            },
            "timeouts": null,
            "vpc_id": "vpc-07864b2ec9fdca89b"
          },
          "sensitive_attributes": [],
          "private": "eyJlMmJmYjczMC1lY2FhLTExZTYtOGY4OC0zNDM2M2JjN2M0YzAiOnsiY3JlYXRlIjo2MDAwMDAwMDAwMDAsImRlbGV0ZSI6MTIwMDAwMDAwMDAwMH0sInNjaGVtYV92ZXJzaW9uIjoiMSJ9",
          "dependencies": [
            "data.aws_availability_zones.available",
            "module.vpc.aws_vpc.this",
            "module.vpc.aws_vpc_ipv4_cidr_block_association.this",
            "random_string.cluster_suffix"
          ]
        },
        {
          "index_key": 2,
          "schema_version": 1,
          "attributes": {
            "arn": "arn:aws:ec2:eu-west-1:299641483789:subnet/subnet-008427ff27aa84bfa",
            "assign_ipv6_address_on_creation": false,
            "availability_zone": "eu-west-1c",
            "availability_zone_id": "euw1-az3",
            "cidr_block": "10.2.160.0/20",
            "customer_owned_ipv4_pool": "",
            "enable_dns64": false,
            "enable_resource_name_dns_a_record_on_launch": false,
            "enable_resource_name_dns_aaaa_record_on_launch": false,
            "id": "subnet-008427ff27aa84bfa",
            "ipv6_cidr_block": "",
            "ipv6_cidr_block_association_id": "",
            "ipv6_native": false,
            "map_customer_owned_ip_on_launch": false,
            "map_public_ip_on_launch": false,
            "outpost_arn": "",
            "owner_id": "299641483789",
            "private_dns_hostname_type_on_launch": "ip-name",
            "tags": {
              "Name": "docker-k8s-vpc-private-eu-west-1c",
              "kubernetes.io/cluster/docker-k8s-kJmwvT": "shared",
              "tier": "private"
            },
            "tags_all": {
              "Name": "docker-k8s-vpc-private-eu-west-1c",
              "course": "Docker and Kubernetes",
              "kubernetes.io/cluster/docker-k8s-kJmwvT": "shared",
              "tier": "private"
            },
            "timeouts": null,
            "vpc_id": "vpc-07864b2ec9fdca89b"
          },
          "sensitive_attributes": [],
          "private": "eyJlMmJmYjczMC1lY2FhLTExZTYtOGY4OC0zNDM2M2JjN2M0YzAiOnsiY3JlYXRlIjo2MDAwMDAwMDAwMDAsImRlbGV0ZSI6MTIwMDAwMDAwMDAwMH0sInNjaGVtYV92ZXJzaW9uIjoiMSJ9",
          "dependencies": [
            "data.aws_availability_zones.available",
            "module.vpc.aws_vpc.this",
            "module.vpc.aws_vpc_ipv4_cidr_block_association.this",
            "random_string.cluster_suffix"
          ]
        }
      ]
    },
    {
      "module": "module.vpc",
      "mode": "managed",
      "type": "aws_subnet",
      "name": "public",
      "provider": "provider[\"registry.terraform.io/hashicorp/aws\"]",
      "instances": [
        {
          "index_key": 0,
          "schema_version": 1,
          "attributes": {
            "arn": "arn:aws:ec2:eu-west-1:299641483789:subnet/subnet-0c0adabc2a0b46096",
            "assign_ipv6_address_on_creation": false,
            "availability_zone": "eu-west-1a",
            "availability_zone_id": "euw1-az1",
            "cidr_block": "10.2.0.0/20",
            "customer_owned_ipv4_pool": "",
            "enable_dns64": false,
            "enable_resource_name_dns_a_record_on_launch": false,
            "enable_resource_name_dns_aaaa_record_on_launch": false,
            "id": "subnet-0c0adabc2a0b46096",
            "ipv6_cidr_block": "",
            "ipv6_cidr_block_association_id": "",
            "ipv6_native": false,
            "map_customer_owned_ip_on_launch": false,
            "map_public_ip_on_launch": true,
            "outpost_arn": "",
            "owner_id": "299641483789",
            "private_dns_hostname_type_on_launch": "ip-name",
            "tags": {
              "Name": "docker-k8s-vpc-public-eu-west-1a",
              "kubernetes.io/cluster/docker-k8s-kJmwvT": "shared",
              "tier": "public"
            },
            "tags_all": {
              "Name": "docker-k8s-vpc-public-eu-west-1a",
              "course": "Docker and Kubernetes",
              "kubernetes.io/cluster/docker-k8s-kJmwvT": "shared",
              "tier": "public"
            },
            "timeouts": null,
            "vpc_id": "vpc-07864b2ec9fdca89b"
          },
          "sensitive_attributes": [],
          "private": "eyJlMmJmYjczMC1lY2FhLTExZTYtOGY4OC0zNDM2M2JjN2M0YzAiOnsiY3JlYXRlIjo2MDAwMDAwMDAwMDAsImRlbGV0ZSI6MTIwMDAwMDAwMDAwMH0sInNjaGVtYV92ZXJzaW9uIjoiMSJ9",
          "dependencies": [
            "data.aws_availability_zones.available",
            "module.vpc.aws_vpc.this",
            "module.vpc.aws_vpc_ipv4_cidr_block_association.this",
            "random_string.cluster_suffix"
          ]
        },
        {
          "index_key": 1,
          "schema_version": 1,
          "attributes": {
            "arn": "arn:aws:ec2:eu-west-1:299641483789:subnet/subnet-0945abdb6b89beac5",
            "assign_ipv6_address_on_creation": false,
            "availability_zone": "eu-west-1b",
            "availability_zone_id": "euw1-az2",
            "cidr_block": "10.2.16.0/20",
            "customer_owned_ipv4_pool": "",
            "enable_dns64": false,
            "enable_resource_name_dns_a_record_on_launch": false,
            "enable_resource_name_dns_aaaa_record_on_launch": false,
            "id": "subnet-0945abdb6b89beac5",
            "ipv6_cidr_block": "",
            "ipv6_cidr_block_association_id": "",
            "ipv6_native": false,
            "map_customer_owned_ip_on_launch": false,
            "map_public_ip_on_launch": true,
            "outpost_arn": "",
            "owner_id": "299641483789",
            "private_dns_hostname_type_on_launch": "ip-name",
            "tags": {
              "Name": "docker-k8s-vpc-public-eu-west-1b",
              "kubernetes.io/cluster/docker-k8s-kJmwvT": "shared",
              "tier": "public"
            },
            "tags_all": {
              "Name": "docker-k8s-vpc-public-eu-west-1b",
              "course": "Docker and Kubernetes",
              "kubernetes.io/cluster/docker-k8s-kJmwvT": "shared",
              "tier": "public"
            },
            "timeouts": null,
            "vpc_id": "vpc-07864b2ec9fdca89b"
          },
          "sensitive_attributes": [],
          "private": "eyJlMmJmYjczMC1lY2FhLTExZTYtOGY4OC0zNDM2M2JjN2M0YzAiOnsiY3JlYXRlIjo2MDAwMDAwMDAwMDAsImRlbGV0ZSI6MTIwMDAwMDAwMDAwMH0sInNjaGVtYV92ZXJzaW9uIjoiMSJ9",
          "dependencies": [
            "data.aws_availability_zones.available",
            "module.vpc.aws_vpc.this",
            "module.vpc.aws_vpc_ipv4_cidr_block_association.this",
            "random_string.cluster_suffix"
          ]
        },
        {
          "index_key": 2,
          "schema_version": 1,
          "attributes": {
            "arn": "arn:aws:ec2:eu-west-1:299641483789:subnet/subnet-0282a9c8d45813ed7",
            "assign_ipv6_address_on_creation": false,
            "availability_zone": "eu-west-1c",
            "availability_zone_id": "euw1-az3",
            "cidr_block": "10.2.32.0/20",
            "customer_owned_ipv4_pool": "",
            "enable_dns64": false,
            "enable_resource_name_dns_a_record_on_launch": false,
            "enable_resource_name_dns_aaaa_record_on_launch": false,
            "id": "subnet-0282a9c8d45813ed7",
            "ipv6_cidr_block": "",
            "ipv6_cidr_block_association_id": "",
            "ipv6_native": false,
            "map_customer_owned_ip_on_launch": false,
            "map_public_ip_on_launch": true,
            "outpost_arn": "",
            "owner_id": "299641483789",
            "private_dns_hostname_type_on_launch": "ip-name",
            "tags": {
              "Name": "docker-k8s-vpc-public-eu-west-1c",
              "kubernetes.io/cluster/docker-k8s-kJmwvT": "shared",
              "tier": "public"
            },
            "tags_all": {
              "Name": "docker-k8s-vpc-public-eu-west-1c",
              "course": "Docker and Kubernetes",
              "kubernetes.io/cluster/docker-k8s-kJmwvT": "shared",
              "tier": "public"
            },
            "timeouts": null,
            "vpc_id": "vpc-07864b2ec9fdca89b"
          },
          "sensitive_attributes": [],
          "private": "eyJlMmJmYjczMC1lY2FhLTExZTYtOGY4OC0zNDM2M2JjN2M0YzAiOnsiY3JlYXRlIjo2MDAwMDAwMDAwMDAsImRlbGV0ZSI6MTIwMDAwMDAwMDAwMH0sInNjaGVtYV92ZXJzaW9uIjoiMSJ9",
          "dependencies": [
            "data.aws_availability_zones.available",
            "module.vpc.aws_vpc.this",
            "module.vpc.aws_vpc_ipv4_cidr_block_association.this",
            "random_string.cluster_suffix"
          ]
        }
      ]
    },
    {
      "module": "module.vpc",
      "mode": "managed",
      "type": "aws_vpc",
      "name": "this",
      "provider": "provider[\"registry.terraform.io/hashicorp/aws\"]",
      "instances": [
        {
          "index_key": 0,
          "schema_version": 1,
          "attributes": {
            "arn": "arn:aws:ec2:eu-west-1:299641483789:vpc/vpc-07864b2ec9fdca89b",
            "assign_generated_ipv6_cidr_block": false,
            "cidr_block": "10.2.0.0/16",
            "default_network_acl_id": "acl-0ebcfe86add27b3cc",
            "default_route_table_id": "rtb-0dad07e2d0b64d56e",
            "default_security_group_id": "sg-0f302d9bf750c7060",
            "dhcp_options_id": "dopt-070e5e6c4cf82b020",
            "enable_classiclink": false,
            "enable_classiclink_dns_support": false,
            "enable_dns_hostnames": true,
            "enable_dns_support": true,
            "id": "vpc-07864b2ec9fdca89b",
            "instance_tenancy": "default",
            "ipv4_ipam_pool_id": null,
            "ipv4_netmask_length": null,
            "ipv6_association_id": "",
            "ipv6_cidr_block": "",
            "ipv6_cidr_block_network_border_group": "",
            "ipv6_ipam_pool_id": "",
            "ipv6_netmask_length": 0,
            "main_route_table_id": "rtb-0dad07e2d0b64d56e",
            "owner_id": "299641483789",
            "tags": {
              "Name": "docker-k8s-vpc",
              "kubernetes.io/cluster/docker-k8s-kJmwvT": "shared"
            },
            "tags_all": {
              "Name": "docker-k8s-vpc",
              "course": "Docker and Kubernetes",
              "kubernetes.io/cluster/docker-k8s-kJmwvT": "shared"
            }
          },
          "sensitive_attributes": [],
          "private": "eyJzY2hlbWFfdmVyc2lvbiI6IjEifQ==",
          "dependencies": [
            "random_string.cluster_suffix"
          ],
          "create_before_destroy": true
        }
      ]
    }
  ]
}
