{
  "version": 4,
  "terraform_version": "1.3.8",
  "serial": 256,
  "lineage": "77090910-c46f-48e5-0ed6-57616e77b218",
  "outputs": {
    "cluster_endpoint": {
      "value": "https://89A3335C57F8C86E9A194719534E924F.yl4.eu-west-1.eks.amazonaws.com",
      "type": "string"
    },
    "cluster_id": {
      "value": "k8s-dAqct1",
      "type": "string"
    },
    "cluster_name": {
      "value": "k8s-dAqct1",
      "type": "string"
    },
    "cluster_security_group_id": {
      "value": "sg-04dfc59121a2f0860",
      "type": "string"
    },
    "config_map_aws_auth": {
      "value": "apiVersion: v1\nkind: ConfigMap\nmetadata:\n  name: aws-auth\n  namespace: kube-system\ndata:\n  mapRoles: |\n    - rolearn: arn:aws:iam::299641483789:role/default_node_group-eks-node-group-20230417104808964600000001\n      username: system:node:{{EC2PrivateDNSName}}\n      groups:\n        - system:bootstrappers\n        - system:nodes\n",
      "type": "string"
    },
    "password": {
      "value": "wcDMAybVAo0kwty+AQwAiZyCHkNC3XilUpEKIyTy0dfuYOLdfTpVjab9VBqwxMEcoPSVcAcvY/RYExSl3AcbhcCxQZtAg5u6ygX5GIkGmFVJ97PS6qv+WRV905OU0v+SP5jM9fkfizd1FnslHZyYiS8ETv+A3/Kk4L72kInOrSBgAbHaFLtQWcbJT3R1b2YEBS3V1NHlG2R6l7o5d11684qHJjZR/8f5lNTfFM3qneZk0MIvdc6l2/XRgvi4U0zsy33gB5KGOGSYtttCEKPVxo4qXOejXYhnJd1ITQ6h+jL2o3rpfVGcfrFcVHSG4CqVT0Nck5Znd2E7zScSXCH8Zgf0xWeOR+FKQlrsThMSAOeKbNIKMAvYWt8RACeS3koZHUhdK6pheYb/AV1h+HJvYVILCsGeRtFqE78l7Yy+wYJcEt+YemHmZEnu9JEynQUTtDEPN72N4k3ErxlrjTbiKeRz459qdvQEEnuhJ2207/Gxr/lS4W4+ImX9bQelr55hIwWhJPcUHmAtFznGgPWi0kUB605uxhx2FIG2WcmDecsIJDw4XR/qFI63JEQBqeJ9eQTXMbEq1qqsaUQfKJyNFRH9IEmT72E0WwrzdD7HbXoTXcolioA=",
      "type": "string"
    }
  },
  "resources": [
    {
      "mode": "data",
      "type": "aws_availability_zones",
      "name": "available",
      "provider": "provider[\"registry.terraform.io/hashicorp/aws\"]",
      "instances": [
        {
          "schema_version": 0,
          "attributes": {
            "all_availability_zones": null,
            "exclude_names": null,
            "exclude_zone_ids": null,
            "filter": null,
            "group_names": [
              "eu-west-1"
            ],
            "id": "eu-west-1",
            "names": [
              "eu-west-1a",
              "eu-west-1b",
              "eu-west-1c"
            ],
            "state": "available",
            "timeouts": null,
            "zone_ids": [
              "euw1-az1",
              "euw1-az2",
              "euw1-az3"
            ]
          },
          "sensitive_attributes": []
        }
      ]
    },
    {
      "mode": "data",
      "type": "aws_eks_cluster",
      "name": "cluster",
      "provider": "provider[\"registry.terraform.io/hashicorp/aws\"]",
      "instances": [
        {
          "schema_version": 0,
          "attributes": {
            "arn": "arn:aws:eks:eu-west-1:299641483789:cluster/k8s-dAqct1",
            "certificate_authority": [
              {
                "data": "LS0tLS1CRUdJTiBDRVJUSUZJQ0FURS0tLS0tCk1JSUMvakNDQWVhZ0F3SUJBZ0lCQURBTkJna3Foa2lHOXcwQkFRc0ZBREFWTVJNd0VRWURWUVFERXdwcmRXSmwKY201bGRHVnpNQjRYRFRJek1EUXhOekV3TlRZek4xb1hEVE16TURReE5ERXdOVFl6TjFvd0ZURVRNQkVHQTFVRQpBeE1LYTNWaVpYSnVaWFJsY3pDQ0FTSXdEUVlKS29aSWh2Y05BUUVCQlFBRGdnRVBBRENDQVFvQ2dnRUJBTXMyCmYzTHhTUkhLMC9xb2xrbWl5VWFxMThTZk5RN2RVUUk1b2JoNldWMExob2xXY3RlckxOOU4rblJCLzV2eDI1MmMKZG5SakV6RjM2clJ3blhKSXhwUkZsWjhyQTVvdXJlTS92dktDRmNnY3QybytIL0FqQVgvV1FIL1JVWklpSm9nMwpGeW9DV3p4QVUvTmlOMFlpZGFlazl3aGpjRGkvOVpuL0x1amJXd0RWYW0wT2s5Sm5GRERkNkRSV3Q1Qm5ESjNsCnVpVUpLeFdSN1REc1dJTkU4K0dRcFB0U2dqRE5LT2hMTExxN2RaUFlYSnNKTUJGUTk0T2dSbVBkT3RVemFTRCsKK1JxcVlnL3dVRDl2QWRYTk1XZ3U2bjhMam9lS1BTVXZEd29pVWN2RWhBWG9JaDR4a0o0TDh0Rk5jV0J5NkJnTwpHUitBZ3ZvUzBJKzRoMGkra3FzQ0F3RUFBYU5aTUZjd0RnWURWUjBQQVFIL0JBUURBZ0trTUE4R0ExVWRFd0VCCi93UUZNQU1CQWY4d0hRWURWUjBPQkJZRUZFNVV5WVFMTHR6Mk44WStFc0ZUUUtCM2tmT0pNQlVHQTFVZEVRUU8KTUF5Q0NtdDFZbVZ5Ym1WMFpYTXdEUVlKS29aSWh2Y05BUUVMQlFBRGdnRUJBS2hGY3BpME1IbEoza2F6TDEvawpBQW5aNk5JTE5yZzYwRFFaTVhWMWJXQTU4YnZEWHM3S2c5UU9MWjU0TFZSQWtXSDhCbzdPaXdtTGZkdVdZRytiCkRnTkFrRlZFdTgzQis0NWxMM09BNGZORGZrallSVW1NWThWTXV3SUFON255TjdySkw5a05IYloxQ0ZOVU9ZeDgKTExaVkt3VForam4ycUx3VkZ5SW1zcmhNTU55aDlJalJsVlRjUE1mRURMU0xyKzkyUEZ5UkVxUlYzNWV3TE9wVQpuK3Y3Mlg2UkhvcUwwYkFRMUVjdGg0aWNTT1o5VVRleFBVeGdjVHUzWXJuUE9SdWhybi95RUV6QzJ1dnpqYzIxCmhoZ1RmQnJBMm1hZE9tVHFmcVY1eDF0VWIrRkNyWk9NdFZPMThuYUxZSmxWMUFaam1SdkJDajVXeU05enZnQzAKZW9FPQotLS0tLUVORCBDRVJUSUZJQ0FURS0tLS0tCg=="
              }
            ],
            "created_at": "2023-04-17 10:51:48.887 +0000 UTC",
            "enabled_cluster_log_types": [
              "api",
              "audit",
              "authenticator"
            ],
            "endpoint": "https://89A3335C57F8C86E9A194719534E924F.yl4.eu-west-1.eks.amazonaws.com",
            "id": "k8s-dAqct1",
            "identity": [
              {
                "oidc": [
                  {
                    "issuer": "https://oidc.eks.eu-west-1.amazonaws.com/id/89A3335C57F8C86E9A194719534E924F"
                  }
                ]
              }
            ],
            "kubernetes_network_config": [
              {
                "ip_family": "ipv4",
                "service_ipv4_cidr": "172.20.0.0/16"
              }
            ],
            "name": "k8s-dAqct1",
            "platform_version": "eks.11",
            "role_arn": "arn:aws:iam::299641483789:role/k8s-dAqct1-cluster-20230417104932641400000001",
            "status": "ACTIVE",
            "tags": {
              "Course": "Docker and Kubernetes",
              "Terraform": "true"
            },
            "version": "1.22",
            "vpc_config": [
              {
                "cluster_security_group_id": "sg-0f725f451460763fe",
                "endpoint_private_access": false,
                "endpoint_public_access": true,
                "public_access_cidrs": [
                  "0.0.0.0/0"
                ],
                "security_group_ids": [
                  "sg-04dfc59121a2f0860"
                ],
                "subnet_ids": [
                  "subnet-01408b87cb07f2f32",
                  "subnet-022d481fbc58406a6",
                  "subnet-074abcc902dc3140d"
                ],
                "vpc_id": "vpc-0eeea557373ccd023"
              }
            ]
          },
          "sensitive_attributes": []
        }
      ]
    },
    {
      "mode": "data",
      "type": "aws_eks_cluster_auth",
      "name": "cluster",
      "provider": "provider[\"registry.terraform.io/hashicorp/aws\"]",
      "instances": [
        {
          "schema_version": 0,
          "attributes": {
            "id": "k8s-dAqct1",
            "name": "k8s-dAqct1",
            "token": "k8s-aws-v1.aHR0cHM6Ly9zdHMuYW1hem9uYXdzLmNvbS8_QWN0aW9uPUdldENhbGxlcklkZW50aXR5JlZlcnNpb249MjAxMS0wNi0xNSZYLUFtei1BbGdvcml0aG09QVdTNC1ITUFDLVNIQTI1NiZYLUFtei1DcmVkZW50aWFsPUFTSUFVTFJBR0dJR1JUSTZVSVhTJTJGMjAyMzA0MTclMkZ1cy1lYXN0LTElMkZzdHMlMkZhd3M0X3JlcXVlc3QmWC1BbXotRGF0ZT0yMDIzMDQxN1QxMTAwMjhaJlgtQW16LUV4cGlyZXM9MCZYLUFtei1TZWN1cml0eS1Ub2tlbj1JUW9KYjNKcFoybHVYMlZqRUVzYUNXVjFMWGRsYzNRdE1TSkdNRVFDSUJFRno4aDFYJTJCdHo5NzFFb3lKVkdteDlCdFNrNWR0Y0RDVlpSMVpNVGVQMkFpQVU5eFRxdHF0YUNqYkg3T2Y2VHhqaDdockolMkJueU9FYlZ1aG1EUm5QcTdjeXFlQXdoRUVBRWFEREk1T1RZME1UUTRNemM0T1NJTUFnQUJ0dHVmckVTQ3diYXRLdnNDZ3JMQzF6aUUwSnlDdkFZS0xLMUFzUEFFdzJWdmR3YUdYMjN6ajlUaU5EJTJCNmtFUnlUeVNwUGRPV3I5d2pYUSUyRjZnTFoyWXZLZkU1ZU11U3JCMXRFYnJpNDE0d0MlMkZWd0RERGdJN09PUmlINXNLSzNycGxRaW5tJTJGdHJiZFAwOUlZcUZhelNEaHY5TGhuTEozVHlHVjg2MGpVUTk2eWFHVlY4WHdrbnFkNGExczByNTl2b2pIWUJlMU05N1RsQ2JlZHBEbWpiTkZwbGI0TThybTUlMkY2bjYxeFMwcWlONDhCMGpJMCUyRmFOS1MxNW9NQXN1cXhmOXdDMzFhOW5MekJhUXRFMVpWZ3NiU0ZRYkNUVUJ4RE0waiUyRmVoYXFJN1J1ekNTeGFyak9WVXR2NUNTWWQ4JTJCRnVTT2glMkZoQ0o4SjZidSUyQjJ0YmolMkI1M09vM3FCZVFJSEt5bEclMkZLWUFNUTJOZkk2MzRPRjJ2NEFDTkVraEY4dm1YWkYySmxIMGNPUVl5dGdjeVBxaEhTN1JCVVpYRURCJTJGVDJ1VCUyRk5qVVNYTkU2a1BQa0cySXdsZyUyRlNtYkE0RkZlT3pjN2tWQjNPQnEzaVBqdThNQVVua3E1SnNIU3JiMmtzQ21zc3d5b2w0aWklMkZCRzdvbFVTbVpjUFk1dndiVTc4eWR0VUJUczJKbkpPekN3eWZTaEJqcW5BVE1MZ3ZrMHVMbUNLTkpnTkFvd2Q3NSUyRmt4OHBlRFdHZ2trVVBwdzRJcVB4JTJCOGIyVlZaSlhTWE1kY3Y1cDVvcjhMNmlYZ3FhUFFYN011ZjBtTjg2M0tRVEF3d2I5WnJqTWpUJTJGJTJCWkZmZ3lTR0hPY3M3MFl3clRzamo3QzRrekZnd3ZkOUdSNG9nRDhPdzltRlQ4JTJCSzVURm5XQUFsc2NGVlFXY3F3TW9kd1pSOWxCZlBPSThhWWU5dFVBVTdJQWRaajFTbnRuZkRac3pRTiUyRmt5RlFxOFZhRlBrRmNjcnYlMkJvJlgtQW16LVNpZ25lZEhlYWRlcnM9aG9zdCUzQngtazhzLWF3cy1pZCZYLUFtei1TaWduYXR1cmU9OTEwNGNjZWRiODJiZjExMWZmZmJhZWJhYzg5MmRmMGI5YmFiMjcwYjc2NDk4ZWMwMjhjNjc1ZGEwYjYyYzViMw"
          },
          "sensitive_attributes": []
        }
      ]
    },
    {
      "mode": "data",
      "type": "aws_region",
      "name": "current",
      "provider": "provider[\"registry.terraform.io/hashicorp/aws\"]",
      "instances": [
        {
          "schema_version": 0,
          "attributes": {
            "description": "Europe (Ireland)",
            "endpoint": "ec2.eu-west-1.amazonaws.com",
            "id": "eu-west-1",
            "name": "eu-west-1"
          },
          "sensitive_attributes": []
        }
      ]
    },
    {
      "mode": "data",
      "type": "aws_subnets",
      "name": "private",
      "provider": "provider[\"registry.terraform.io/hashicorp/aws\"]",
      "instances": [
        {
          "schema_version": 0,
          "attributes": {
            "filter": [
              {
                "name": "vpc-id",
                "values": [
                  "vpc-0eeea557373ccd023"
                ]
              }
            ],
            "id": "eu-west-1",
            "ids": [
              "subnet-022d481fbc58406a6",
              "subnet-01408b87cb07f2f32",
              "subnet-074abcc902dc3140d"
            ],
            "tags": {
              "tier": "private"
            },
            "timeouts": null
          },
          "sensitive_attributes": []
        }
      ]
    },
    {
      "mode": "data",
      "type": "local_file",
      "name": "pgp_key_workshop_user",
      "provider": "provider[\"registry.terraform.io/hashicorp/local\"]",
      "instances": [
        {
          "schema_version": 0,
          "attributes": {
            "content": "\ufffd\u0001\ufffd\u0004c\u0003\ufffd\u0018\u0001\u000c\u0000\ufffd7\ufffd\u0005\ufffd\ufffd*\ufffdX\ufffdC\ufffd\ufffd\ufffd`\ufffd\ufffd\ufffd!\ufffd\ufffdH1\ufffd\ufffd\ufffd\ufffd\u0015\t\u0005\ufffd\u000b\ufffd.\ufffd\u0001\ufffd\n\u001c\u0026\ufffd\ufffd+\u0013\ufffd6\r\ufffdΎ\ufffd\ufffd\ufffd)\ufffd\ufffd\ufffd\ufffd\ufffd\ufffdhf\ufffd\ufffd\ufffdSf\ufffd`\ufffdQ\u0013\ufffd\ufffd$\ufffd\ufffd\ufffdlD\ufffdP%ś\ufffdA\ufffd5\ufffdx\ufffd\ufffdG\ufffdm$l\ufffd\ufffdzJOK\ufffd\ufffd^+\ufffd-\ufffd\ufffd\ufffdPEz\"lC\ufffd]\ufffdY\\G\ufffdk\ufffdS\ufffdw\ufffd\ufffdȐ\ufffdf\ufffd\u0018\ufffd\ufffd\ufffdN\ufffdҭRͭcB2\ufffd\u0003\ufffd\u0017\u001e\ufffdD\ufffd\ufffd$\ufffd0\ufffd\ufffd|+\ufffdʓ\ufffdޜ\ufffd\ufffd\ufffd\ufffdLz\u003e\u0002.\u0014C\ufffdB\ufffd\ufffd5ߝJP\ufffdk\ufffd\ufffd\ufffd\ufffd\ufffd\ufffd\ufffd\ufffd\ufffdi;\ufffd1J\ufffd\u0019\ufffd\u0000\ufffdw\ufffdj\u0012\\\ufffd\ufffd\\\u001e\u001c\ufffd\u0019\ufffd\u000ch\ufffd\ufffd\ufffd\u0014\ufffd\ufffd~\ufffdD\ufffd\ufffd8 \ufffd\ufffdu\ufffdj\ufffd\ufffd\u001b\ufffd\ufffd\ufffd\ufffd\ufffdO\ufffd\u0015\ufffd?\ufffdf\ufffd\u000e\ufffd{\ufffd\"g\ufffd\ufffd\u0001\ufffd\ufffd\ufffd~^\ufffd\u001f\ufffd\ufffd\u001d\ufffd\ufffd\ufffdE\ufffd_\u000e\u0012L\ufffd\u001f\ufffdk\ufffdx\ufffd\ufffd\ufffd\ufffduh\ufffd\ufffdl\ufffd\u000c4\ufffd-\u0012\u000b\ufffd)M߇ٖwK\u0000R\ufffdU\ufffd8cGNV\ufffd\u0014\ufffd\ufffdƟtށ\ufffd\ufffd0WFdj\ufffd\ufffd\\\ufffd\ufffd\ufffd\u0017\ufffd'\ufffd\ufffdƭ\u001fU\ufffd}\ufffd\ufffd5Qw-!\u000c\u0015\ufffd\ufffd\ufffd9Z^9C\u0000\u0011\u0001\u0000\u0001\ufffd\ufffddokerkubernetesparticipant (PGP key for dockerkubernetesparticipant 's AWS IAM user) \u003cdockerkubernetesparticipant@dataminded.be\u003e\ufffd\u0001\ufffd\u0004\u0013\u0001\n\u00008\u0016!\u00043\ufffdK\ufffd\u0019\ufffd\ufffd}ł\ufffd\u003ez9^Ř\u0018\ufffd\ufffd\u0005\u0002c\u0003\ufffd\u0018\u0002\u001b/\u0005\u000b\t\u0008\u0007\u0002\u0006\u0015\n\t\u0008\u000b\u0002\u0004\u0016\u0002\u0003\u0001\u0002\u001e\u0001\u0002\u0017\ufffd\u0000\n\t\u0010z9^Ř\u0018\ufffd\ufffdA\ufffd\u000b\ufffd_˕s\ufffdC\ufffdR\t\ufffd١N?8\ufffd;\ufffd\ufffd\ufffdx\ufffd\ufffd\ufffd\\#@A\u0007\u003e\ufffdU~\ufffdv\u000b\ufffd\ufffd\ufffdE\u0001\u001a\u000cU\ufffd\ufffdg\ufffd#n\u0001\ufffd\u0017\ufffdl\u000e\ufffdU\u0000\u0012\u0008\ufffd\ufffd\u00031\ufffdO\u0015\u001f\ufffd[\ufffd=\ufffdz9_\ufffd9\u0002F\ufffdiJf\u0012\ufffdf\u0015s\ufffdcO\ufffd\ufffd)\ufffd\ufffd:\ufffd\ufffdy\ufffd\ufffdt1G8\ufffdB\ufffd~\u0018\u001eP\ufffd7\ufffde\ufffdq\ufffd\ufffd\ufffd\r\ufffd\ufffdU\u0011\ufffdV\ufffd-Ȳ\ufffd\ufffd\u0017\ufffd\ufffdL\ufffd4\ufffd֗\ufffd\u001a\ufffdH\ufffdQ\ufffd?\ufffdG\u0010\u0003\u0016-\ufffdѠ\ufffd2[\ufffd\ufffd\ufffd[\u0016\u000e\ufffd*-d\u0006оB֒\ufffd59\u0013\ufffdN\ufffd\ufffdƎ\u0018\ufffd\ufffd\u0013s#\ufffd\u0012#\ufffdǽ\ufffdw\tqw\ufffd\ufffd\ufffd{\ufffdng\ufffd\ufffd|Y~?\u0016%\ufffdQHs\ufffd\ufffd]\ufffd\ufffd\u0003?\ufffd\ufffd\ufffd\ufffd\u001e\ufffd\ufffd\u0000DӶp\u001f\u0010.\ufffd\u0002$\ufffd\ufffd\ufffd\ufffd_\ufffd\ufffd\u0026,\ufffd4|\ufffd\u00110\u0013\u001a\ufffd\ufffdf`\ufffdhVz_jh\ufffd \ufffd5\u001b\ufffdϭP\u003c\u0017\u001a\ufffdҬ\ufffd\u0019\ufffdz\u0007\ufffd\ufffd\ufffdM\u0001\ufffd\ufffdˈ\u0012\ufffd\ufffd\ufffd\ufffd\ufffd\ufffd[\ufffd;\ufffdn\ufffd\ufffd\ufffdh\u0016\ufffd\ufffd8\ufffd\u0004Y\ufffd\ufffdJR^\ufffdDča\ufffd\ufffd_B\ufffd\ufffd0L\ufffd\u0015S\ufffd1\ufffd\ufffd\ufffd贝\ufffdg\ufffd$dܟ2+\u0008)޼\ufffd+qKG\ufffd\u0001\ufffd\u0004c\u0003\ufffd\u0018\u0001\u000c\u0000\ufffd\ufffd\u0013 Q\ufffd\ufffd\ufffd+\ufffdjZQ\ufffd\ufffd8\ufffd\ufffdp\ufffd\ufffd,\ufffdWV\ufffdR\ufffd\ufffd\ufffd\u001ed\ufffd\ufffd\ufffd/ɀ\ufffd)m\ufffdM^\ufffd\u0015.\ufffd\ufffdѩD\ufffdd\u000f\ufffd=ϣ\ufffd.j\ufffd\u0013\n\ufffd\u001f@g\u003cc\u0005\ufffd\ufffd\ufffdMb\ufffd\ufffd)7-\ufffd\ufffd\ufffdi?\ufffd\u000f\ufffd\ufffd7db\ufffd\u001a[\u0017\ufffd\u0026V\ufffd\ufffdQ\ufffd~\ufffd\u00065\ufffd\u0011\ufffdÓ\u0000\u001cJҠ\ufffd9l!\ufffd8\ufffdE\ufffdd\ufffdI,\u0005\ufffd\ufffd\ufffd\ufffdMw\"!tC\ufffd\u0004\ufffdz\ufffd\ufffd\u001ey\ufffdr\ufffdc\ufffd\ufffd\ufffdm\ufffd\ufffd\ufffd\u001c\ufffd\u0006\u0006y\ufffdV]u\ufffd\ufffdB\ufffd\ufffd3\u0017I\ufffd\u0008{[\ufffd\ufffdq\ufffd\ufffd\ufffd{\u0010B\ufffd\u0000\ufffd\u003c\ufffd\ufffd\ufffdVl\ufffd\u0018Pa\u001e)\ufffdM6Lޓ\ufffd\u001e\ufffd\ufffd\ufffd\ufffd\ufffd\ufffd\ufffd\u0017iK\t2\u0012\ufffd+\ufffdb\ufffdQEOd\ufffd\ufffd\ufffd)\ufffd\ufffd\ufffdK|\u0008\ufffd\ufffdErh\ufffd\ufffd\ufffdM\ufffd\u0018\ufffd\ufffd\ufffd-ҏ\ufffd蛁g񎚊ߎ\ufffd\ufffd\ufffd\u003c]\ufffd\ufffd6\u003e\ufffd\ufffdȌ\ufffd[\ufffd?5\ufffdL\ufffd1M\ufffdf\ufffd\u0012\ufffd\ufffd\ufffd\u0019X\u0011\ufffdO\ufffdD\ufffdE\u000f\ufffd\u0014\ufffd\ufffd \u001e\ufffdm\ufffd\ufffd\u001c\ufffdl@xa\ufffdre\u001aj\u0006夎\ufffdi\u0010\ufffd\ufffdۅ\ufffd|!\n\\\ufffd\ufffds\ufffd\ufffd6\u0004\u0011OR\ufffd\ufffd\ufffd~!\ufffd\u0014\ufffdؚX\u003cyJ\ufffdLP!\u0000\u0011\u0001\u0000\u0001\ufffd\u0003l\u0004\u0018\u0001\n\u0000 \u0016!\u00043\ufffdK\ufffd\u0019\ufffd\ufffd}ł\ufffd\u003ez9^Ř\u0018\ufffd\ufffd\u0005\u0002c\u0003\ufffd\u0018\u0002\u001b.\u0001\ufffd\t\u0010z9^Ř\u0018\ufffd\ufffd\ufffd\ufffd \u0004\u0019\u0001\n\u0000\u001d\u0016!\u0004\ufffd6Ow\ufffd\ufffd\u0014\u0019\ufffd\ufffd\ufffd\ufffd\u0026\ufffd\u0002\ufffd$\ufffdܾ\u0005\u0002c\u0003\ufffd\u0018\u0000\n\t\u0010\u0026\ufffd\u0002\ufffd$\ufffdܾ\ufffd/\u000c\u0000\ufffd\ufffd\ufffd\u0011`\u003e²\ufffdl\ufffd\ufffd\ufffd\ufffdy\ufffdan\ufffd\ufffd\ufffd\ufffd\ufffd\ufffd^\ufffdT\ufffd\ufffd,\ufffd̄\ufffd:欺g\ufffd\u0010]\ufffd0\ufffd\ufffdȀw\ufffd\ufffd\ufffd\ufffd\ufffd\ufffd^S;\u000cӅ\ufffd=\ufffdE\"#ρ\ufffdS\ufffd2mex\ufffd\ufffd\u0012\ufffd\ufffd\ufffd\u0007+\ufffdw\u000c؂\u0017P/*F\u0010T\ufffd\ufffdn\u000c\ufffdm\ufffd\u000b8Lk\u0002\u0015\ufffd\"\ufffd\ufffdT\u0019\ufffd(s\ufffd\ufffd\ufffdKތ\ufffd[\ufffd\ufffdUs*\ufffd\u000e\ufffd\ufffd\u0017\nZ\ufffd)\u0003X7}\ufffd\ufffd[d\ufffd\ufffdڊP|\ufffds\ufffdA\ufffd\ufffd]\u0017\ufffd\ufffd\ufffd:\ufffdz\ufffd\ufffdVhh\ufffd\ufffd̹\ufffd\ufffd\ufffd\ufffdA\ufffdDa\ufffd=\ufffd4s\ufffd\ufffd\ufffdAw\ufffd\ufffd\ufffd\ufffd\u0005\ufffd\ufffd\ufffdm\ufffdb\u0015\t\ufffd\u000b\ufffdk\ufffd\ufffd\ufffdjnV\u001c\ufffd\ufffd\ufffdY\ufffda*\u0019\u001a\u001a\ufffdV\ufffdL\ufffd\ufffdNRn\u0014\u0026\ufffd8;#Ub\ufffd\ufffdC\u0015EC\u001d\ufffd\ufffd\u001e;\ufffd\ufffd\u0000P\"\ufffdC\ufffdͩ\nh\ufffd@\u001a=\ufffd\u001eu\ufffdj\ufffd\u001aτ\u001f9\ufffdC\ufffd5\ufffdp󲡍_\ufffd\ufffdM\ufffdU\ufffd\u0011~\ufffd\u0016Y\ufffd\ufffd޹\ufffdyQ\ufffd\ufffd\ufffd#\u0004\\\ufffd\u0008᭗\ufffdC\u0010\ufffdFq\ufffd\ufffd\ufffd\ufffd\ufffdt%\ufffd5\u0015\ufffd\u0010\u0001u'\u0006o\u0005k\ufffdP\u0013\ufffdi\\\ufffd\ufffd3YG\ufffd\ufffd\ufffd'\ufffd\ufffd8\ufffds\ufffd5\u0002\u0001\u0011vt\ufffd(\u0019$:Rc\u0005\u000c\u0000\ufffdy\ufffd\ufffd\ufffd\u0006\ufffd\ufffdb+\u0002iÒ\u003e-\ufffdD\u001a\u0013a%\ufffd\ufffdI\ufffd\u0005T$\u0015\u000bo\u001dι\ufffd\ufffdg\ufffd\ufffdC\ufffd\ufffd\ufffd\ufffd\ufffd\ufffd\ufffd\ufffd\u0006\ufffdώ\t\ufffd\ufffd\ufffd\ufffd|\u001aj y7\ufffdo\ufffd\ufffd\ufffde\u001a\u0004\ufffd\ufffdUiO\ufffdg\u0003*\ufffdOk$\u0014`\ufffd\ufffd\ufffdh\ufffd0X\rG%pn+\ufffd\ufffdD\u0014\u0006\ufffde\ufffd\ufffd\ufffd\u0010\ufffd'p\u0002e\ufffdY\ufffdg\u0015]\ufffd\ufffd\ufffd\u000e\ufffdᡊ\ufffd\ufffd\ufffdLdK\ufffd\ufffd\u0011\u0026GL\ufffdlD\u0005\ufffd2\u0014͆J\ufffd\u0010$\ufffdpi\ufffd\ufffd\ufffdi\u0017\u0012-f$\ufffd\ufffd\ufffdH\ufffdl*\ufffd\ufffd^\u000cӧS\ufffd\u000fF\ufffd\n6\ufffd\ufffdJ\u001f\ufffd\ufffd\ufffdO\"\ufffd\ufffd\u0010\ufffd\ufffdu\ufffdu{\ufffd]\ufffdϣ\ufffd\ufffd\ufffdQ\ufffdb1K\ufffd\u0013o\u0013\u000f\ufffd\ufffd\ufffd\ufffdC\ufffd\u001b\ufffdf\ufffd\u000f\ufffd\ufffdm=\u0019zv\ufffd\u001b\ufffd9\ufffdV\u003c\ufffd\\\ufffd\ufffd\ufffd5Y\ufffd\"\ufffd\ufffdI\ufffd\u000e\ufffd?\ufffds\ufffdi\u0012\ufffdۃ\ufffd\ufffdG\ufffd\ufffd\ufffd\u000cp\ufffd{\ufffd©\ufffd\ufffd\ufffd?IQ-/\ufffd?o\u001b\ufffd-\ufffd\ufffdc~,\u0012\ufffd=\ufffd\ufffdJ\ufffdo\u001dwk\ufffd#\ufffdF\ufffd}qK|4]\ufffd\ufffd\ufffd\ufffd!\ufffd\ufffd\ufffd\ufffdQ\u0012\ufffd\u0004\u0005$ǀ#\ufffd\u0016\ry.G\u0005\ufffd\ufffdI\ufffd\ufffd\ufffd\ufffdk[\ufffd\ufffdmOf\ufffd\ufffd\ufffd\ufffd\u000c\n`\ufffdj⬙bIL%ř\u0001\ufffd\u0004d=\"\ufffd\u0001\u000c\u0000\ufffdY\ufffd\ufffd\ufffdyL\ufffd\"\u000c\ufffd\ufffd\ufffd\ufffd\\QH\u0004HՃ\ufffdy%]\ufffd6\ufffd\u0003翙Ȃ\ufffd*\ufffd\ufffd,\ufffdR\ufffd\u0026[\ufffd\ufffdݶ\n\u0006\ufffd\u0004\ufffdN_i\ufffd\ufffd_\ufffd4/\ufffd\ufffd!X@'\ufffd\ufffdU\ufffd\ufffd\ufffd\ufffdM\ufffd\ufffdܥ\ufffd!;w\ufffd\ufffdi\ufffd\ufffd\ufffd\ufffd^j{\ufffd-q3\ufffd\ufffd\u000b\u0000u\ufffdgh(\ufffd$I\ufffdz\ufffd\ufffd\ufffd\ufffd_\ufffd\ufffdI\u0000ɿB\ufffda\ufffdNU\ufffd;\ufffd\ufffd\ufffd\ufffdl\ufffd/\u0012\ufffd;\u001e_\ufffd\u001aO\ufffd\ufffd\ufffd[#6O\ufffd\u0015\u0011\ufffd\ufffdv\ufffd;\ufffd 9\ufffd\ufffdLi8\ufffd\\}*\ufffd\u0001Z\ufffd\ufffd\ufffd\ufffd\ufffdu\ufffd#7\ufffd\u0007v\ufffd\ufffd\ufffd\ufffd\ufffd\ufffd\ufffdQ8\n\u0016\ufffdD\u0013Ye\ufffd\ufffdMu\ufffdT\ufffd\ufffd\ufffd\ufffd4\u0001\ufffd\u000b\ufffd\ufffd\ufffd\ufffdA\ufffd\ufffd:\ufffd\ufffd\u0008M(\ufffdH݇O#\ufffd|(\u003c\u001eGp\u0000\ufffd\u0015/\ufffd\ufffd\t\ufffd\ufffdA\ufffd\ufffd\ufffd\ufffd\ufffd\\\ufffdY\u001c\u0012\ufffd\ufffdy\ufffd\ufffd\u0000+S\ufffdFt\ufffd\ufffd\ufffdn\u0017\ufffd\ufffd\ufffdM\ufffd\u0026b\ufffd4\ufffd\ufffd\u003c\ufffd\ufffd\u0026w!\ufffdsc\ufffdW\ufffd$\ufffd\u0000\u003ex\ufffd\ufffd}Z\u001b\ufffd\ufffd\"5[\ufffd!\ufffd\u000e\ufffdN\u0015%#\ufffd\ufffd\ufffdT\u000eǨ\u00102\ufffdJq\ufffdm_\ufffd]\ufffd\ufffdL\ufffdÆ[s\ufffd\ufffd번##m\ufffd\ufffd\u003c\ufffd\ufffd\ufffd2Ɠ\u000bᏋ\ufffd\u000e\ufffd\u0008C\ufffda~\ufffd\u0000\u0011\u0001\u0000\u0001\ufffdokubernetesparticipant (PGP key for kubernetesparticipant 's AWS IAM user) \u003ckubernetesparticipant@dataminded.be\u003e\ufffd\u0001\ufffd\u0004\u0013\u0001\n\u00008\u0016!\u0004\ufffdP;\ufffd^\ufffd8\u001eŐ\ufffdD\ufffdxT\ufffd\ufffd\ufffd\ufffd\u0005\u0002d=\"\ufffd\u0002\u001b/\u0005\u000b\t\u0008\u0007\u0002\u0006\u0015\n\t\u0008\u000b\u0002\u0004\u0016\u0002\u0003\u0001\u0002\u001e\u0001\u0002\u0017\ufffd\u0000\n\t\u0010\ufffdxT\ufffd\ufffd\ufffd\ufffd\ufffd\ufffd\u000b\ufffd \ufffdA\ufffd\ufffd\ufffd\ufffd5\ufffd!\ufffd\ufffdC\ufffd|pe\ufffdՐ9\ufffd\u0015\ufffd\ufffdH\"*\ufffd\ufffd\ufffd|\u000f%\ufffd\ufffdB\ufffd\ufffd\ufffd\ufffdT\ufffd\ufffde\u0007`A)\ufffd\ufffd}\ufffd\ufffd\ufffdU\ufffd\u000br\ufffdn\u0002\t\ufffd?\ufffd\ufffd\ufffd\ufffd\ufffd\ufffd\ufffd\ufffd1%\ufffd\ufffdE\ufffds\ufffd\ufffdN!\ufffd\ufffd%\ufffd\ufffd\ufffd\ufffd\u0002+\ufffd8\ufffdެ\ufffd\u0014eH\ufffd\ufffdw;7\u0005YI\ufffd\ufffd\u0016\ufffd\"í\ufffdR\ufffdb\ufffdV\ufffd'\"\ufffd'\u0017 \ufffd\ufffd\nS\ufffd\ufffd{@\ufffd\ufffdG\u0000\ufffd\ufffd\u0015\u003c\r\ufffd\ufffd\ufffdd$\ufffd\ufffdA#\ufffd\ufffd\u0005\ufffdq)P\ufffd\\/F\ufffd\ufffd\u001a\ufffd,\ufffd_\u001cw\u0019\ufffdpR\ufffdi\ufffd\ufffd*e\ufffd2\u0012\ufffd-\u0004\ufffd\ufffd\ufffd\u000cs\ufffd\u00140\ufffd\ufffdl\ufffd´\u0008\ufffd\u000e{l\ufffd\ufffd5\ufffd\ufffd\u0002l\ufffd\u0018\ufffd\\\ufffd\ufffdn\ufffdͱ`\ufffd\u000c\ufffd\u0003:\ufffd\ufffd\u000b\ufffd\ufffd\ufffd\ufffdPI\ufffd\ufffd,\ufffdX\u0004\u0001\ufffd\u003e\ufffd#v7\ufffd\ufffd\ufffdVd$\ufffd\ufffd\ufffdɗ\ufffd\ufffdr\u003cy6Z\ufffd\u0015\u0010M\ufffdl'\u0012q\ufffd\ufffd\u0005\ufffd\ufffdx\ufffd\ufffd\ufffd\ufffdUm`\u0012\u003c\u003c\ufffd\ufffd\ufffdĒ\ufffd5\u0007n\ufffd\ufffd\ufffd\ufffd꯰\ufffd!\ufffd\ufffd\ufffd\ufffd\ufffd\ufffdRu\ufffd\ufffd\ufffd\ufffd\u000c'\ufffd\ufffd:\n`V\u001a\ufffdڟ\ufffd\u001e\ufffd\ufffd@\ufffds\ufffd\ufffd\ufffd=\ufffd\ufffd;\ufffdl\u0015%\ufffd߇\t\ufffdF\ufffdW\ufffd)wW\ufffd\u0000\ufffd\ufffd\ufffd\ufffdY\ufffd\ufffd\ufffd\u0001\ufffd\u0004d=\"\ufffd\u0001\u000c\u0000ǣ\ufffd\u0017\ufffdJ\ufffd\ufffd+\ufffdYF\\9\nu\u0015\ufffd\ufffd\u000b\ufffd\ufffd-\ufffd8\ufffd\ufffd2^\ufffd}f2\u0010[\u0002\ufffd\u00178\ufffd!\ufffd\ufffd\ufffd\ufffd^#\ufffdv\ufffd\u0018)\ufffdn\u0010\ufffd;\ufffd\ufffd\ufffd\ufffdϵ/#\ufffd \ufffd.!\ufffd\ufffdaV\ufffd\ufffd\ufffdC\u0003:\ufffd\ufffd\ufffd\ufffd\ufffd\ufffd\ufffd\r/|\u0018X(\ufffd\ufffd0\ufffd\ufffdy\ufffd~m*~=\ufffdP\ufffd\ufffd\ufffd\ufffd\ufffd\ufffdf\ufffd\ufffd\ufffd\u000e\ufffd\ufffd\u000c\u0018Dղ\ufffd\ufffd\ufffd2\ufffdI\u003c\ufffd\\ڌ\u0026,Qd#\ufffd\u000bN\ufffd\u001e \u00100\u001c\ufffdu\ufffde\"\ufffdc\ufffdyϮ\ufffd+\ufffd\ufffd\ufffd\ufffdP\ufffd\u0006\ufffdQe\u0012(\ufffdf\u0001\ufffd\ufffdm1-\ufffd\r'j\ufffdğ;]\ufffd\u0006؃b݇D\u0019T\ufffd\ufffd\ufffdڴ\ufffd\ufffdt\ufffdassG\ufffdv\ufffdɾ K5\ufffd\ufffd\ufffd\ufffd\u0014\ufffd\u001e{\u0012,^\ufffd!W\ufffdC\ufffd\u000emI \ufffd_\ufffd\ufffd\ufffd\ufffd\ufffd1\t{`\ufffdU\ufffd\ufffdqK\t\ufffd\ufffd\u0006\ufffd\u0019\ufffdl\ufffd\ufffd\ufffd\ufffd\ufffdYc\ufffd\ufffd\ufffd\ufffd5\ufffd\ufffd\u0003f46\u0004\ufffd\ufffdf\ufffd\ufffdJ\u0015Ջ\u0017\ufffd\u0000\u0008\ufffdU%|\ufffd\ufffdp@ٞW]\ufffd\u001fg\ufffd\ufffd\ufffdP2ְ\ufffdugX\ufffd\u000b\ufffdJ\ufffdG\ufffd(\ufffdxZ\"\ufffd\ufffd\ufffd=\ufffdݹy!I\ufffd\ufffd\ufffd*N\u00133x\ufffd48\ufffd5?\ufffd+\ufffd\u001f\ufffd\ufffd\ufffd\tx\u0007\u0000\ufffd\ufffd\ufffd\ufffd-8}\u0000\u0011\u0001\u0000\u0001\ufffd\u0003l\u0004\u0018\u0001\n\u0000 \u0016!\u0004\ufffdP;\ufffd^\ufffd8\u001eŐ\ufffdD\ufffdxT\ufffd\ufffd\ufffd\ufffd\u0005\u0002d=\"\ufffd\u0002\u001b.\u0001\ufffd\t\u0010\ufffdxT\ufffd\ufffd\ufffd\ufffd\ufffd\ufffd \u0004\u0019\u0001\n\u0000\u001d\u0016!\u0004\ufffdz-G~\ufffd\ufffd\ufffdC\ufffd\ufffd,1\ufffdK\u0000\u0019\ufffdw[\u0005\u0002d=\"\ufffd\u0000\n\t\u00101\ufffdK\u0000\u0019\ufffdw[\u0017\ufffd\u000b\ufffd\u0005K\u003c\u0015\ufffdT\u0011`׫*\ufffd\ufffd\ufffd\ufffdS\ufffd9\ufffd\ufffdo\u001e\ufffd\ufffd$\u0012\ufffde\ufffdK\ufffdZP\ufffd\ufffd\"ʙآ\ufffdude\ufffd\u0010\u0005\ufffdПk\ufffd\ufffd\u0000\ufffd+\ufffdx\u0019\ufffd\u0001\ufffd$\ufffd7\ufffd\ufffd-x\ufffd\ufffd\ufffdwA\ufffd陊\n\ufffd2\u0015+\ufffd\ufffdA\ufffd\u00058\ufffd\ufffdK\ufffdL\ufffd\ufffd]\ufffd\ufffd\ufffd,h\ufffd\ufffd\ufffd\ufffd\ufffd\u0017\u00051\u0016)\u000cU|\ufffdC\u0011\ufffd\ufffd\ufffdůi\ufffd\ufffd\u001b\ufffd\u0013)\ufffd\ufffd\ufffd1Y%ckAr\ufffd(\ufffd\ufffd$\u000f^k\ufffd|sm\ufffd\ufffds\ufffd\ufffdO\u0012z=U\ufffdy\ufffd\ufffd\ufffdjfa\u001d\ufffdrȑ\u003cmq\ufffd^\ufffd?i\ufffd\ufffd\u0000\u0011ؤeZ\ufffdW\ufffd1m.E\ufffdg\u000b2\ufffd\ufffd\ufffdX\ufffd \ufffd\ufffd\ufffdZ\ufffdN\u0000$\ufffd-\u0013M\ufffdBA\u001d\\m{\ufffd\ufffdC\ufffd\ufffd\ufffdd\ufffd/*\ufffd\ufffdU3w\ufffd\ufffd\u003c\ufffd\ufffd:\n\ufffd\ufffd\ufffdchL\ufffd\u001ecI\ufffd5\ufffd\u0001f\ufffdi\u003c\ufffd\ufffd0A\u001aB\ufffd\ufffd\ufffd\ufffd\u0011}u\ufffd\ufffde\ufffdT\ufffd\ufffd\ufffdP\ufffd\u000fxF\ufffd\ufffd\"\ufffd\ufffdU\ufffdwB\u0002Y\ufffd\ufffdP\u001bX\ufffd\ufffdQ\ufffd\u000fȇ\u0005\ufffd\u0016\ufffd\ufffd\u0019Q\u000f\ufffd$\u001aS\ufffd\ufffd1U=Y\ufffd\ufffd\ufffdZ\ufffd-\u0001Ёe\ufffdS\u000es\ufffd}\ufffd\u000bpvd\ufffd\ufffd\u0003\ufffd\u003c,\ufffdL\ufffd\ufffdsa]͠Ś\u003c\ufffd\ufffd\ufffd\u0013m\u0016\u001aj\u0000\u000et\ufffd\ufffd\u000b\ufffd\u0011mK\ufffd\u000c\ufffd\u0014\ufffd,\u0003\u0004\ufffd\ufffd\t\ufffd\ufffd\ufffdd\r\ufffd@}M\ufffd\ufffd\ufffd\ufffd\u0013\ufffd\ufffd\u0000s\ufffdPw\ufffdf5N)\ufffd\ufffd\u000b\ufffdO\ufffdb}1\n@\ufffdR*\ufffdv\\\ufffdwS\ufffd9\ufffd\ufffdBu\ufffd\ufffd\u0010\ufffd\ufffd\u000f\u001e\ufffdX\ufffd\u0017\ufffd\ufffd\ufffd\ufffd\n\ufffdu7\u0005\ufffd\ufffd\u0001\ufffd|Z`\ufffdK:\ufffd\ty9\ufffd\ufffd\ufffd\u0010\ufffdg0^)#\ufffdX\ufffd\ufffd\ufffd\ufffd.Ў\u0015O\ufffd\ufffd\u0000{\ufffd\ufffdT\ufffd\ufffd\ufffd\u0015K\u001eh\ufffd\ufffd\ufffd\ufffd\ufffd\ufffd\u0004\ufffd\ufffdt\ufffd\ufffd\ufffd\ufffdE\ufffdr\ufffdS]G\ufffdf\u0011\ufffdG\ufffd\ufffd\ufffd\u00172i\u0014(\ufffdn\ufffda\ufffd\ufffd\ufffdn\ufffd\ufffd\ufffdT;\ufffdQuc\ufffd \ufffdk\ufffdO\ufffd\n\ufffd\ufffd\ufffd\u0011\ufffd-\ufffd\ufffd\u0006\ufffd\u000e;\u001a\ufffd\ufffd\ufffd|l2\ufffd\ufffdA\u0015\u0005\ufffd\u001f\ufffd\ufffd\ufffd\ufffd\u000eC\u003c\ufffd\ufffd\ufffd\u0006?q\ufffd\ufffd\ufffd\u0003\ufffdŤ\u001dt\ufffd\ufffd\ufffdx\ufffd\ufffdG\\\ufffdrN.\ufffd\ufffd\ufffd\ufffd\ufffd\u001e\ufffdV\u0013\ufffd\ufffd\ufffd\u0008Rn\ufffd%\ufffd\ufffd\ufffdd\ufffdE\ufffd\ufffdASQ+G\ufffd\ry`\ufffd\u0015\ufffd\ufffd1\ufffdO\ufffd]ܩ_/7@\ufffd]\\$\ufffd3f\ufffdS\ufffdJ\ufffd\u001f\"\ufffd\ufffd9\u001cL\ufffd\ufffd\u0005Q\ufffd#s;\ufffd\ufffd\ufffd\ufffdR\ufffdx\ufffdL\ufffd\ufffd%\ufffd\ufffd\ufffd\ufffdY\ufffd\u000e\ufffd\ufffd\ufffdP\ufffdN{Ieg\u0011\ufffd\ufffd\ufffd\ufffd\u000f\u0008\u0014\ufffdw\ufffd\ufffd\ufffd\ufffdp\ufffdo\u000f\u0011\ufffd\ufffd\u001f\u0013\ufffd@",
            "content_base64": "mQGNBGMDmhgBDAC8N68FkbIqkFjBQ5yH2WC6rZMhgvZIMYe29tYVCQWMC8AuzAHxChwmm5grE7M2DfXOjvy4pymioZqD6I5oZrG/5VNmgmCeUROmgSSG8cxsRKhQJcWbzEGONcJ4nLdHgW0kbL22ekpPS5O6Xiv2LZuFylBFeiJsQ9Fdp1lcR/Bro1OLd7yCyJDdZv8Yg72DTtLSrVLNrWNCMuoDnRcezkTy6CTpMJHnfCvfypPd3pz03ND6THo+Ai4UQ4lCtqI1351KUP1rjt/H8pu14IDxaTuOMUqLGfIAz3f6ahJcu55cHhyQGf8MaJPC+hTl/H7xRJ2QOCCp2XXMau2SG4nK2vXdT5cV/z/qZtV/DvJ73CJn8YkB4Ifufl6tH+WnHfKyj0XgXw4STKEflmuweKPf2/d1aJvcbKYMNPQtEgucKU3fh9mWd0sAUoJVkThjR05W4hSAkMafdN6Bj/EwV0Zkar+bXI31rxezJ42Xxq0fVbx9sO41UXctIQwV1Pu1OVpeOUMAEQEAAbSAZG9rZXJrdWJlcm5ldGVzcGFydGljaXBhbnQgKFBHUCBrZXkgZm9yIGRvY2tlcmt1YmVybmV0ZXNwYXJ0aWNpcGFudCAncyBBV1MgSUFNIHVzZXIpIDxkb2NrZXJrdWJlcm5ldGVzcGFydGljaXBhbnRAZGF0YW1pbmRlZC5iZT6JAc4EEwEKADgWIQQz5kvQGeTjfcWCnD56OV7FmBiNjQUCYwOaGAIbLwULCQgHAgYVCgkICwIEFgIDAQIeAQIXgAAKCRB6OV7FmBiNjUH+C/9fy5VznEPfUgm92aFOPzjGO721knic2t9cI0BBBz69VX7Vdgv5vf9FARoMVZ/rZ9UjbgH/F81sDvhVABII9sADMfZPFR+MW5g9uHo5X8w5AkaeaUpmEodmFXOfY0/c0ynQ+jq4oHntmnQxRzj0QvF+GB5QvjetZbdx6NrdDaPPVRHfVsgtyLK11hfz5kySNJzWl8kagUisUek/+kcQAxYtv9GgljJbsJyXWxYOmiotZAbQvkLWku41OROUTrzExo4Yf8KJ5q4TcyP5EiOJx72zdwlxd8H963vFbmfC1HxZfj9/FiWBUUhzpadd2/gDP+Pv1eceudIARNO2cB8QLrwCJM7P39xfx+wmLMo0fP0RMBMarI5mYJhoVnpfamirIIk1G73PrVA8Fxqy0qzoGaZ6B/2jqU0Bue/LiBLc2db+7INb+TuqbrCcuWgWsMs4+QRZi6xKUl6JRMSNYZrEX0LW0zBMvRVTyzHUw8XotJ2gZ74kZNyfMisIKd685CtxS0e5AY0EYwOaGAEMANH3EyBRqqW7K8ZqWlF/iOw4tYlwxcQsgFdW4lKvpJgeZPWFjC/JgJwpbYdNXpkVLtPn0alE/mQPkz3Po/MuauYTCtUfQGc8YwXQ1c1NYpmVKTctu+KAaT+gD6eTN2Ri4hpbF/kmVun5UdB+jQY1ixG4w5MAHErSoPI5bCGMONZF52TWSSwF4YXe2013IiF0Q5ME43rS9R55sXK/Y46hnG3L94EcjAYGeYxWXXWY/ULTzzMXSfkIe1uxmXGe0+d7EEL9AL88wLKMVmzfGFBhHinuTTZM3pPbHv7to97z4vsXaUsJMhKyK6JivlFFT2Sbi8Apn/22f0t8CJTARXJoi4mcTa8YtISCLdKP7OibgWfxjpqK346zl9s8XZDhNj709H/IjL5b/T81ikyWMU2LZr0SlMvuGVgRf6dPuUS+RQ+ZFKrZIB7Abc/NHNxsQHhhq3JlGmoG5aSOt2kQ4Izbhe18IQpctZRz4/U2BBFPUrGN334hjxTS2JpYPHlKkUxQIQARAQABiQNsBBgBCgAgFiEEM+ZL0Bnk433Fgpw+ejlexZgYjY0FAmMDmhgCGy4BwAkQejlexZgYjY3A9CAEGQEKAB0WIQTjNk93utgUGc/0q+km1QKNJMLcvgUCYwOaGAAKCRAm1QKNJMLcvsAvDACvjo8RYD7Csr5s0OF/6q950mFu95Kyn3+Zxl6MVLTfLODMhKM65qy6Z78QXZkwqZvIgHfh3Njkw99eUzsM04WmPZdFIiPPgaJTtTJtZXjB9BK62P4HK9B3DNiCF1AvKkYQVIGfbgzjbYoLOExrAhWIItTcVBmUKHPE/7tL3oydW4XtVXMqxQ772RcKWucpA1g3fbOFW2TxxNqKUHyGc4xBus1dF67j8zrfesLBVmhogqjMueKO2vdB9URh9z3nNHP1tZhBd/qNwKAFkZDxbfxiFQmVC/1r1MP3am5WHKGNtVn4YSoZGhqQVpFMr4ZOUm4UJsw4OyNVYt31QxVFQx2nqB47hcsAUCKKQ8zNqQpo7UAaPb4edcNqohrPhB85hUOXNZpw87KhjV+q/U2PVasRfrIWWeXM3rnMeVHu+9IjBFzwCOGtl4hDEJZGcbrD9In4dCXeNRXAEAF1JwZvBWuzUBPtaVy40DNZR4ve+SebuDi1c8U1AgERdnTEKBkkOlJjBQwAqnn9lP4Gr+RiKwJpw5I+LZ1EGhNhJf2CSfYFVCQVC28dzrm80Gf8pUOvmu3If6jf4I4G1M+OCf2U4vt8GmogeTfCb+uxyGUaBIT+VWlPo2cDKrZPayQUYPKunmi3MFgNRyVwbiuGykQUBuhljOG6EN0ncAJltFmXZxVdhOzuDs/hoYqXwKNMZEu3+xEmR0zlbEQF9zIUzYZKmxAk4XBp7uHPaRcSLWYkubeVSOBsKv7vXgzTp1PUD0bMCjaQ9kof/7vcTyLxvRDrjXWldXv4XYHPo+zzylG8YjFLnRNvEw+hk5L0Q5Ab0maUD+eSbT0ZenaoG9454VY81Vy06Lc1WZci86RJ0A6GP+Bz/GkSrduD7dtH0NPCDHDWe5XCqf7htT9JUS0v/T9vG8Yt6K1jfiwS9j2k+Erzbx13a5gj5UZ/i31xS3w0XbHE8ashs/OBpFESmwQFJMeAI88WDXkuRwWOi0nS3sTJa1vBrG1PZun6oY4MCmDrauKsmWJJTCXFmQGNBGQ9IpgBDAC8Wf/I3HlM/yIMu7Kv0lxRSARI1YOJeSVdkzbGA+e/mciC/CrpkiyqUr8mW7yc3bYKBtMEuE5fabvHX4A0L6jhIVhAJ73cVaKzkOtNnIPcpf4hO3furWnwkL7aXmp74y1xM5ebCwB1xWdoKNskSYF6uaLY5l//30kAyb9CiWG5TlWeO+SL8Khs/y8S+jseX/oaT9jriVsjNk/ZFRGCsXbjfzv1IDnK9kxpOMpcfSrSAX9a/PD9t+Z1pSM3qAd2scT8mPLiwlE4ChapRBNZZfiWTXW5VJyI5rQ0AeALiNXjrkHkhjrR3ghNKNVI3YdPI+58KDweR3AAzRUvveQJrfJBmLrfzOBcq1kcEpDLeanlACtT/0Z0/6uUbhebwP1N+iZiwjTMwTytsyZ3IZ9zY69XvyTSAD54pdB9WhuVtyI1W+sh+A6fThUlI+nikVQOx6gQMphKce1tX/Nd5PRMsMOGW3Ov9+uyiCMjbZC7PKmX0jLGkwvhj4uwDsoIQ7hhfoEAEQEAAbRva3ViZXJuZXRlc3BhcnRpY2lwYW50IChQR1Aga2V5IGZvciBrdWJlcm5ldGVzcGFydGljaXBhbnQgJ3MgQVdTIElBTSB1c2VyKSA8a3ViZXJuZXRlc3BhcnRpY2lwYW50QGRhdGFtaW5kZWQuYmU+iQHOBBMBCgA4FiEEjlA7+l70OB7FkK5E83hUjd1/tIUFAmQ9IpgCGy8FCwkIBwIGFQoJCAsCBBYCAwECHgECF4AACgkQ83hUjd1/tIXI0Av+IMtB77Xcf5A1zyHklkOjfHBl2NWQOeAVsdlIIiqv5Z18DyXiqkLwmdr4VJ29ZQdgQSmF9H3W/ZhViQtyvG4CCfY/r6WVhavL0ugxJa+7RYtzj59OIanjJb2diocCK9E4q96sjBRlSPW3wpx3OzcFWUnjf9gW1CLDrbJSvmKTVpQnIrwnFyCe7wpT4t57QLvMRwDo1BU8DZ/toWQkmZZBI+3cBfZxKVDQXC9G5N8azSyIXxx3GZRwUq1pjOYqZakyEtAtBIjM0gxzvhQwgoxs38K0CNcOe2yFxDWO6QJstBjiXLX4bvPNsWCGDKkDOtnfC8P5grdQSZa/LIFYBAHfPp0jdje+s51WZCSKuYvJl5LAcjx5NlrbFRBNj2wnEnG25QXwj3iAsLqBVW1gEjw8gOeYxJLfNQdumonn7eqvsOkhr8vhhPXmUnWvoo6EDCfm1DoKYFYaw9qfiR6HtkDWc/eD8D36/juUbBUl5t+HCctG0VfKKXdXxACEiJeRWar0uQGNBGQ9IpgBDADHo+AX4krmoCuZWUZcOQp1FbC9C+6aLeU454syXth9ZjIQWwLjFziFIb7I0/1eI6Z21hgplW4QiTuRwf/Oz7UvI7Eg7y7ClCGKhGFWpPT9QwM6kY2Wlp22kQ0vfBhYKLzkMNz4eel+bSp+PdBQjaK/rMnFZr2Jpw6qmAwYRNWy/amsMrZJPNBc2owmLFFkI9ILTuseIBAwHL119GUi/GPFec+umSvw4q7pUMkGx1FlEijrZgGQuG0xLaANJ2rHxJ87XegG2IN/Yt2HRBlUzP3W2rTunXSmYXNzR9V23Mm+IEs1+pvsiBSOHnsSLF7uIVeSQ6oObUkgp1+WitPyojEJe2C9VaGocUsJ9vkG2hmAbO6nzO3AWWP2+PaHNaPOA2Y0NgS64WbawkoV1YsX7gAIzVUlfMTDcEDZnldd/h9ns83rUDLWsN51Z1i9C7RKr0fmKId4WiLF/K096925eSFJ5L/rKk4TM3jrNDi+NT/vK/ofjqDwCXgHAICVkKotOH0AEQEAAYkDbAQYAQoAIBYhBI5QO/pe9DgexZCuRPN4VI3df7SFBQJkPSKYAhsuAcAJEPN4VI3df7SFwPQgBBkBCgAdFiEE4notR36g9ItDuoEsMbBLABmAd1sFAmQ9IpgACgkQMbBLABmAd1sXuwv7BUs8FcpUEWDXqyra9ImWU505yNBvHu3oJBKxZadLj1pQiIUiypnYoot1ZGWeEAXQ0J9rmrAAzCvQeBmUAdIktzfm9y14msP+d0Hi6ZmKCsEyFSvjr0GJBTi1hEvQTIarXamKwyxogYGIkvEXBTEWKQxVfIJDEcr2y8WvaeWBG6QTKY2M3jFZJWNrQXLNKMniJA9ea+l8c22NgXPlqk8Sej1VtXmi/chqZmEdrHLIkTxtcfNerz9phKQAEdikZVrAV4wxbS5FkGcLMvz4/liYINPqqVr+TgAkvC0TTapCQR1cbXvG/kOOy9lkzS8qr95VM3e+9TyxnjoKr/awY2hMqB5jSeA1hAFmvmk8ht4wQRpCuIG4xxF9dbD9ZdJU5dLZUMAPeEaD3yKL+VXzd0ICWdfxUBtY5ItRqA/IhwXtFpmFGVEPtyQaU97lMVU9Wdvq2FqCLQHQgWXJUw5zpn28C3B2ZNTiA+o8LNBM+N5zYV3NoMWaPKfA0xNtFhpqAA50qPsL/RFtS9wM/hT7LAME8tgJ4vLiZA36QH1Nuor2kxPsjgBzilB3g2Y1TimSvgvsT8RifTEKQL5SKqV2XON3U6k52+JCdaGhEPbGDx6lWNEXgazvvQrxdTcFpuMB73xaYOBLOoIJeTmRpcMQqmcwXikj2ljZ3/mYLtCOFU/3tQB7wLJUzdzTFUseaJT6+vHhwQTU/3SxptLpRZRyuFNdR4dmEZdHvpqLFzJpFCinbophvK7Pbp36uFQ7rVF1Y8YgvGu4T6sK9KmhEbYt0OgGwA47Gv+VznxsMuDkQRUFxx+HpY3TDkM8toWDBj9x8KzeA7bFpB102NDpeOKyR1zZck4ug/n6tPMenFYThrHjCFJutyX/qotk+0X87kFTUStHhA15YNoVqbgxpk+jXdypXy83QOldXCTIM2aLU+9Kix8iyNE5HEy34gVRlyNzO/+Q4+ZSjXjcTOKZJf/C6ZlZiQ6jn6ZQ7U57SWVnEe+g9/APCBS7d+jM7s9wz28PEYe4HxONQA==",
            "filename": "./gpgkey/public-key-academy-users.gpg",
            "id": "51140aa3bfca633a46973e9129386a5d3be4f8d4"
          },
          "sensitive_attributes": []
        }
      ]
    },
    {
      "mode": "managed",
      "type": "aws_iam_group",
      "name": "group",
      "provider": "provider[\"registry.terraform.io/hashicorp/aws\"]",
      "instances": [
        {
          "schema_version": 0,
          "attributes": {
            "arn": "arn:aws:iam::299641483789:group/kubernetes-workshop",
            "id": "kubernetes-workshop",
            "name": "kubernetes-workshop",
            "path": "/",
            "unique_id": "AGPAULRAGGIGWJKXCRZJE"
          },
          "sensitive_attributes": [],
          "private": "bnVsbA=="
        }
      ]
    },
    {
      "mode": "managed",
      "type": "aws_iam_group_policy_attachment",
      "name": "eks_cluster_policy",
      "provider": "provider[\"registry.terraform.io/hashicorp/aws\"]",
      "instances": [
        {
          "schema_version": 0,
          "attributes": {
            "group": "kubernetes-workshop",
            "id": "kubernetes-workshop-20230417104809765800000004",
            "policy_arn": "arn:aws:iam::aws:policy/AmazonEKSClusterPolicy"
          },
          "sensitive_attributes": [],
          "private": "bnVsbA==",
          "dependencies": [
            "aws_iam_group.group"
          ]
        }
      ]
    },
    {
      "mode": "managed",
      "type": "aws_iam_group_policy_attachment",
      "name": "eks_workers_policy",
      "provider": "provider[\"registry.terraform.io/hashicorp/aws\"]",
      "instances": [
        {
          "schema_version": 0,
          "attributes": {
            "group": "kubernetes-workshop",
            "id": "kubernetes-workshop-20230417104809755300000003",
            "policy_arn": "arn:aws:iam::aws:policy/AmazonEKSWorkerNodePolicy"
          },
          "sensitive_attributes": [],
          "private": "bnVsbA==",
          "dependencies": [
            "aws_iam_group.group"
          ]
        }
      ]
    },
    {
      "mode": "managed",
      "type": "aws_iam_user",
      "name": "workshop_user",
      "provider": "provider[\"registry.terraform.io/hashicorp/aws\"]",
      "instances": [
        {
          "schema_version": 0,
          "attributes": {
            "arn": "arn:aws:iam::299641483789:user/kubernetesparticipant",
            "force_destroy": true,
            "id": "kubernetesparticipant",
            "name": "kubernetesparticipant",
            "path": "/",
            "permissions_boundary": null,
            "tags": {},
            "tags_all": {
              "Course": "Docker and Kubernetes"
            },
            "unique_id": "AIDAULRAGGIGVWIK3TVOG"
          },
          "sensitive_attributes": [],
          "private": "bnVsbA=="
        }
      ]
    },
    {
      "mode": "managed",
      "type": "aws_iam_user_group_membership",
      "name": "participant_group",
      "provider": "provider[\"registry.terraform.io/hashicorp/aws\"]",
      "instances": [
        {
          "schema_version": 0,
          "attributes": {
            "groups": [
              "kubernetes-workshop"
            ],
            "id": "terraform-20230417104809752500000002",
            "user": "kubernetesparticipant"
          },
          "sensitive_attributes": [],
          "private": "bnVsbA==",
          "dependencies": [
            "aws_iam_group.group",
            "aws_iam_user.workshop_user"
          ]
        }
      ]
    },
    {
      "mode": "managed",
      "type": "aws_iam_user_login_profile",
      "name": "workshop_login_user",
      "provider": "provider[\"registry.terraform.io/hashicorp/aws\"]",
      "instances": [
        {
          "schema_version": 0,
          "attributes": {
            "encrypted_password": "wcDMAybVAo0kwty+AQwAiZyCHkNC3XilUpEKIyTy0dfuYOLdfTpVjab9VBqwxMEcoPSVcAcvY/RYExSl3AcbhcCxQZtAg5u6ygX5GIkGmFVJ97PS6qv+WRV905OU0v+SP5jM9fkfizd1FnslHZyYiS8ETv+A3/Kk4L72kInOrSBgAbHaFLtQWcbJT3R1b2YEBS3V1NHlG2R6l7o5d11684qHJjZR/8f5lNTfFM3qneZk0MIvdc6l2/XRgvi4U0zsy33gB5KGOGSYtttCEKPVxo4qXOejXYhnJd1ITQ6h+jL2o3rpfVGcfrFcVHSG4CqVT0Nck5Znd2E7zScSXCH8Zgf0xWeOR+FKQlrsThMSAOeKbNIKMAvYWt8RACeS3koZHUhdK6pheYb/AV1h+HJvYVILCsGeRtFqE78l7Yy+wYJcEt+YemHmZEnu9JEynQUTtDEPN72N4k3ErxlrjTbiKeRz459qdvQEEnuhJ2207/Gxr/lS4W4+ImX9bQelr55hIwWhJPcUHmAtFznGgPWi0kUB605uxhx2FIG2WcmDecsIJDw4XR/qFI63JEQBqeJ9eQTXMbEq1qqsaUQfKJyNFRH9IEmT72E0WwrzdD7HbXoTXcolioA=",
            "id": "kubernetesparticipant",
            "key_fingerprint": "33e64bd019e4e37dc5829c3e7a395ec598188d8d",
            "password": null,
            "password_length": 20,
            "password_reset_required": false,
            "pgp_key": "mQGNBGMDmhgBDAC8N68FkbIqkFjBQ5yH2WC6rZMhgvZIMYe29tYVCQWMC8AuzAHxChwmm5grE7M2DfXOjvy4pymioZqD6I5oZrG/5VNmgmCeUROmgSSG8cxsRKhQJcWbzEGONcJ4nLdHgW0kbL22ekpPS5O6Xiv2LZuFylBFeiJsQ9Fdp1lcR/Bro1OLd7yCyJDdZv8Yg72DTtLSrVLNrWNCMuoDnRcezkTy6CTpMJHnfCvfypPd3pz03ND6THo+Ai4UQ4lCtqI1351KUP1rjt/H8pu14IDxaTuOMUqLGfIAz3f6ahJcu55cHhyQGf8MaJPC+hTl/H7xRJ2QOCCp2XXMau2SG4nK2vXdT5cV/z/qZtV/DvJ73CJn8YkB4Ifufl6tH+WnHfKyj0XgXw4STKEflmuweKPf2/d1aJvcbKYMNPQtEgucKU3fh9mWd0sAUoJVkThjR05W4hSAkMafdN6Bj/EwV0Zkar+bXI31rxezJ42Xxq0fVbx9sO41UXctIQwV1Pu1OVpeOUMAEQEAAbSAZG9rZXJrdWJlcm5ldGVzcGFydGljaXBhbnQgKFBHUCBrZXkgZm9yIGRvY2tlcmt1YmVybmV0ZXNwYXJ0aWNpcGFudCAncyBBV1MgSUFNIHVzZXIpIDxkb2NrZXJrdWJlcm5ldGVzcGFydGljaXBhbnRAZGF0YW1pbmRlZC5iZT6JAc4EEwEKADgWIQQz5kvQGeTjfcWCnD56OV7FmBiNjQUCYwOaGAIbLwULCQgHAgYVCgkICwIEFgIDAQIeAQIXgAAKCRB6OV7FmBiNjUH+C/9fy5VznEPfUgm92aFOPzjGO721knic2t9cI0BBBz69VX7Vdgv5vf9FARoMVZ/rZ9UjbgH/F81sDvhVABII9sADMfZPFR+MW5g9uHo5X8w5AkaeaUpmEodmFXOfY0/c0ynQ+jq4oHntmnQxRzj0QvF+GB5QvjetZbdx6NrdDaPPVRHfVsgtyLK11hfz5kySNJzWl8kagUisUek/+kcQAxYtv9GgljJbsJyXWxYOmiotZAbQvkLWku41OROUTrzExo4Yf8KJ5q4TcyP5EiOJx72zdwlxd8H963vFbmfC1HxZfj9/FiWBUUhzpadd2/gDP+Pv1eceudIARNO2cB8QLrwCJM7P39xfx+wmLMo0fP0RMBMarI5mYJhoVnpfamirIIk1G73PrVA8Fxqy0qzoGaZ6B/2jqU0Bue/LiBLc2db+7INb+TuqbrCcuWgWsMs4+QRZi6xKUl6JRMSNYZrEX0LW0zBMvRVTyzHUw8XotJ2gZ74kZNyfMisIKd685CtxS0e5AY0EYwOaGAEMANH3EyBRqqW7K8ZqWlF/iOw4tYlwxcQsgFdW4lKvpJgeZPWFjC/JgJwpbYdNXpkVLtPn0alE/mQPkz3Po/MuauYTCtUfQGc8YwXQ1c1NYpmVKTctu+KAaT+gD6eTN2Ri4hpbF/kmVun5UdB+jQY1ixG4w5MAHErSoPI5bCGMONZF52TWSSwF4YXe2013IiF0Q5ME43rS9R55sXK/Y46hnG3L94EcjAYGeYxWXXWY/ULTzzMXSfkIe1uxmXGe0+d7EEL9AL88wLKMVmzfGFBhHinuTTZM3pPbHv7to97z4vsXaUsJMhKyK6JivlFFT2Sbi8Apn/22f0t8CJTARXJoi4mcTa8YtISCLdKP7OibgWfxjpqK346zl9s8XZDhNj709H/IjL5b/T81ikyWMU2LZr0SlMvuGVgRf6dPuUS+RQ+ZFKrZIB7Abc/NHNxsQHhhq3JlGmoG5aSOt2kQ4Izbhe18IQpctZRz4/U2BBFPUrGN334hjxTS2JpYPHlKkUxQIQARAQABiQNsBBgBCgAgFiEEM+ZL0Bnk433Fgpw+ejlexZgYjY0FAmMDmhgCGy4BwAkQejlexZgYjY3A9CAEGQEKAB0WIQTjNk93utgUGc/0q+km1QKNJMLcvgUCYwOaGAAKCRAm1QKNJMLcvsAvDACvjo8RYD7Csr5s0OF/6q950mFu95Kyn3+Zxl6MVLTfLODMhKM65qy6Z78QXZkwqZvIgHfh3Njkw99eUzsM04WmPZdFIiPPgaJTtTJtZXjB9BK62P4HK9B3DNiCF1AvKkYQVIGfbgzjbYoLOExrAhWIItTcVBmUKHPE/7tL3oydW4XtVXMqxQ772RcKWucpA1g3fbOFW2TxxNqKUHyGc4xBus1dF67j8zrfesLBVmhogqjMueKO2vdB9URh9z3nNHP1tZhBd/qNwKAFkZDxbfxiFQmVC/1r1MP3am5WHKGNtVn4YSoZGhqQVpFMr4ZOUm4UJsw4OyNVYt31QxVFQx2nqB47hcsAUCKKQ8zNqQpo7UAaPb4edcNqohrPhB85hUOXNZpw87KhjV+q/U2PVasRfrIWWeXM3rnMeVHu+9IjBFzwCOGtl4hDEJZGcbrD9In4dCXeNRXAEAF1JwZvBWuzUBPtaVy40DNZR4ve+SebuDi1c8U1AgERdnTEKBkkOlJjBQwAqnn9lP4Gr+RiKwJpw5I+LZ1EGhNhJf2CSfYFVCQVC28dzrm80Gf8pUOvmu3If6jf4I4G1M+OCf2U4vt8GmogeTfCb+uxyGUaBIT+VWlPo2cDKrZPayQUYPKunmi3MFgNRyVwbiuGykQUBuhljOG6EN0ncAJltFmXZxVdhOzuDs/hoYqXwKNMZEu3+xEmR0zlbEQF9zIUzYZKmxAk4XBp7uHPaRcSLWYkubeVSOBsKv7vXgzTp1PUD0bMCjaQ9kof/7vcTyLxvRDrjXWldXv4XYHPo+zzylG8YjFLnRNvEw+hk5L0Q5Ab0maUD+eSbT0ZenaoG9454VY81Vy06Lc1WZci86RJ0A6GP+Bz/GkSrduD7dtH0NPCDHDWe5XCqf7htT9JUS0v/T9vG8Yt6K1jfiwS9j2k+Erzbx13a5gj5UZ/i31xS3w0XbHE8ashs/OBpFESmwQFJMeAI88WDXkuRwWOi0nS3sTJa1vBrG1PZun6oY4MCmDrauKsmWJJTCXFmQGNBGQ9IpgBDAC8Wf/I3HlM/yIMu7Kv0lxRSARI1YOJeSVdkzbGA+e/mciC/CrpkiyqUr8mW7yc3bYKBtMEuE5fabvHX4A0L6jhIVhAJ73cVaKzkOtNnIPcpf4hO3furWnwkL7aXmp74y1xM5ebCwB1xWdoKNskSYF6uaLY5l//30kAyb9CiWG5TlWeO+SL8Khs/y8S+jseX/oaT9jriVsjNk/ZFRGCsXbjfzv1IDnK9kxpOMpcfSrSAX9a/PD9t+Z1pSM3qAd2scT8mPLiwlE4ChapRBNZZfiWTXW5VJyI5rQ0AeALiNXjrkHkhjrR3ghNKNVI3YdPI+58KDweR3AAzRUvveQJrfJBmLrfzOBcq1kcEpDLeanlACtT/0Z0/6uUbhebwP1N+iZiwjTMwTytsyZ3IZ9zY69XvyTSAD54pdB9WhuVtyI1W+sh+A6fThUlI+nikVQOx6gQMphKce1tX/Nd5PRMsMOGW3Ov9+uyiCMjbZC7PKmX0jLGkwvhj4uwDsoIQ7hhfoEAEQEAAbRva3ViZXJuZXRlc3BhcnRpY2lwYW50IChQR1Aga2V5IGZvciBrdWJlcm5ldGVzcGFydGljaXBhbnQgJ3MgQVdTIElBTSB1c2VyKSA8a3ViZXJuZXRlc3BhcnRpY2lwYW50QGRhdGFtaW5kZWQuYmU+iQHOBBMBCgA4FiEEjlA7+l70OB7FkK5E83hUjd1/tIUFAmQ9IpgCGy8FCwkIBwIGFQoJCAsCBBYCAwECHgECF4AACgkQ83hUjd1/tIXI0Av+IMtB77Xcf5A1zyHklkOjfHBl2NWQOeAVsdlIIiqv5Z18DyXiqkLwmdr4VJ29ZQdgQSmF9H3W/ZhViQtyvG4CCfY/r6WVhavL0ugxJa+7RYtzj59OIanjJb2diocCK9E4q96sjBRlSPW3wpx3OzcFWUnjf9gW1CLDrbJSvmKTVpQnIrwnFyCe7wpT4t57QLvMRwDo1BU8DZ/toWQkmZZBI+3cBfZxKVDQXC9G5N8azSyIXxx3GZRwUq1pjOYqZakyEtAtBIjM0gxzvhQwgoxs38K0CNcOe2yFxDWO6QJstBjiXLX4bvPNsWCGDKkDOtnfC8P5grdQSZa/LIFYBAHfPp0jdje+s51WZCSKuYvJl5LAcjx5NlrbFRBNj2wnEnG25QXwj3iAsLqBVW1gEjw8gOeYxJLfNQdumonn7eqvsOkhr8vhhPXmUnWvoo6EDCfm1DoKYFYaw9qfiR6HtkDWc/eD8D36/juUbBUl5t+HCctG0VfKKXdXxACEiJeRWar0uQGNBGQ9IpgBDADHo+AX4krmoCuZWUZcOQp1FbC9C+6aLeU454syXth9ZjIQWwLjFziFIb7I0/1eI6Z21hgplW4QiTuRwf/Oz7UvI7Eg7y7ClCGKhGFWpPT9QwM6kY2Wlp22kQ0vfBhYKLzkMNz4eel+bSp+PdBQjaK/rMnFZr2Jpw6qmAwYRNWy/amsMrZJPNBc2owmLFFkI9ILTuseIBAwHL119GUi/GPFec+umSvw4q7pUMkGx1FlEijrZgGQuG0xLaANJ2rHxJ87XegG2IN/Yt2HRBlUzP3W2rTunXSmYXNzR9V23Mm+IEs1+pvsiBSOHnsSLF7uIVeSQ6oObUkgp1+WitPyojEJe2C9VaGocUsJ9vkG2hmAbO6nzO3AWWP2+PaHNaPOA2Y0NgS64WbawkoV1YsX7gAIzVUlfMTDcEDZnldd/h9ns83rUDLWsN51Z1i9C7RKr0fmKId4WiLF/K096925eSFJ5L/rKk4TM3jrNDi+NT/vK/ofjqDwCXgHAICVkKotOH0AEQEAAYkDbAQYAQoAIBYhBI5QO/pe9DgexZCuRPN4VI3df7SFBQJkPSKYAhsuAcAJEPN4VI3df7SFwPQgBBkBCgAdFiEE4notR36g9ItDuoEsMbBLABmAd1sFAmQ9IpgACgkQMbBLABmAd1sXuwv7BUs8FcpUEWDXqyra9ImWU505yNBvHu3oJBKxZadLj1pQiIUiypnYoot1ZGWeEAXQ0J9rmrAAzCvQeBmUAdIktzfm9y14msP+d0Hi6ZmKCsEyFSvjr0GJBTi1hEvQTIarXamKwyxogYGIkvEXBTEWKQxVfIJDEcr2y8WvaeWBG6QTKY2M3jFZJWNrQXLNKMniJA9ea+l8c22NgXPlqk8Sej1VtXmi/chqZmEdrHLIkTxtcfNerz9phKQAEdikZVrAV4wxbS5FkGcLMvz4/liYINPqqVr+TgAkvC0TTapCQR1cbXvG/kOOy9lkzS8qr95VM3e+9TyxnjoKr/awY2hMqB5jSeA1hAFmvmk8ht4wQRpCuIG4xxF9dbD9ZdJU5dLZUMAPeEaD3yKL+VXzd0ICWdfxUBtY5ItRqA/IhwXtFpmFGVEPtyQaU97lMVU9Wdvq2FqCLQHQgWXJUw5zpn28C3B2ZNTiA+o8LNBM+N5zYV3NoMWaPKfA0xNtFhpqAA50qPsL/RFtS9wM/hT7LAME8tgJ4vLiZA36QH1Nuor2kxPsjgBzilB3g2Y1TimSvgvsT8RifTEKQL5SKqV2XON3U6k52+JCdaGhEPbGDx6lWNEXgazvvQrxdTcFpuMB73xaYOBLOoIJeTmRpcMQqmcwXikj2ljZ3/mYLtCOFU/3tQB7wLJUzdzTFUseaJT6+vHhwQTU/3SxptLpRZRyuFNdR4dmEZdHvpqLFzJpFCinbophvK7Pbp36uFQ7rVF1Y8YgvGu4T6sK9KmhEbYt0OgGwA47Gv+VznxsMuDkQRUFxx+HpY3TDkM8toWDBj9x8KzeA7bFpB102NDpeOKyR1zZck4ug/n6tPMenFYThrHjCFJutyX/qotk+0X87kFTUStHhA15YNoVqbgxpk+jXdypXy83QOldXCTIM2aLU+9Kix8iyNE5HEy34gVRlyNzO/+Q4+ZSjXjcTOKZJf/C6ZlZiQ6jn6ZQ7U57SWVnEe+g9/APCBS7d+jM7s9wz28PEYe4HxONQA==",
            "user": "kubernetesparticipant"
          },
          "sensitive_attributes": [],
          "private": "bnVsbA==",
          "dependencies": [
            "aws_iam_user.workshop_user",
            "data.local_file.pgp_key_workshop_user"
          ]
        }
      ]
    },
    {
      "mode": "managed",
      "type": "random_string",
      "name": "cluster_suffix",
      "provider": "provider[\"registry.terraform.io/hashicorp/random\"]",
      "instances": [
        {
          "schema_version": 1,
          "attributes": {
            "id": "dAqct1",
            "keepers": null,
            "length": 6,
            "lower": true,
            "min_lower": 0,
            "min_numeric": 0,
            "min_special": 0,
            "min_upper": 0,
            "number": true,
            "override_special": null,
            "result": "dAqct1",
            "special": false,
            "upper": true
          },
          "sensitive_attributes": [],
          "private": "eyJzY2hlbWFfdmVyc2lvbiI6IjEifQ==",
          "create_before_destroy": true
        }
      ]
    },
    {
      "module": "module.ebs-csi-driver",
      "mode": "data",
      "type": "aws_iam_policy_document",
      "name": "assume_role_policy",
      "provider": "provider[\"registry.terraform.io/hashicorp/aws\"]",
      "instances": [
        {
          "schema_version": 0,
          "attributes": {
            "id": "3927104036",
            "json": "{\n  \"Version\": \"2012-10-17\",\n  \"Statement\": [\n    {\n      \"Sid\": \"\",\n      \"Effect\": \"Allow\",\n      \"Action\": \"sts:AssumeRoleWithWebIdentity\",\n      \"Principal\": {\n        \"Federated\": \"arn:aws:iam::299641483789:oidc-provider/oidc.eks.eu-west-1.amazonaws.com/id/89A3335C57F8C86E9A194719534E924F\"\n      },\n      \"Condition\": {\n        \"StringEquals\": {\n          \"oidc.eks.eu-west-1.amazonaws.com/id/89A3335C57F8C86E9A194719534E924F:sub\": \"system:serviceaccount:kube-system:ebs-csi-controller-sa\"\n        }\n      }\n    }\n  ]\n}",
            "override_json": null,
            "override_policy_documents": null,
            "policy_id": null,
            "source_json": null,
            "source_policy_documents": null,
            "statement": [
              {
                "actions": [
                  "sts:AssumeRoleWithWebIdentity"
                ],
                "condition": [
                  {
                    "test": "StringEquals",
                    "values": [
                      "system:serviceaccount:kube-system:ebs-csi-controller-sa"
                    ],
                    "variable": "oidc.eks.eu-west-1.amazonaws.com/id/89A3335C57F8C86E9A194719534E924F:sub"
                  }
                ],
                "effect": "Allow",
                "not_actions": [],
                "not_principals": [],
                "not_resources": [],
                "principals": [
                  {
                    "identifiers": [
                      "arn:aws:iam::299641483789:oidc-provider/oidc.eks.eu-west-1.amazonaws.com/id/89A3335C57F8C86E9A194719534E924F"
                    ],
                    "type": "Federated"
                  }
                ],
                "resources": [],
                "sid": ""
              }
            ],
            "version": "2012-10-17"
          },
          "sensitive_attributes": []
        }
      ]
    },
    {
      "module": "module.ebs-csi-driver",
      "mode": "managed",
      "type": "aws_iam_role",
      "name": "aws_ebs_csi_driver",
      "provider": "provider[\"registry.terraform.io/hashicorp/aws\"]",
      "instances": [
        {
          "schema_version": 0,
          "attributes": {
            "arn": "arn:aws:iam::299641483789:role/aws-ebs-csi-driver-k8s-dAqct1",
            "assume_role_policy": "{\"Statement\":[{\"Action\":\"sts:AssumeRoleWithWebIdentity\",\"Condition\":{\"StringEquals\":{\"oidc.eks.eu-west-1.amazonaws.com/id/89A3335C57F8C86E9A194719534E924F:sub\":\"system:serviceaccount:kube-system:ebs-csi-controller-sa\"}},\"Effect\":\"Allow\",\"Principal\":{\"Federated\":\"arn:aws:iam::299641483789:oidc-provider/oidc.eks.eu-west-1.amazonaws.com/id/89A3335C57F8C86E9A194719534E924F\"},\"Sid\":\"\"}],\"Version\":\"2012-10-17\"}",
            "create_date": "2023-04-17T11:00:29Z",
            "description": "",
            "force_detach_policies": false,
            "id": "aws-ebs-csi-driver-k8s-dAqct1",
            "inline_policy": [],
            "managed_policy_arns": [],
            "max_session_duration": 3600,
            "name": "aws-ebs-csi-driver-k8s-dAqct1",
            "name_prefix": "",
            "path": "/",
            "permissions_boundary": null,
            "tags": null,
            "tags_all": {
              "Course": "Docker and Kubernetes"
            },
            "unique_id": "AROAULRAGGIG4PFBFZNNU"
          },
          "sensitive_attributes": [],
          "private": "bnVsbA==",
          "dependencies": [
            "data.aws_subnets.private",
            "module.ebs-csi-driver.data.aws_iam_policy_document.assume_role_policy",
            "module.eks.aws_cloudwatch_log_group.this",
            "module.eks.aws_eks_cluster.this",
            "module.eks.aws_iam_openid_connect_provider.oidc_provider",
            "module.eks.aws_iam_role.this",
            "module.eks.aws_iam_role_policy_attachment.this",
            "module.eks.aws_security_group.cluster",
            "module.eks.aws_security_group.node",
            "module.eks.aws_security_group_rule.cluster",
            "module.eks.aws_security_group_rule.node",
            "module.eks.data.aws_iam_policy_document.assume_role_policy",
            "module.eks.data.aws_partition.current",
            "module.eks.data.tls_certificate.this",
            "module.eks.module.kms.aws_kms_external_key.this",
            "module.eks.module.kms.aws_kms_key.this",
            "module.vpc.aws_vpc.this",
            "random_string.cluster_suffix"
          ]
        }
      ]
    },
    {
      "module": "module.ebs-csi-driver",
      "mode": "managed",
      "type": "aws_iam_role_policy",
      "name": "aws_ebs_csi_driver_policy",
      "provider": "provider[\"registry.terraform.io/hashicorp/aws\"]",
      "instances": [
        {
          "schema_version": 0,
          "attributes": {
            "id": "aws-ebs-csi-driver-k8s-dAqct1:terraform-20230417110030719200000008",
            "name": "terraform-20230417110030719200000008",
            "name_prefix": null,
            "policy": "{\n  \"Version\": \"2012-10-17\",\n  \"Statement\": [\n    {\n      \"Effect\": \"Allow\",\n      \"Action\": [\n        \"ec2:CreateSnapshot\",\n        \"ec2:AttachVolume\",\n        \"ec2:DetachVolume\",\n        \"ec2:ModifyVolume\",\n        \"ec2:DescribeAvailabilityZones\",\n        \"ec2:DescribeInstances\",\n        \"ec2:DescribeSnapshots\",\n        \"ec2:DescribeTags\",\n        \"ec2:DescribeVolumes\",\n        \"ec2:DescribeVolumesModifications\"\n      ],\n      \"Resource\": \"*\"\n    },\n    {\n      \"Effect\": \"Allow\",\n      \"Action\": [\n        \"ec2:CreateTags\"\n      ],\n      \"Resource\": [\n        \"arn:aws:ec2:*:*:volume/*\",\n        \"arn:aws:ec2:*:*:snapshot/*\"\n      ],\n      \"Condition\": {\n        \"StringEquals\": {\n          \"ec2:CreateAction\": [\n            \"CreateVolume\",\n            \"CreateSnapshot\"\n          ]\n        }\n      }\n    },\n    {\n      \"Effect\": \"Allow\",\n      \"Action\": [\n        \"ec2:DeleteTags\"\n      ],\n      \"Resource\": [\n        \"arn:aws:ec2:*:*:volume/*\",\n        \"arn:aws:ec2:*:*:snapshot/*\"\n      ]\n    },\n    {\n      \"Effect\": \"Allow\",\n      \"Action\": [\n        \"ec2:CreateVolume\"\n      ],\n      \"Resource\": \"*\",\n      \"Condition\": {\n        \"StringLike\": {\n          \"aws:RequestTag/ebs.csi.aws.com/cluster\": \"true\"\n        }\n      }\n    },\n    {\n      \"Effect\": \"Allow\",\n      \"Action\": [\n        \"ec2:CreateVolume\"\n      ],\n      \"Resource\": \"*\",\n      \"Condition\": {\n        \"StringLike\": {\n          \"aws:RequestTag/CSIVolumeName\": \"*\"\n        }\n      }\n    },\n    {\n      \"Effect\": \"Allow\",\n      \"Action\": [\n        \"ec2:CreateVolume\"\n      ],\n      \"Resource\": \"*\",\n      \"Condition\": {\n        \"StringLike\": {\n          \"aws:RequestTag/kubernetes.io/cluster/*\": \"owned\"\n        }\n      }\n    },\n    {\n      \"Effect\": \"Allow\",\n      \"Action\": [\n        \"ec2:DeleteVolume\"\n      ],\n      \"Resource\": \"*\",\n      \"Condition\": {\n        \"StringLike\": {\n          \"ec2:ResourceTag/ebs.csi.aws.com/cluster\": \"true\"\n        }\n      }\n    },\n    {\n      \"Effect\": \"Allow\",\n      \"Action\": [\n        \"ec2:DeleteVolume\"\n      ],\n      \"Resource\": \"*\",\n      \"Condition\": {\n        \"StringLike\": {\n          \"ec2:ResourceTag/CSIVolumeName\": \"*\"\n        }\n      }\n    },\n    {\n      \"Effect\": \"Allow\",\n      \"Action\": [\n        \"ec2:DeleteVolume\"\n      ],\n      \"Resource\": \"*\",\n      \"Condition\": {\n        \"StringLike\": {\n          \"ec2:ResourceTag/kubernetes.io/cluster/*\": \"owned\"\n        }\n      }\n    },\n    {\n      \"Effect\": \"Allow\",\n      \"Action\": [\n        \"ec2:DeleteSnapshot\"\n      ],\n      \"Resource\": \"*\",\n      \"Condition\": {\n        \"StringLike\": {\n          \"ec2:ResourceTag/CSIVolumeSnapshotName\": \"*\"\n        }\n      }\n    },\n    {\n      \"Effect\": \"Allow\",\n      \"Action\": [\n        \"ec2:DeleteSnapshot\"\n      ],\n      \"Resource\": \"*\",\n      \"Condition\": {\n        \"StringLike\": {\n          \"ec2:ResourceTag/ebs.csi.aws.com/cluster\": \"true\"\n        }\n      }\n    }\n  ]\n}\n",
            "role": "aws-ebs-csi-driver-k8s-dAqct1"
          },
          "sensitive_attributes": [],
          "private": "bnVsbA==",
          "dependencies": [
            "data.aws_subnets.private",
            "module.ebs-csi-driver.aws_iam_role.aws_ebs_csi_driver",
            "module.ebs-csi-driver.data.aws_iam_policy_document.assume_role_policy",
            "module.eks.aws_cloudwatch_log_group.this",
            "module.eks.aws_eks_cluster.this",
            "module.eks.aws_iam_openid_connect_provider.oidc_provider",
            "module.eks.aws_iam_role.this",
            "module.eks.aws_iam_role_policy_attachment.this",
            "module.eks.aws_security_group.cluster",
            "module.eks.aws_security_group.node",
            "module.eks.aws_security_group_rule.cluster",
            "module.eks.aws_security_group_rule.node",
            "module.eks.data.aws_iam_policy_document.assume_role_policy",
            "module.eks.data.aws_partition.current",
            "module.eks.data.tls_certificate.this",
            "module.eks.module.kms.aws_kms_external_key.this",
            "module.eks.module.kms.aws_kms_key.this",
            "module.vpc.aws_vpc.this",
            "random_string.cluster_suffix"
          ]
        }
      ]
    },
    {
      "module": "module.ebs-csi-driver",
      "mode": "managed",
      "type": "helm_release",
      "name": "aws_ebs_csi_driver",
      "provider": "provider[\"registry.terraform.io/hashicorp/helm\"]",
      "instances": [
        {
          "schema_version": 0,
          "attributes": {
            "atomic": false,
            "chart": "aws-ebs-csi-driver",
            "cleanup_on_fail": false,
            "create_namespace": false,
            "dependency_update": false,
            "description": null,
            "devel": null,
            "disable_crd_hooks": false,
            "disable_openapi_validation": false,
            "disable_webhooks": false,
            "force_update": false,
            "id": "aws-ebs-csi-driver",
            "keyring": null,
            "lint": false,
            "manifest": null,
            "max_history": 0,
            "metadata": [
              {
                "app_version": "1.7.0",
                "chart": "aws-ebs-csi-driver",
                "name": "aws-ebs-csi-driver",
                "namespace": "kube-system",
                "revision": 1,
                "values": "{\"controller\":{\"additionalArgs\":[\"--extra-tags=\"],\"replicaCount\":1,\"resources\":{\"limits\":{\"memory\":\"128Mi\"},\"requests\":{\"cpu\":\"100m\",\"memory\":\"128Mi\"}},\"securityContext\":{\"runAsUser\":65532},\"serviceAccount\":{\"annotations\":{\"eks.amazonaws.com/role-arn\":\"arn:aws:iam::299641483789:role/aws-ebs-csi-driver-k8s-dAqct1\"},\"name\":\"ebs-csi-controller-sa\"}},\"image\":{\"repository\":\"k8s.gcr.io/provider-aws/aws-ebs-csi-driver\",\"tag\":\"v1.4.0\"},\"node\":{\"resources\":{\"limits\":{\"memory\":\"40Mi\"},\"requests\":{\"cpu\":\"10m\",\"memory\":\"40Mi\"}},\"tolerateAllTaints\":true},\"sidecars\":{\"attacher\":{\"image\":{\"repository\":\"k8s.gcr.io/sig-storage/csi-attacher\",\"tag\":\"v3.4.0\"},\"resources\":{\"limits\":{\"memory\":\"50Mi\"},\"requests\":{\"cpu\":\"10m\",\"memory\":\"50Mi\"}}},\"livenessProbe\":{\"image\":{\"repository\":\"k8s.gcr.io/sig-storage/livenessprobe\",\"tag\":\"v2.5.0\"},\"resources\":{\"limits\":{\"memory\":\"20Mi\"},\"requests\":{\"cpu\":\"10m\",\"memory\":\"10Mi\"}}},\"nodeDriverRegistrar\":{\"image\":{\"repository\":\"k8s.gcr.io/sig-storage/csi-node-driver-registrar\",\"tag\":\"v2.5.1\"},\"resources\":{\"limits\":{\"memory\":\"10Mi\"},\"requests\":{\"cpu\":\"10m\",\"memory\":\"10Mi\"}}},\"provisioner\":{\"image\":{\"repository\":\"k8s.gcr.io/sig-storage/csi-provisioner\",\"tag\":\"v3.1.0\"},\"resources\":{\"limits\":{\"memory\":\"100Mi\"},\"requests\":{\"cpu\":\"50m\",\"memory\":\"100Mi\"}}},\"resizer\":{\"image\":{\"repository\":\"k8s.gcr.io/sig-storage/csi-resizer\",\"tag\":\"v1.4.0\"},\"resources\":{\"limits\":{\"memory\":\"300Mi\"},\"requests\":{\"cpu\":\"50m\",\"memory\":\"100Mi\"}}},\"snapshotter\":{\"image\":{\"repository\":\"k8s.gcr.io/sig-storage/csi-snapshotter\",\"tag\":\"v6.0.1\"},\"resources\":{\"limits\":{\"memory\":\"20Mi\"},\"requests\":{\"cpu\":\"10m\",\"memory\":\"20Mi\"}}}}}",
                "version": "2.6.11"
              }
            ],
            "name": "aws-ebs-csi-driver",
            "namespace": "kube-system",
            "pass_credentials": false,
            "postrender": [],
            "recreate_pods": false,
            "render_subchart_notes": true,
            "replace": false,
            "repository": "https://kubernetes-sigs.github.io/aws-ebs-csi-driver",
            "repository_ca_file": null,
            "repository_cert_file": null,
            "repository_key_file": null,
            "repository_password": null,
            "repository_username": null,
            "reset_values": false,
            "reuse_values": false,
            "set": [],
            "set_sensitive": [],
            "skip_crds": false,
            "status": "deployed",
            "timeout": 300,
            "values": [
              "image:\n  repository: \"k8s.gcr.io/provider-aws/aws-ebs-csi-driver\"\n  tag: v1.4.0\n\nsidecars:\n  provisioner:\n    image:\n      repository: \"k8s.gcr.io/sig-storage/csi-provisioner\"\n      tag: v3.1.0\n    resources:\n      limits:\n         memory: 100Mi\n      requests:\n        cpu: 50m\n        memory: 100Mi\n  attacher:\n    image:\n      repository: \"k8s.gcr.io/sig-storage/csi-attacher\"\n      tag: v3.4.0\n    resources:\n      limits:\n         memory: 50Mi\n      requests:\n        cpu: 10m\n        memory: 50Mi\n  snapshotter:\n    image:\n      repository: \"k8s.gcr.io/sig-storage/csi-snapshotter\"\n      tag: v6.0.1\n    resources:\n      limits:\n         memory: 20Mi\n      requests:\n        cpu: 10m\n        memory: 20Mi\n  livenessProbe:\n    image:\n      repository: \"k8s.gcr.io/sig-storage/livenessprobe\"\n      tag: v2.5.0\n    resources:\n      limits:\n         memory: 20Mi\n      requests:\n        cpu: 10m\n        memory: 10Mi\n  resizer:\n    image:\n      repository: \"k8s.gcr.io/sig-storage/csi-resizer\"\n      tag: v1.4.0\n    resources:\n      limits:\n         memory: 300Mi\n      requests:\n        cpu: 50m\n        memory: 100Mi\n  nodeDriverRegistrar:\n    image:\n      repository: \"k8s.gcr.io/sig-storage/csi-node-driver-registrar\"\n      tag: v2.5.1\n    resources:\n      limits:\n         memory: 10Mi\n      requests:\n        cpu: 10m\n        memory: 10Mi\n\ncontroller:\n  additionalArgs:\n  - --extra-tags=\n  replicaCount: 1\n  resources:\n    limits:\n      memory: 128Mi\n    requests:\n      cpu: 100m\n      memory: 128Mi\n  serviceAccount:\n    name: ebs-csi-controller-sa\n    annotations:\n      \"eks.amazonaws.com/role-arn\": arn:aws:iam::299641483789:role/aws-ebs-csi-driver-k8s-dAqct1\n  securityContext:\n    runAsUser: 65532\nnode:\n  resources:\n    limits:\n      memory: 40Mi\n    requests:\n      cpu: 10m\n      memory: 40Mi\n  tolerateAllTaints: true\n"
            ],
            "verify": false,
            "version": "2.6.11",
            "wait": true,
            "wait_for_jobs": false
          },
          "sensitive_attributes": [],
          "private": "bnVsbA==",
          "dependencies": [
            "data.aws_eks_cluster_auth.cluster",
            "data.aws_subnets.private",
            "module.ebs-csi-driver.aws_iam_role.aws_ebs_csi_driver",
            "module.ebs-csi-driver.data.aws_iam_policy_document.assume_role_policy",
            "module.eks.aws_cloudwatch_log_group.this",
            "module.eks.aws_eks_cluster.this",
            "module.eks.aws_iam_openid_connect_provider.oidc_provider",
            "module.eks.aws_iam_role.this",
            "module.eks.aws_iam_role_policy_attachment.this",
            "module.eks.aws_security_group.cluster",
            "module.eks.aws_security_group.node",
            "module.eks.aws_security_group_rule.cluster",
            "module.eks.aws_security_group_rule.node",
            "module.eks.data.aws_iam_policy_document.assume_role_policy",
            "module.eks.data.aws_partition.current",
            "module.eks.data.tls_certificate.this",
            "module.eks.module.kms.aws_kms_external_key.this",
            "module.eks.module.kms.aws_kms_key.this",
            "module.vpc.aws_vpc.this",
            "random_string.cluster_suffix"
          ]
        }
      ]
    },
    {
      "module": "module.ebs-csi-driver",
      "mode": "managed",
      "type": "kubernetes_storage_class",
      "name": "gp3",
      "provider": "provider[\"registry.terraform.io/hashicorp/kubernetes\"]",
      "instances": [
        {
          "schema_version": 0,
          "attributes": {
            "allow_volume_expansion": true,
            "allowed_topologies": [],
            "id": "gp3",
            "metadata": [
              {
                "annotations": null,
                "generate_name": "",
                "generation": 0,
                "labels": null,
                "name": "gp3",
                "resource_version": "973",
                "uid": "d9be9bae-2795-4ea3-8651-d81af7565368"
              }
            ],
            "mount_options": null,
            "parameters": {
              "encrypted": "true",
              "type": "gp3"
            },
            "reclaim_policy": "Delete",
            "storage_provisioner": "ebs.csi.aws.com",
            "volume_binding_mode": "WaitForFirstConsumer"
          },
          "sensitive_attributes": [],
          "private": "bnVsbA==",
          "dependencies": [
            "data.aws_eks_cluster.cluster",
            "data.aws_eks_cluster_auth.cluster",
            "data.aws_subnets.private",
            "module.eks.aws_cloudwatch_log_group.this",
            "module.eks.aws_eks_cluster.this",
            "module.eks.aws_iam_role.this",
            "module.eks.aws_iam_role_policy_attachment.this",
            "module.eks.aws_security_group.cluster",
            "module.eks.aws_security_group.node",
            "module.eks.aws_security_group_rule.cluster",
            "module.eks.aws_security_group_rule.node",
            "module.eks.data.aws_iam_policy_document.assume_role_policy",
            "module.eks.data.aws_partition.current",
            "module.eks.module.kms.aws_kms_external_key.this",
            "module.eks.module.kms.aws_kms_key.this",
            "module.vpc.aws_vpc.this",
            "random_string.cluster_suffix"
          ]
        }
      ]
    },
    {
      "module": "module.eks",
      "mode": "data",
      "type": "aws_caller_identity",
      "name": "current",
      "provider": "provider[\"registry.terraform.io/hashicorp/aws\"]",
      "instances": [
        {
          "schema_version": 0,
          "attributes": {
            "account_id": "299641483789",
            "arn": "arn:aws:sts::299641483789:assumed-role/AWSReservedSSO_AdministratorAccess_3927b2c3b8ca005c/niels.claeys@dataminded.be",
            "id": "299641483789",
            "user_id": "AROAULRAGGIG6OJUH7R6U:niels.claeys@dataminded.be"
          },
          "sensitive_attributes": []
        }
      ]
    },
    {
      "module": "module.eks",
      "mode": "data",
      "type": "aws_iam_policy_document",
      "name": "assume_role_policy",
      "provider": "provider[\"registry.terraform.io/hashicorp/aws\"]",
      "instances": [
        {
          "index_key": 0,
          "schema_version": 0,
          "attributes": {
            "id": "2764486067",
            "json": "{\n  \"Version\": \"2012-10-17\",\n  \"Statement\": [\n    {\n      \"Sid\": \"EKSClusterAssumeRole\",\n      \"Effect\": \"Allow\",\n      \"Action\": \"sts:AssumeRole\",\n      \"Principal\": {\n        \"Service\": \"eks.amazonaws.com\"\n      }\n    }\n  ]\n}",
            "override_json": null,
            "override_policy_documents": null,
            "policy_id": null,
            "source_json": null,
            "source_policy_documents": null,
            "statement": [
              {
                "actions": [
                  "sts:AssumeRole"
                ],
                "condition": [],
                "effect": "Allow",
                "not_actions": [],
                "not_principals": [],
                "not_resources": [],
                "principals": [
                  {
                    "identifiers": [
                      "eks.amazonaws.com"
                    ],
                    "type": "Service"
                  }
                ],
                "resources": [],
                "sid": "EKSClusterAssumeRole"
              }
            ],
            "version": "2012-10-17"
          },
          "sensitive_attributes": []
        }
      ]
    },
    {
      "module": "module.eks",
      "mode": "data",
      "type": "aws_partition",
      "name": "current",
      "provider": "provider[\"registry.terraform.io/hashicorp/aws\"]",
      "instances": [
        {
          "schema_version": 0,
          "attributes": {
            "dns_suffix": "amazonaws.com",
            "id": "aws",
            "partition": "aws",
            "reverse_dns_prefix": "com.amazonaws"
          },
          "sensitive_attributes": []
        }
      ]
    },
    {
      "module": "module.eks",
      "mode": "data",
      "type": "tls_certificate",
      "name": "this",
      "provider": "provider[\"registry.terraform.io/hashicorp/tls\"]",
      "instances": [
        {
          "index_key": 0,
          "schema_version": 0,
          "attributes": {
            "certificates": [
              {
                "cert_pem": "-----BEGIN CERTIFICATE-----\nMIIEdTCCA12gAwIBAgIJAKcOSkw0grd/MA0GCSqGSIb3DQEBCwUAMGgxCzAJBgNV\nBAYTAlVTMSUwIwYDVQQKExxTdGFyZmllbGQgVGVjaG5vbG9naWVzLCBJbmMuMTIw\nMAYDVQQLEylTdGFyZmllbGQgQ2xhc3MgMiBDZXJ0aWZpY2F0aW9uIEF1dGhvcml0\neTAeFw0wOTA5MDIwMDAwMDBaFw0zNDA2MjgxNzM5MTZaMIGYMQswCQYDVQQGEwJV\nUzEQMA4GA1UECBMHQXJpem9uYTETMBEGA1UEBxMKU2NvdHRzZGFsZTElMCMGA1UE\nChMcU3RhcmZpZWxkIFRlY2hub2xvZ2llcywgSW5jLjE7MDkGA1UEAxMyU3RhcmZp\nZWxkIFNlcnZpY2VzIFJvb3QgQ2VydGlmaWNhdGUgQXV0aG9yaXR5IC0gRzIwggEi\nMA0GCSqGSIb3DQEBAQUAA4IBDwAwggEKAoIBAQDVDDrEKvlO4vW+GZdfjohTsR8/\ny8+fIBNtKTrID30892t2OGPZNmCom15cAICyL1l/9of5JUOG52kbUpqQ4XHj2C0N\nTm/2yEnZtvMaVq4rtnQU68/7JuMauh2WLmo7WJSJR1b/JaCTcFOD2oR0FMNnngRo\nOt+OQFodSk7PQ5E751bWAHDLUu57fa4657wx+UX2wmDPE1kCK4DMNEffud6QZW0C\nzyyRpqbn3oUYSXxmTqM6bam17jQuug0DuDPfR+uxa40l2ZvOgdFFRjKWcIfeAg5J\nQ4W2bHO7ZOphQazJ1FTfhy/HIrImzJ9ZVGif/L4qL8RVHHVAYBeFAlU5i38FAgMB\nAAGjgfAwge0wDwYDVR0TAQH/BAUwAwEB/zAOBgNVHQ8BAf8EBAMCAYYwHQYDVR0O\nBBYEFJxfAN+qAdcwKziIorhtSpzyEZGDMB8GA1UdIwQYMBaAFL9ft9HO3R+G9FtV\nrNzXEMIOqYjnME8GCCsGAQUFBwEBBEMwQTAcBggrBgEFBQcwAYYQaHR0cDovL28u\nc3MyLnVzLzAhBggrBgEFBQcwAoYVaHR0cDovL3guc3MyLnVzL3guY2VyMCYGA1Ud\nHwQfMB0wG6AZoBeGFWh0dHA6Ly9zLnNzMi51cy9yLmNybDARBgNVHSAECjAIMAYG\nBFUdIAAwDQYJKoZIhvcNAQELBQADggEBACMd44pXyn3pF3lM8R5V/cxTbj5HD9/G\nVfKyBDbtgB9TxF00KGu+x1X8Z+rLP3+QsjPNG1gQggL4+C/1E2DUBc7xgQjB3ad1\nl08YuW3e95ORCLp+QCztweq7dp4zBncdDQh/U90bZKuCJ/Fp1U1ervShw3WnWEQt\n8jxwmKy6abaVd38PMV4s/KCHOkdp8Hlf9BRUpJVeEXgSYCfOn8J3/yNTd126/+pZ\n59vPr5KW7ySaNRB6nJHGDn2Z9j8Z3/VyVOEVqQdZe4O/Ui5GjLIAZHYcSNPYeehu\nVsyuLAOQ1xk4meTKCRlb/weWsKh/NEnfVqn3sF/tM+2MR7cwA130A4w=\n-----END CERTIFICATE-----\n",
                "is_ca": true,
                "issuer": "OU=Starfield Class 2 Certification Authority,O=Starfield Technologies\\, Inc.,C=US",
                "not_after": "2034-06-28T17:39:16Z",
                "not_before": "2009-09-02T00:00:00Z",
                "public_key_algorithm": "RSA",
                "serial_number": "12037640545166866303",
                "sha1_fingerprint": "9e99a48a9960b14926bb7f3b02e22da2b0ab7280",
                "signature_algorithm": "SHA256-RSA",
                "subject": "CN=Starfield Services Root Certificate Authority - G2,O=Starfield Technologies\\, Inc.,L=Scottsdale,ST=Arizona,C=US",
                "version": 3
              },
              {
                "cert_pem": "-----BEGIN CERTIFICATE-----\nMIIEkjCCA3qgAwIBAgITBn+USionzfP6wq4rAfkI7rnExjANBgkqhkiG9w0BAQsF\nADCBmDELMAkGA1UEBhMCVVMxEDAOBgNVBAgTB0FyaXpvbmExEzARBgNVBAcTClNj\nb3R0c2RhbGUxJTAjBgNVBAoTHFN0YXJmaWVsZCBUZWNobm9sb2dpZXMsIEluYy4x\nOzA5BgNVBAMTMlN0YXJmaWVsZCBTZXJ2aWNlcyBSb290IENlcnRpZmljYXRlIEF1\ndGhvcml0eSAtIEcyMB4XDTE1MDUyNTEyMDAwMFoXDTM3MTIzMTAxMDAwMFowOTEL\nMAkGA1UEBhMCVVMxDzANBgNVBAoTBkFtYXpvbjEZMBcGA1UEAxMQQW1hem9uIFJv\nb3QgQ0EgMTCCASIwDQYJKoZIhvcNAQEBBQADggEPADCCAQoCggEBALJ4gHHKeNXj\nca9HgFB0fW7Y14h29Jlo91ghYPl0hAEvrAIthtOgQ3pOsqTQNroBvo3bSMgHFzZM\n9O6II8c+6zf1tRn4SWiw3te5djgdYZ6k/oI2peVKVuRF4fn9tBb6dNqcmzU5L/qw\nIFAGbHrQgLKm+a/sRxmPUDgH3KKHOVj4utWp+UhnMJbulHheb4mjUcAwhmahRWa6\nVOujw5H5SNz/0egwLX0tdHA114gk957EWW67c4cX8jJGKLhD+rcdqsq08p8kDi1L\n93FcXmn/6pUCyziKrlA4b9v7LWIbxcceVOF34GfID5yHI9Y/QCB/IIDEgEw+OyQm\njgSubJrIqg0CAwEAAaOCATEwggEtMA8GA1UdEwEB/wQFMAMBAf8wDgYDVR0PAQH/\nBAQDAgGGMB0GA1UdDgQWBBSEGMyFNOy8DJSULghZnMeyEE4KCDAfBgNVHSMEGDAW\ngBScXwDfqgHXMCs4iKK4bUqc8hGRgzB4BggrBgEFBQcBAQRsMGowLgYIKwYBBQUH\nMAGGImh0dHA6Ly9vY3NwLnJvb3RnMi5hbWF6b250cnVzdC5jb20wOAYIKwYBBQUH\nMAKGLGh0dHA6Ly9jcnQucm9vdGcyLmFtYXpvbnRydXN0LmNvbS9yb290ZzIuY2Vy\nMD0GA1UdHwQ2MDQwMqAwoC6GLGh0dHA6Ly9jcmwucm9vdGcyLmFtYXpvbnRydXN0\nLmNvbS9yb290ZzIuY3JsMBEGA1UdIAQKMAgwBgYEVR0gADANBgkqhkiG9w0BAQsF\nAAOCAQEAYjdCXLwQtT6LLOkMm2xF4gcAevnFWAu5CIw+7bMlPLVvUOTNNWqnkzSW\nMiGpSESrnO09tKpzbeR/FoCJbM8oAxiDR3mjEH4wW6w7sGDgd9QIpuEdfF7Au/ma\neyKdpwAJfqxGF4PcnCZXmTA5YpaP7dreqsXMGz7KQ2hsVxa81Q4gLv7/wmpdLqBK\nbRRYh5TmOTFffHPLkIhqhBGWJ6bt2YFGpn6jcgAKUj6DiAdjd4lpFw85hdKrCEVN\n0FE6/V1dN2RMfjCyVSRCnTawXZwXgWHxyvkQAiSr6w10kY17RSlQOYiypok1JR4U\nakcjMS9cmvqtmg5iUaQqqcT5NJ0hGA==\n-----END CERTIFICATE-----\n",
                "is_ca": true,
                "issuer": "CN=Starfield Services Root Certificate Authority - G2,O=Starfield Technologies\\, Inc.,L=Scottsdale,ST=Arizona,C=US",
                "not_after": "2037-12-31T01:00:00Z",
                "not_before": "2015-05-25T12:00:00Z",
                "public_key_algorithm": "RSA",
                "serial_number": "144918191876577076464031512351042010504348870",
                "sha1_fingerprint": "06b25927c42a721631c1efd9431e648fa62e1e39",
                "signature_algorithm": "SHA256-RSA",
                "subject": "CN=Amazon Root CA 1,O=Amazon,C=US",
                "version": 3
              },
              {
                "cert_pem": "-----BEGIN CERTIFICATE-----\nMIIEXjCCA0agAwIBAgITB3MSOAudZoijOx7Zv5zNpo4ODzANBgkqhkiG9w0BAQsF\nADA5MQswCQYDVQQGEwJVUzEPMA0GA1UEChMGQW1hem9uMRkwFwYDVQQDExBBbWF6\nb24gUm9vdCBDQSAxMB4XDTIyMDgyMzIyMjEyOFoXDTMwMDgyMzIyMjEyOFowPDEL\nMAkGA1UEBhMCVVMxDzANBgNVBAoTBkFtYXpvbjEcMBoGA1UEAxMTQW1hem9uIFJT\nQSAyMDQ4IE0wMTCCASIwDQYJKoZIhvcNAQEBBQADggEPADCCAQoCggEBAOtxLKnL\nH4gokjIwr4pXD3i3NyWVVYesZ1yX0yLI2qIUZ2t88Gfa4gMqs1YSXca1R/lnCKeT\nepWSGA+0+fkQNpp/L4C2T7oTTsddUx7g3ZYzByDTlrwS5HRQQqEFE3O1T5tEJP4t\nf+28IoXsNiEzl3UGzicYgtzj2cWCB41eJgEmJmcf2T8TzzK6a614ZPyq/w4CPAff\nnAV4coz96nW3AyiE2uhuB4zQUIXvgVSycW7sbWLvj5TDXunEpNCRwC4kkZjK7rol\njtT2cbb7W2s4Bkg3R42G3PLqBvt2N32e/0JOTViCk8/iccJ4sXqrS1uUN4iB5Nmv\nJK74csVl+0u0UecCAwEAAaOCAVowggFWMBIGA1UdEwEB/wQIMAYBAf8CAQAwDgYD\nVR0PAQH/BAQDAgGGMB0GA1UdJQQWMBQGCCsGAQUFBwMBBggrBgEFBQcDAjAdBgNV\nHQ4EFgQUgbgOY4qJEhjl+js7UJWf5uWQE4UwHwYDVR0jBBgwFoAUhBjMhTTsvAyU\nlC4IWZzHshBOCggwewYIKwYBBQUHAQEEbzBtMC8GCCsGAQUFBzABhiNodHRwOi8v\nb2NzcC5yb290Y2ExLmFtYXpvbnRydXN0LmNvbTA6BggrBgEFBQcwAoYuaHR0cDov\nL2NydC5yb290Y2ExLmFtYXpvbnRydXN0LmNvbS9yb290Y2ExLmNlcjA/BgNVHR8E\nODA2MDSgMqAwhi5odHRwOi8vY3JsLnJvb3RjYTEuYW1hem9udHJ1c3QuY29tL3Jv\nb3RjYTEuY3JsMBMGA1UdIAQMMAowCAYGZ4EMAQIBMA0GCSqGSIb3DQEBCwUAA4IB\nAQCtAN4CBSMuBjJitGuxlBbkEUDeK/pZwTXv4KqPK0G50fOHOQAd8j21p0cMBgbG\nkfMHVwLU7b0XwZCav0h1ogdPMN1KakK1DT0VwA/+hFvGPJnMV1Kx2G4S1ZaSk0uU\n5QfoiYIIano01J5k4T2HapKQmmOhS/iPtuo00wW+IMLeBuKMn3OLn005hcrOGTad\nhcmeyfhQP7Z+iKHvyoQGi1C0ClymHETx/chhQGDyYSWqB/THwnN15AwLQo0E5V9E\nSJlbe4mBlqeInUsNYugExNf+tOiybcrswBy8OFsd34XOW3rjSUtsuafd9AWySa3h\nxRRrwszrzX/WWGm6wyB+f7C4\n-----END CERTIFICATE-----\n",
                "is_ca": true,
                "issuer": "CN=Amazon Root CA 1,O=Amazon,C=US",
                "not_after": "2030-08-23T22:21:28Z",
                "not_before": "2022-08-23T22:21:28Z",
                "public_key_algorithm": "RSA",
                "serial_number": "166129328851546858514271303855646110030630415",
                "sha1_fingerprint": "2ad974a775f73cbdbbd8f5ac3a49255fa8fb1f8c",
                "signature_algorithm": "SHA256-RSA",
                "subject": "CN=Amazon RSA 2048 M01,O=Amazon,C=US",
                "version": 3
              },
              {
                "cert_pem": "-----BEGIN CERTIFICATE-----\nMIIF7DCCBNSgAwIBAgIQBT+jfVl+zCvyAUFcbPN/xTANBgkqhkiG9w0BAQsFADA8\nMQswCQYDVQQGEwJVUzEPMA0GA1UEChMGQW1hem9uMRwwGgYDVQQDExNBbWF6b24g\nUlNBIDIwNDggTTAxMB4XDTIzMDQxNTAwMDAwMFoXDTI0MDUxMzIzNTk1OVowKzEp\nMCcGA1UEAxMgb2lkYy5la3MuZXUtd2VzdC0xLmFtYXpvbmF3cy5jb20wggEiMA0G\nCSqGSIb3DQEBAQUAA4IBDwAwggEKAoIBAQC1z/f/DcE8LZJLdBoxv3j61+wYXvNY\nHEwJlwhUO5Ez2QdVN54HT5VkrtXRdjUPndKyW6zn1TONCn9krglY+/p7hXpUIm96\nRKlSTNtoMOQdKNnGEjrwE75W4hkJsB5/lLxbJPx6yMXlorvcreUfw8oaekXxQ0yv\ncd9GvVwO2s2BBdzhSBAOGwB0pK3uuph0m/8rgfZfrj04BY/CMqDeyTPbqLFV8ZCw\noLCcocLicS4HnsYN6IXQ5hkpeV40P38XHBrLrcr1/RqJ5q/Ohctmo6Be5222Smmx\nQr5LXg1Qhx3aF7RStZXr3jeJ9/XpJmQ3rJQCZOEkwl1w3cWvJvQ3vH2ZAgMBAAGj\nggL5MIIC9TAfBgNVHSMEGDAWgBSBuA5jiokSGOX6OztQlZ/m5ZAThTAdBgNVHQ4E\nFgQUTGVlu6oIepaO4Avc+iYZRPcGZhswKwYDVR0RBCQwIoIgb2lkYy5la3MuZXUt\nd2VzdC0xLmFtYXpvbmF3cy5jb20wDgYDVR0PAQH/BAQDAgWgMB0GA1UdJQQWMBQG\nCCsGAQUFBwMBBggrBgEFBQcDAjA7BgNVHR8ENDAyMDCgLqAshipodHRwOi8vY3Js\nLnIybTAxLmFtYXpvbnRydXN0LmNvbS9yMm0wMS5jcmwwEwYDVR0gBAwwCjAIBgZn\ngQwBAgEwdQYIKwYBBQUHAQEEaTBnMC0GCCsGAQUFBzABhiFodHRwOi8vb2NzcC5y\nMm0wMS5hbWF6b250cnVzdC5jb20wNgYIKwYBBQUHMAKGKmh0dHA6Ly9jcnQucjJt\nMDEuYW1hem9udHJ1c3QuY29tL3IybTAxLmNlcjAMBgNVHRMBAf8EAjAAMIIBfgYK\nKwYBBAHWeQIEAgSCAW4EggFqAWgAdgDuzdBk1dsazsVct520zROiModGfLzs3sNR\nSFlGcR+1mwAAAYeCS46oAAAEAwBHMEUCIQDUu55WhJwQGtu0EFh+Q+m9zD5AqZze\nRTa64te+drdKsQIgXDDhd3ViZfolORovj6y9ZTr3MdjDp2cCK3ypwH/bQToAdwBz\n2Z6JG0yWeKAgfUed5rLGHNBRXnEZKoxrgBB6wXdytQAAAYeCS47vAAAEAwBIMEYC\nIQC/UOBCvGAqQjdRZB9lQuU481y8bhYglOzh/T2OIlaIZgIhAMOP207ZZaRXFM+D\nbwMLgSJjcY660cdxNAIVP8+9Klu5AHUASLDja9qmRzQP5WoC+p0w6xxSActW3SyB\n2bu/qznYhHMAAAGHgkuOyAAABAMARjBEAiAzdCyeuNbNWacDsVjuB0WUeX2NFoDP\nTjup1oMkryRoSAIgX0FokClrJjfKkc56egTY/rzspKhg9m56NcpEyJgQyo4wDQYJ\nKoZIhvcNAQELBQADggEBAH17Ly67lMB4CtTqmoPREpb/KEtKA0gI4qWtQODPko90\ntz+2xqHSOR2rJmHV4JmQ8SpyDLUGxP0m+6PVDG1db2JBvHBLglwTg+0YJjSHdIPt\nmzpn5TnggTMM1oAPRb8Jf1diUEX6OMbU4ssMTHQ1uJ63h9AiZpuAqEhNWiqMmKbP\nXU8Dot8W5Judx/XZzJ/7XcYO26UqkVnYYH103KAeejniXcJhjqwrufv7yjyVM2D9\nEzEQLp750fJ5YLBeEvPSH2Uu24s8yTLL6nq4z+Jgq2LvDHEnBCZR8nSQQ/uZVoqT\nsYAxOv+F9AXtrY+q6992BpLjH2zBoNWFfnTVBjQM60o=\n-----END CERTIFICATE-----\n",
                "is_ca": false,
                "issuer": "CN=Amazon RSA 2048 M01,O=Amazon,C=US",
                "not_after": "2024-05-13T23:59:59Z",
                "not_before": "2023-04-15T00:00:00Z",
                "public_key_algorithm": "RSA",
                "serial_number": "6976570644995437711219705232124772293",
                "sha1_fingerprint": "055fe77d0e22309f2488e349e871240040876d28",
                "signature_algorithm": "SHA256-RSA",
                "subject": "CN=oidc.eks.eu-west-1.amazonaws.com",
                "version": 3
              }
            ],
            "content": null,
            "id": "9c2f6b96036302013c2ad2c02a0eba86ed100114",
            "url": "https://oidc.eks.eu-west-1.amazonaws.com/id/89A3335C57F8C86E9A194719534E924F",
            "verify_chain": true
          },
          "sensitive_attributes": []
        }
      ]
    },
    {
      "module": "module.eks",
      "mode": "managed",
      "type": "aws_cloudwatch_log_group",
      "name": "this",
      "provider": "provider[\"registry.terraform.io/hashicorp/aws\"]",
      "instances": [
        {
          "index_key": 0,
          "schema_version": 0,
          "attributes": {
            "arn": "arn:aws:logs:eu-west-1:299641483789:log-group:/aws/eks/k8s-dAqct1/cluster",
            "id": "/aws/eks/k8s-dAqct1/cluster",
            "kms_key_id": "",
            "name": "/aws/eks/k8s-dAqct1/cluster",
            "name_prefix": null,
            "retention_in_days": 90,
            "tags": {
              "Terraform": "true"
            },
            "tags_all": {
              "Course": "Docker and Kubernetes",
              "Terraform": "true"
            }
          },
          "sensitive_attributes": [],
          "private": "bnVsbA==",
          "dependencies": [
            "random_string.cluster_suffix"
          ],
          "create_before_destroy": true
        }
      ]
    },
    {
      "module": "module.eks",
      "mode": "managed",
      "type": "aws_ec2_tag",
      "name": "cluster_primary_security_group",
      "provider": "provider[\"registry.terraform.io/hashicorp/aws\"]",
      "instances": [
        {
          "index_key": "Terraform",
          "schema_version": 0,
          "attributes": {
            "id": "sg-0f725f451460763fe,Terraform",
            "key": "Terraform",
            "resource_id": "sg-0f725f451460763fe",
            "value": "true"
          },
          "sensitive_attributes": [],
          "private": "bnVsbA==",
          "dependencies": [
            "data.aws_subnets.private",
            "module.eks.aws_cloudwatch_log_group.this",
            "module.eks.aws_eks_cluster.this",
            "module.eks.aws_iam_role.this",
            "module.eks.aws_iam_role_policy_attachment.this",
            "module.eks.aws_security_group.cluster",
            "module.eks.aws_security_group.node",
            "module.eks.aws_security_group_rule.cluster",
            "module.eks.aws_security_group_rule.node",
            "module.eks.data.aws_iam_policy_document.assume_role_policy",
            "module.eks.data.aws_partition.current",
            "module.eks.module.kms.aws_kms_external_key.this",
            "module.eks.module.kms.aws_kms_key.this",
            "module.vpc.aws_vpc.this",
            "random_string.cluster_suffix"
          ]
        }
      ]
    },
    {
      "module": "module.eks",
      "mode": "managed",
      "type": "aws_eks_cluster",
      "name": "this",
      "provider": "provider[\"registry.terraform.io/hashicorp/aws\"]",
      "instances": [
        {
          "index_key": 0,
          "schema_version": 0,
          "attributes": {
            "arn": "arn:aws:eks:eu-west-1:299641483789:cluster/k8s-dAqct1",
            "certificate_authority": [
              {
                "data": "LS0tLS1CRUdJTiBDRVJUSUZJQ0FURS0tLS0tCk1JSUMvakNDQWVhZ0F3SUJBZ0lCQURBTkJna3Foa2lHOXcwQkFRc0ZBREFWTVJNd0VRWURWUVFERXdwcmRXSmwKY201bGRHVnpNQjRYRFRJek1EUXhOekV3TlRZek4xb1hEVE16TURReE5ERXdOVFl6TjFvd0ZURVRNQkVHQTFVRQpBeE1LYTNWaVpYSnVaWFJsY3pDQ0FTSXdEUVlKS29aSWh2Y05BUUVCQlFBRGdnRVBBRENDQVFvQ2dnRUJBTXMyCmYzTHhTUkhLMC9xb2xrbWl5VWFxMThTZk5RN2RVUUk1b2JoNldWMExob2xXY3RlckxOOU4rblJCLzV2eDI1MmMKZG5SakV6RjM2clJ3blhKSXhwUkZsWjhyQTVvdXJlTS92dktDRmNnY3QybytIL0FqQVgvV1FIL1JVWklpSm9nMwpGeW9DV3p4QVUvTmlOMFlpZGFlazl3aGpjRGkvOVpuL0x1amJXd0RWYW0wT2s5Sm5GRERkNkRSV3Q1Qm5ESjNsCnVpVUpLeFdSN1REc1dJTkU4K0dRcFB0U2dqRE5LT2hMTExxN2RaUFlYSnNKTUJGUTk0T2dSbVBkT3RVemFTRCsKK1JxcVlnL3dVRDl2QWRYTk1XZ3U2bjhMam9lS1BTVXZEd29pVWN2RWhBWG9JaDR4a0o0TDh0Rk5jV0J5NkJnTwpHUitBZ3ZvUzBJKzRoMGkra3FzQ0F3RUFBYU5aTUZjd0RnWURWUjBQQVFIL0JBUURBZ0trTUE4R0ExVWRFd0VCCi93UUZNQU1CQWY4d0hRWURWUjBPQkJZRUZFNVV5WVFMTHR6Mk44WStFc0ZUUUtCM2tmT0pNQlVHQTFVZEVRUU8KTUF5Q0NtdDFZbVZ5Ym1WMFpYTXdEUVlKS29aSWh2Y05BUUVMQlFBRGdnRUJBS2hGY3BpME1IbEoza2F6TDEvawpBQW5aNk5JTE5yZzYwRFFaTVhWMWJXQTU4YnZEWHM3S2c5UU9MWjU0TFZSQWtXSDhCbzdPaXdtTGZkdVdZRytiCkRnTkFrRlZFdTgzQis0NWxMM09BNGZORGZrallSVW1NWThWTXV3SUFON255TjdySkw5a05IYloxQ0ZOVU9ZeDgKTExaVkt3VForam4ycUx3VkZ5SW1zcmhNTU55aDlJalJsVlRjUE1mRURMU0xyKzkyUEZ5UkVxUlYzNWV3TE9wVQpuK3Y3Mlg2UkhvcUwwYkFRMUVjdGg0aWNTT1o5VVRleFBVeGdjVHUzWXJuUE9SdWhybi95RUV6QzJ1dnpqYzIxCmhoZ1RmQnJBMm1hZE9tVHFmcVY1eDF0VWIrRkNyWk9NdFZPMThuYUxZSmxWMUFaam1SdkJDajVXeU05enZnQzAKZW9FPQotLS0tLUVORCBDRVJUSUZJQ0FURS0tLS0tCg=="
              }
            ],
            "created_at": "2023-04-17 10:51:48.887 +0000 UTC",
            "enabled_cluster_log_types": [
              "api",
              "audit",
              "authenticator"
            ],
            "encryption_config": [],
            "endpoint": "https://89A3335C57F8C86E9A194719534E924F.yl4.eu-west-1.eks.amazonaws.com",
            "id": "k8s-dAqct1",
            "identity": [
              {
                "oidc": [
                  {
                    "issuer": "https://oidc.eks.eu-west-1.amazonaws.com/id/89A3335C57F8C86E9A194719534E924F"
                  }
                ]
              }
            ],
            "kubernetes_network_config": [
              {
                "ip_family": "ipv4",
                "service_ipv4_cidr": "172.20.0.0/16"
              }
            ],
            "name": "k8s-dAqct1",
            "platform_version": "eks.11",
            "role_arn": "arn:aws:iam::299641483789:role/k8s-dAqct1-cluster-20230417104932641400000001",
            "status": "ACTIVE",
            "tags": {
              "Terraform": "true"
            },
            "tags_all": {
              "Course": "Docker and Kubernetes",
              "Terraform": "true"
            },
            "timeouts": {
              "create": null,
              "delete": null,
              "update": null
            },
            "version": "1.22",
            "vpc_config": [
              {
                "cluster_security_group_id": "sg-0f725f451460763fe",
                "endpoint_private_access": false,
                "endpoint_public_access": true,
                "public_access_cidrs": [
                  "0.0.0.0/0"
                ],
                "security_group_ids": [
                  "sg-04dfc59121a2f0860"
                ],
                "subnet_ids": [
                  "subnet-01408b87cb07f2f32",
                  "subnet-022d481fbc58406a6",
                  "subnet-074abcc902dc3140d"
                ],
                "vpc_id": "vpc-0eeea557373ccd023"
              }
            ]
          },
          "sensitive_attributes": [],
          "private": "eyJlMmJmYjczMC1lY2FhLTExZTYtOGY4OC0zNDM2M2JjN2M0YzAiOnsiY3JlYXRlIjoxODAwMDAwMDAwMDAwLCJkZWxldGUiOjkwMDAwMDAwMDAwMCwidXBkYXRlIjozNjAwMDAwMDAwMDAwfX0=",
          "dependencies": [
            "data.aws_subnets.private",
            "module.eks.aws_cloudwatch_log_group.this",
            "module.eks.aws_iam_role.this",
            "module.eks.aws_iam_role_policy_attachment.this",
            "module.eks.aws_security_group.cluster",
            "module.eks.aws_security_group.node",
            "module.eks.aws_security_group_rule.cluster",
            "module.eks.aws_security_group_rule.node",
            "module.eks.data.aws_iam_policy_document.assume_role_policy",
            "module.eks.data.aws_partition.current",
            "module.eks.module.kms.aws_kms_external_key.this",
            "module.eks.module.kms.aws_kms_key.this",
            "module.vpc.aws_vpc.this",
            "random_string.cluster_suffix"
          ],
          "create_before_destroy": true
        }
      ]
    },
    {
      "module": "module.eks",
      "mode": "managed",
      "type": "aws_iam_openid_connect_provider",
      "name": "oidc_provider",
      "provider": "provider[\"registry.terraform.io/hashicorp/aws\"]",
      "instances": [
        {
          "index_key": 0,
          "schema_version": 0,
          "attributes": {
            "arn": "arn:aws:iam::299641483789:oidc-provider/oidc.eks.eu-west-1.amazonaws.com/id/89A3335C57F8C86E9A194719534E924F",
            "client_id_list": [
              "sts.amazonaws.com"
            ],
            "id": "arn:aws:iam::299641483789:oidc-provider/oidc.eks.eu-west-1.amazonaws.com/id/89A3335C57F8C86E9A194719534E924F",
            "tags": {
              "Name": "k8s-dAqct1-eks-irsa",
              "Terraform": "true"
            },
            "tags_all": {
              "Course": "Docker and Kubernetes",
              "Name": "k8s-dAqct1-eks-irsa",
              "Terraform": "true"
            },
            "thumbprint_list": [
              "9e99a48a9960b14926bb7f3b02e22da2b0ab7280"
            ],
            "url": "oidc.eks.eu-west-1.amazonaws.com/id/89A3335C57F8C86E9A194719534E924F"
          },
          "sensitive_attributes": [],
          "private": "bnVsbA==",
          "dependencies": [
            "data.aws_subnets.private",
            "module.eks.aws_cloudwatch_log_group.this",
            "module.eks.aws_eks_cluster.this",
            "module.eks.aws_iam_role.this",
            "module.eks.aws_iam_role_policy_attachment.this",
            "module.eks.aws_security_group.cluster",
            "module.eks.aws_security_group.node",
            "module.eks.aws_security_group_rule.cluster",
            "module.eks.aws_security_group_rule.node",
            "module.eks.data.aws_iam_policy_document.assume_role_policy",
            "module.eks.data.aws_partition.current",
            "module.eks.data.tls_certificate.this",
            "module.eks.module.kms.aws_kms_external_key.this",
            "module.eks.module.kms.aws_kms_key.this",
            "module.vpc.aws_vpc.this",
            "random_string.cluster_suffix"
          ]
        }
      ]
    },
    {
      "module": "module.eks",
      "mode": "managed",
      "type": "aws_iam_role",
      "name": "this",
      "provider": "provider[\"registry.terraform.io/hashicorp/aws\"]",
      "instances": [
        {
          "index_key": 0,
          "schema_version": 0,
          "attributes": {
            "arn": "arn:aws:iam::299641483789:role/k8s-dAqct1-cluster-20230417104932641400000001",
            "assume_role_policy": "{\"Statement\":[{\"Action\":\"sts:AssumeRole\",\"Effect\":\"Allow\",\"Principal\":{\"Service\":\"eks.amazonaws.com\"},\"Sid\":\"EKSClusterAssumeRole\"}],\"Version\":\"2012-10-17\"}",
            "create_date": "2023-04-17T10:49:33Z",
            "description": "",
            "force_detach_policies": true,
            "id": "k8s-dAqct1-cluster-20230417104932641400000001",
            "inline_policy": [
              {
                "name": "k8s-dAqct1-cluster",
                "policy": "{\"Statement\":[{\"Action\":[\"logs:CreateLogGroup\"],\"Effect\":\"Deny\",\"Resource\":\"arn:aws:logs:eu-west-1:299641483789:log-group:/aws/eks/k8s-dAqct1/cluster\"}],\"Version\":\"2012-10-17\"}"
              }
            ],
            "managed_policy_arns": [
              "arn:aws:iam::aws:policy/AmazonEKSClusterPolicy",
              "arn:aws:iam::aws:policy/AmazonEKSVPCResourceController"
            ],
            "max_session_duration": 3600,
            "name": "k8s-dAqct1-cluster-20230417104932641400000001",
            "name_prefix": "k8s-dAqct1-cluster-",
            "path": "/",
            "permissions_boundary": null,
            "tags": {
              "Terraform": "true"
            },
            "tags_all": {
              "Course": "Docker and Kubernetes",
              "Terraform": "true"
            },
            "unique_id": "AROAULRAGGIGQVPRYA7UY"
          },
          "sensitive_attributes": [],
          "private": "bnVsbA==",
          "dependencies": [
            "module.eks.aws_cloudwatch_log_group.this",
            "module.eks.data.aws_iam_policy_document.assume_role_policy",
            "random_string.cluster_suffix"
          ],
          "create_before_destroy": true
        }
      ]
    },
    {
      "module": "module.eks",
      "mode": "managed",
      "type": "aws_iam_role_policy_attachment",
      "name": "this",
      "provider": "provider[\"registry.terraform.io/hashicorp/aws\"]",
      "instances": [
        {
          "index_key": "arn:aws:iam::aws:policy/AmazonEKSClusterPolicy",
          "schema_version": 0,
          "attributes": {
            "id": "k8s-dAqct1-cluster-20230417104932641400000001-20230417104934449900000002",
            "policy_arn": "arn:aws:iam::aws:policy/AmazonEKSClusterPolicy",
            "role": "k8s-dAqct1-cluster-20230417104932641400000001"
          },
          "sensitive_attributes": [],
          "private": "bnVsbA==",
          "dependencies": [
            "module.eks.aws_cloudwatch_log_group.this",
            "module.eks.aws_iam_role.this",
            "module.eks.data.aws_iam_policy_document.assume_role_policy",
            "module.eks.data.aws_partition.current",
            "random_string.cluster_suffix"
          ],
          "create_before_destroy": true
        },
        {
          "index_key": "arn:aws:iam::aws:policy/AmazonEKSVPCResourceController",
          "schema_version": 0,
          "attributes": {
            "id": "k8s-dAqct1-cluster-20230417104932641400000001-20230417104934641600000003",
            "policy_arn": "arn:aws:iam::aws:policy/AmazonEKSVPCResourceController",
            "role": "k8s-dAqct1-cluster-20230417104932641400000001"
          },
          "sensitive_attributes": [],
          "private": "bnVsbA==",
          "dependencies": [
            "module.eks.aws_cloudwatch_log_group.this",
            "module.eks.aws_iam_role.this",
            "module.eks.data.aws_iam_policy_document.assume_role_policy",
            "module.eks.data.aws_partition.current",
            "random_string.cluster_suffix"
          ],
          "create_before_destroy": true
        }
      ]
    },
    {
      "module": "module.eks",
      "mode": "managed",
      "type": "aws_security_group",
      "name": "cluster",
      "provider": "provider[\"registry.terraform.io/hashicorp/aws\"]",
      "instances": [
        {
          "index_key": 0,
          "schema_version": 1,
          "attributes": {
            "arn": "arn:aws:ec2:eu-west-1:299641483789:security-group/sg-04dfc59121a2f0860",
            "description": "EKS cluster security group",
            "egress": [],
            "id": "sg-04dfc59121a2f0860",
            "ingress": [],
            "name": "k8s-dAqct1-cluster-20230417105140424800000002",
            "name_prefix": "k8s-dAqct1-cluster-",
            "owner_id": "299641483789",
            "revoke_rules_on_delete": false,
            "tags": {
              "Name": "k8s-dAqct1-cluster",
              "Terraform": "true"
            },
            "tags_all": {
              "Course": "Docker and Kubernetes",
              "Name": "k8s-dAqct1-cluster",
              "Terraform": "true"
            },
            "timeouts": null,
            "vpc_id": "vpc-0eeea557373ccd023"
          },
          "sensitive_attributes": [],
          "private": "eyJlMmJmYjczMC1lY2FhLTExZTYtOGY4OC0zNDM2M2JjN2M0YzAiOnsiY3JlYXRlIjo2MDAwMDAwMDAwMDAsImRlbGV0ZSI6OTAwMDAwMDAwMDAwfSwic2NoZW1hX3ZlcnNpb24iOiIxIn0=",
          "dependencies": [
            "module.vpc.aws_vpc.this",
            "random_string.cluster_suffix"
          ],
          "create_before_destroy": true
        }
      ]
    },
    {
      "module": "module.eks",
      "mode": "managed",
      "type": "aws_security_group",
      "name": "node",
      "provider": "provider[\"registry.terraform.io/hashicorp/aws\"]",
      "instances": [
        {
          "index_key": 0,
          "schema_version": 1,
          "attributes": {
            "arn": "arn:aws:ec2:eu-west-1:299641483789:security-group/sg-0164fa0f6a6aff5ff",
            "description": "EKS node shared security group",
            "egress": [],
            "id": "sg-0164fa0f6a6aff5ff",
            "ingress": [],
            "name": "k8s-dAqct1-node-20230417105140413200000001",
            "name_prefix": "k8s-dAqct1-node-",
            "owner_id": "299641483789",
            "revoke_rules_on_delete": false,
            "tags": {
              "Name": "k8s-dAqct1-node",
              "Terraform": "true",
              "kubernetes.io/cluster/k8s-dAqct1": "owned"
            },
            "tags_all": {
              "Course": "Docker and Kubernetes",
              "Name": "k8s-dAqct1-node",
              "Terraform": "true",
              "kubernetes.io/cluster/k8s-dAqct1": "owned"
            },
            "timeouts": null,
            "vpc_id": "vpc-0eeea557373ccd023"
          },
          "sensitive_attributes": [],
          "private": "eyJlMmJmYjczMC1lY2FhLTExZTYtOGY4OC0zNDM2M2JjN2M0YzAiOnsiY3JlYXRlIjo2MDAwMDAwMDAwMDAsImRlbGV0ZSI6OTAwMDAwMDAwMDAwfSwic2NoZW1hX3ZlcnNpb24iOiIxIn0=",
          "dependencies": [
            "module.vpc.aws_vpc.this",
            "random_string.cluster_suffix"
          ],
          "create_before_destroy": true
        }
      ]
    },
    {
      "module": "module.eks",
      "mode": "managed",
      "type": "aws_security_group_rule",
      "name": "cluster",
      "provider": "provider[\"registry.terraform.io/hashicorp/aws\"]",
      "instances": [
        {
          "index_key": "egress_nodes_443",
          "schema_version": 2,
          "attributes": {
            "cidr_blocks": null,
            "description": "Cluster API to node groups",
            "from_port": 443,
            "id": "sgrule-1505128966",
            "ipv6_cidr_blocks": null,
            "prefix_list_ids": [],
            "protocol": "tcp",
            "security_group_id": "sg-04dfc59121a2f0860",
            "self": false,
            "source_security_group_id": "sg-0164fa0f6a6aff5ff",
            "timeouts": null,
            "to_port": 443,
            "type": "egress"
          },
          "sensitive_attributes": [],
          "private": "eyJlMmJmYjczMC1lY2FhLTExZTYtOGY4OC0zNDM2M2JjN2M0YzAiOnsiY3JlYXRlIjozMDAwMDAwMDAwMDB9LCJzY2hlbWFfdmVyc2lvbiI6IjIifQ==",
          "dependencies": [
            "module.eks.aws_security_group.cluster",
            "module.eks.aws_security_group.node",
            "module.vpc.aws_vpc.this",
            "random_string.cluster_suffix"
          ],
          "create_before_destroy": true
        },
        {
          "index_key": "egress_nodes_ephemeral_ports_tcp",
          "schema_version": 2,
          "attributes": {
            "cidr_blocks": null,
            "description": "To node 1025-65535",
            "from_port": 1025,
            "id": "sgrule-902882098",
            "ipv6_cidr_blocks": null,
            "prefix_list_ids": [],
            "protocol": "tcp",
            "security_group_id": "sg-04dfc59121a2f0860",
            "self": false,
            "source_security_group_id": "sg-0164fa0f6a6aff5ff",
            "timeouts": null,
            "to_port": 65535,
            "type": "egress"
          },
          "sensitive_attributes": [],
          "private": "eyJlMmJmYjczMC1lY2FhLTExZTYtOGY4OC0zNDM2M2JjN2M0YzAiOnsiY3JlYXRlIjozMDAwMDAwMDAwMDB9LCJzY2hlbWFfdmVyc2lvbiI6IjIifQ==",
          "dependencies": [
            "module.eks.aws_security_group.cluster",
            "module.eks.aws_security_group.node",
            "module.vpc.aws_vpc.this",
            "random_string.cluster_suffix"
          ],
          "create_before_destroy": true
        },
        {
          "index_key": "egress_nodes_kubelet",
          "schema_version": 2,
          "attributes": {
            "cidr_blocks": null,
            "description": "Cluster API to node kubelets",
            "from_port": 10250,
            "id": "sgrule-1624918756",
            "ipv6_cidr_blocks": null,
            "prefix_list_ids": [],
            "protocol": "tcp",
            "security_group_id": "sg-04dfc59121a2f0860",
            "self": false,
            "source_security_group_id": "sg-0164fa0f6a6aff5ff",
            "timeouts": null,
            "to_port": 10250,
            "type": "egress"
          },
          "sensitive_attributes": [],
          "private": "eyJlMmJmYjczMC1lY2FhLTExZTYtOGY4OC0zNDM2M2JjN2M0YzAiOnsiY3JlYXRlIjozMDAwMDAwMDAwMDB9LCJzY2hlbWFfdmVyc2lvbiI6IjIifQ==",
          "dependencies": [
            "module.eks.aws_security_group.cluster",
            "module.eks.aws_security_group.node",
            "module.vpc.aws_vpc.this",
            "random_string.cluster_suffix"
          ],
          "create_before_destroy": true
        },
        {
          "index_key": "ingress_nodes_443",
          "schema_version": 2,
          "attributes": {
            "cidr_blocks": null,
            "description": "Node groups to cluster API",
            "from_port": 443,
            "id": "sgrule-3175502896",
            "ipv6_cidr_blocks": null,
            "prefix_list_ids": [],
            "protocol": "tcp",
            "security_group_id": "sg-04dfc59121a2f0860",
            "self": false,
            "source_security_group_id": "sg-0164fa0f6a6aff5ff",
            "timeouts": null,
            "to_port": 443,
            "type": "ingress"
          },
          "sensitive_attributes": [],
          "private": "eyJlMmJmYjczMC1lY2FhLTExZTYtOGY4OC0zNDM2M2JjN2M0YzAiOnsiY3JlYXRlIjozMDAwMDAwMDAwMDB9LCJzY2hlbWFfdmVyc2lvbiI6IjIifQ==",
          "dependencies": [
            "module.eks.aws_security_group.cluster",
            "module.eks.aws_security_group.node",
            "module.vpc.aws_vpc.this",
            "random_string.cluster_suffix"
          ],
          "create_before_destroy": true
        }
      ]
    },
    {
      "module": "module.eks",
      "mode": "managed",
      "type": "aws_security_group_rule",
      "name": "node",
      "provider": "provider[\"registry.terraform.io/hashicorp/aws\"]",
      "instances": [
        {
          "index_key": "egress_all",
          "schema_version": 2,
          "attributes": {
            "cidr_blocks": [
              "0.0.0.0/0"
            ],
            "description": "Node all egress",
            "from_port": 0,
            "id": "sgrule-2402545642",
            "ipv6_cidr_blocks": [
              "::/0"
            ],
            "prefix_list_ids": [],
            "protocol": "-1",
            "security_group_id": "sg-0164fa0f6a6aff5ff",
            "self": false,
            "source_security_group_id": null,
            "timeouts": null,
            "to_port": 0,
            "type": "egress"
          },
          "sensitive_attributes": [],
          "private": "eyJlMmJmYjczMC1lY2FhLTExZTYtOGY4OC0zNDM2M2JjN2M0YzAiOnsiY3JlYXRlIjozMDAwMDAwMDAwMDB9LCJzY2hlbWFfdmVyc2lvbiI6IjIifQ==",
          "dependencies": [
            "module.eks.aws_security_group.cluster",
            "module.eks.aws_security_group.node",
            "module.vpc.aws_vpc.this",
            "random_string.cluster_suffix"
          ],
          "create_before_destroy": true
        },
        {
          "index_key": "egress_cluster_443",
          "schema_version": 2,
          "attributes": {
            "cidr_blocks": null,
            "description": "Node groups to cluster API",
            "from_port": 443,
            "id": "sgrule-2811075994",
            "ipv6_cidr_blocks": null,
            "prefix_list_ids": [],
            "protocol": "tcp",
            "security_group_id": "sg-0164fa0f6a6aff5ff",
            "self": false,
            "source_security_group_id": "sg-04dfc59121a2f0860",
            "timeouts": null,
            "to_port": 443,
            "type": "egress"
          },
          "sensitive_attributes": [],
          "private": "eyJlMmJmYjczMC1lY2FhLTExZTYtOGY4OC0zNDM2M2JjN2M0YzAiOnsiY3JlYXRlIjozMDAwMDAwMDAwMDB9LCJzY2hlbWFfdmVyc2lvbiI6IjIifQ==",
          "dependencies": [
            "module.eks.aws_security_group.cluster",
            "module.eks.aws_security_group.node",
            "module.vpc.aws_vpc.this",
            "random_string.cluster_suffix"
          ],
          "create_before_destroy": true
        },
        {
          "index_key": "egress_https",
          "schema_version": 2,
          "attributes": {
            "cidr_blocks": [
              "0.0.0.0/0"
            ],
            "description": "Egress all HTTPS to internet",
            "from_port": 443,
            "id": "sgrule-3666054389",
            "ipv6_cidr_blocks": null,
            "prefix_list_ids": [],
            "protocol": "tcp",
            "security_group_id": "sg-0164fa0f6a6aff5ff",
            "self": false,
            "source_security_group_id": null,
            "timeouts": null,
            "to_port": 443,
            "type": "egress"
          },
          "sensitive_attributes": [],
          "private": "eyJlMmJmYjczMC1lY2FhLTExZTYtOGY4OC0zNDM2M2JjN2M0YzAiOnsiY3JlYXRlIjozMDAwMDAwMDAwMDB9LCJzY2hlbWFfdmVyc2lvbiI6IjIifQ==",
          "dependencies": [
            "module.eks.aws_security_group.cluster",
            "module.eks.aws_security_group.node",
            "module.vpc.aws_vpc.this",
            "random_string.cluster_suffix"
          ],
          "create_before_destroy": true
        },
        {
          "index_key": "egress_ntp_tcp",
          "schema_version": 2,
          "attributes": {
            "cidr_blocks": [
              "0.0.0.0/0"
            ],
            "description": "Egress NTP/TCP to internet",
            "from_port": 123,
            "id": "sgrule-90026475",
            "ipv6_cidr_blocks": null,
            "prefix_list_ids": [],
            "protocol": "tcp",
            "security_group_id": "sg-0164fa0f6a6aff5ff",
            "self": false,
            "source_security_group_id": null,
            "timeouts": null,
            "to_port": 123,
            "type": "egress"
          },
          "sensitive_attributes": [],
          "private": "eyJlMmJmYjczMC1lY2FhLTExZTYtOGY4OC0zNDM2M2JjN2M0YzAiOnsiY3JlYXRlIjozMDAwMDAwMDAwMDB9LCJzY2hlbWFfdmVyc2lvbiI6IjIifQ==",
          "dependencies": [
            "module.eks.aws_security_group.cluster",
            "module.eks.aws_security_group.node",
            "module.vpc.aws_vpc.this",
            "random_string.cluster_suffix"
          ],
          "create_before_destroy": true
        },
        {
          "index_key": "egress_ntp_udp",
          "schema_version": 2,
          "attributes": {
            "cidr_blocks": [
              "0.0.0.0/0"
            ],
            "description": "Egress NTP/UDP to internet",
            "from_port": 123,
            "id": "sgrule-2076415206",
            "ipv6_cidr_blocks": null,
            "prefix_list_ids": [],
            "protocol": "udp",
            "security_group_id": "sg-0164fa0f6a6aff5ff",
            "self": false,
            "source_security_group_id": null,
            "timeouts": null,
            "to_port": 123,
            "type": "egress"
          },
          "sensitive_attributes": [],
          "private": "eyJlMmJmYjczMC1lY2FhLTExZTYtOGY4OC0zNDM2M2JjN2M0YzAiOnsiY3JlYXRlIjozMDAwMDAwMDAwMDB9LCJzY2hlbWFfdmVyc2lvbiI6IjIifQ==",
          "dependencies": [
            "module.eks.aws_security_group.cluster",
            "module.eks.aws_security_group.node",
            "module.vpc.aws_vpc.this",
            "random_string.cluster_suffix"
          ],
          "create_before_destroy": true
        },
        {
          "index_key": "egress_self_coredns_tcp",
          "schema_version": 2,
          "attributes": {
            "cidr_blocks": null,
            "description": "Node to node CoreDNS",
            "from_port": 53,
            "id": "sgrule-3845507944",
            "ipv6_cidr_blocks": null,
            "prefix_list_ids": [],
            "protocol": "tcp",
            "security_group_id": "sg-0164fa0f6a6aff5ff",
            "self": true,
            "source_security_group_id": null,
            "timeouts": null,
            "to_port": 53,
            "type": "egress"
          },
          "sensitive_attributes": [],
          "private": "eyJlMmJmYjczMC1lY2FhLTExZTYtOGY4OC0zNDM2M2JjN2M0YzAiOnsiY3JlYXRlIjozMDAwMDAwMDAwMDB9LCJzY2hlbWFfdmVyc2lvbiI6IjIifQ==",
          "dependencies": [
            "module.eks.aws_security_group.cluster",
            "module.eks.aws_security_group.node",
            "module.vpc.aws_vpc.this",
            "random_string.cluster_suffix"
          ],
          "create_before_destroy": true
        },
        {
          "index_key": "egress_self_coredns_udp",
          "schema_version": 2,
          "attributes": {
            "cidr_blocks": null,
            "description": "Node to node CoreDNS",
            "from_port": 53,
            "id": "sgrule-1800554766",
            "ipv6_cidr_blocks": null,
            "prefix_list_ids": [],
            "protocol": "udp",
            "security_group_id": "sg-0164fa0f6a6aff5ff",
            "self": true,
            "source_security_group_id": null,
            "timeouts": null,
            "to_port": 53,
            "type": "egress"
          },
          "sensitive_attributes": [],
          "private": "eyJlMmJmYjczMC1lY2FhLTExZTYtOGY4OC0zNDM2M2JjN2M0YzAiOnsiY3JlYXRlIjozMDAwMDAwMDAwMDB9LCJzY2hlbWFfdmVyc2lvbiI6IjIifQ==",
          "dependencies": [
            "module.eks.aws_security_group.cluster",
            "module.eks.aws_security_group.node",
            "module.vpc.aws_vpc.this",
            "random_string.cluster_suffix"
          ],
          "create_before_destroy": true
        },
        {
          "index_key": "ingress_cluster_443",
          "schema_version": 2,
          "attributes": {
            "cidr_blocks": null,
            "description": "Cluster API to node groups",
            "from_port": 443,
            "id": "sgrule-576335565",
            "ipv6_cidr_blocks": null,
            "prefix_list_ids": [],
            "protocol": "tcp",
            "security_group_id": "sg-0164fa0f6a6aff5ff",
            "self": false,
            "source_security_group_id": "sg-04dfc59121a2f0860",
            "timeouts": null,
            "to_port": 443,
            "type": "ingress"
          },
          "sensitive_attributes": [],
          "private": "eyJlMmJmYjczMC1lY2FhLTExZTYtOGY4OC0zNDM2M2JjN2M0YzAiOnsiY3JlYXRlIjozMDAwMDAwMDAwMDB9LCJzY2hlbWFfdmVyc2lvbiI6IjIifQ==",
          "dependencies": [
            "module.eks.aws_security_group.cluster",
            "module.eks.aws_security_group.node",
            "module.vpc.aws_vpc.this",
            "random_string.cluster_suffix"
          ],
          "create_before_destroy": true
        },
        {
          "index_key": "ingress_cluster_kubelet",
          "schema_version": 2,
          "attributes": {
            "cidr_blocks": null,
            "description": "Cluster API to node kubelets",
            "from_port": 10250,
            "id": "sgrule-3526068324",
            "ipv6_cidr_blocks": null,
            "prefix_list_ids": [],
            "protocol": "tcp",
            "security_group_id": "sg-0164fa0f6a6aff5ff",
            "self": false,
            "source_security_group_id": "sg-04dfc59121a2f0860",
            "timeouts": null,
            "to_port": 10250,
            "type": "ingress"
          },
          "sensitive_attributes": [],
          "private": "eyJlMmJmYjczMC1lY2FhLTExZTYtOGY4OC0zNDM2M2JjN2M0YzAiOnsiY3JlYXRlIjozMDAwMDAwMDAwMDB9LCJzY2hlbWFfdmVyc2lvbiI6IjIifQ==",
          "dependencies": [
            "module.eks.aws_security_group.cluster",
            "module.eks.aws_security_group.node",
            "module.vpc.aws_vpc.this",
            "random_string.cluster_suffix"
          ],
          "create_before_destroy": true
        },
        {
          "index_key": "ingress_self_all",
          "schema_version": 2,
          "attributes": {
            "cidr_blocks": null,
            "description": "Node to node all ports/protocols",
            "from_port": 0,
            "id": "sgrule-2778970908",
            "ipv6_cidr_blocks": null,
            "prefix_list_ids": [],
            "protocol": "-1",
            "security_group_id": "sg-0164fa0f6a6aff5ff",
            "self": true,
            "source_security_group_id": null,
            "timeouts": null,
            "to_port": 0,
            "type": "ingress"
          },
          "sensitive_attributes": [],
          "private": "eyJlMmJmYjczMC1lY2FhLTExZTYtOGY4OC0zNDM2M2JjN2M0YzAiOnsiY3JlYXRlIjozMDAwMDAwMDAwMDB9LCJzY2hlbWFfdmVyc2lvbiI6IjIifQ==",
          "dependencies": [
            "module.eks.aws_security_group.cluster",
            "module.eks.aws_security_group.node",
            "module.vpc.aws_vpc.this",
            "random_string.cluster_suffix"
          ],
          "create_before_destroy": true
        },
        {
          "index_key": "ingress_self_coredns_tcp",
          "schema_version": 2,
          "attributes": {
            "cidr_blocks": null,
            "description": "Node to node CoreDNS",
            "from_port": 53,
            "id": "sgrule-401644502",
            "ipv6_cidr_blocks": null,
            "prefix_list_ids": [],
            "protocol": "tcp",
            "security_group_id": "sg-0164fa0f6a6aff5ff",
            "self": true,
            "source_security_group_id": null,
            "timeouts": null,
            "to_port": 53,
            "type": "ingress"
          },
          "sensitive_attributes": [],
          "private": "eyJlMmJmYjczMC1lY2FhLTExZTYtOGY4OC0zNDM2M2JjN2M0YzAiOnsiY3JlYXRlIjozMDAwMDAwMDAwMDB9LCJzY2hlbWFfdmVyc2lvbiI6IjIifQ==",
          "dependencies": [
            "module.eks.aws_security_group.cluster",
            "module.eks.aws_security_group.node",
            "module.vpc.aws_vpc.this",
            "random_string.cluster_suffix"
          ],
          "create_before_destroy": true
        },
        {
          "index_key": "ingress_self_coredns_udp",
          "schema_version": 2,
          "attributes": {
            "cidr_blocks": null,
            "description": "Node to node CoreDNS",
            "from_port": 53,
            "id": "sgrule-3014604857",
            "ipv6_cidr_blocks": null,
            "prefix_list_ids": [],
            "protocol": "udp",
            "security_group_id": "sg-0164fa0f6a6aff5ff",
            "self": true,
            "source_security_group_id": null,
            "timeouts": null,
            "to_port": 53,
            "type": "ingress"
          },
          "sensitive_attributes": [],
          "private": "eyJlMmJmYjczMC1lY2FhLTExZTYtOGY4OC0zNDM2M2JjN2M0YzAiOnsiY3JlYXRlIjozMDAwMDAwMDAwMDB9LCJzY2hlbWFfdmVyc2lvbiI6IjIifQ==",
          "dependencies": [
            "module.eks.aws_security_group.cluster",
            "module.eks.aws_security_group.node",
            "module.vpc.aws_vpc.this",
            "random_string.cluster_suffix"
          ],
          "create_before_destroy": true
        }
      ]
    },
    {
      "module": "module.eks",
      "mode": "managed",
      "type": "kubernetes_config_map_v1_data",
      "name": "aws_auth",
      "provider": "provider[\"registry.terraform.io/hashicorp/kubernetes\"]",
      "instances": [
        {
          "index_key": 0,
          "schema_version": 0,
          "attributes": {
            "data": {
              "mapAccounts": "- \"299641483789\"\n",
              "mapRoles": "- \"groups\":\n  - \"system:bootstrappers\"\n  - \"system:nodes\"\n  \"rolearn\": \"arn:aws:iam::299641483789:role/default_node_group-eks-node-group-20230417104808964600000001\"\n  \"username\": \"system:node:{{EC2PrivateDNSName}}\"\n- \"groups\":\n  - \"system:masters\"\n  \"rolearn\": \"arn:aws:iam::299641483789:role/AWSReservedSSO_AdministratorAccess_3927b2c3b8ca005c\"\n",
              "mapUsers": "- \"groups\":\n  - \"system:masters\"\n  \"userarn\": \"arn:aws:iam::299641483789:user/kubernetesparticipant\"\n"
            },
            "force": true,
            "id": "kube-system/aws-auth",
            "metadata": [
              {
                "name": "aws-auth",
                "namespace": "kube-system"
              }
            ]
          },
          "sensitive_attributes": [],
          "private": "bnVsbA==",
          "dependencies": [
            "aws_iam_user.workshop_user",
            "data.aws_eks_cluster.cluster",
            "data.aws_eks_cluster_auth.cluster",
            "data.aws_subnets.private",
            "module.eks.aws_cloudwatch_log_group.this",
            "module.eks.aws_eks_cluster.this",
            "module.eks.aws_iam_role.this",
            "module.eks.aws_iam_role_policy_attachment.this",
            "module.eks.aws_security_group.cluster",
            "module.eks.aws_security_group.node",
            "module.eks.aws_security_group_rule.cluster",
            "module.eks.aws_security_group_rule.node",
            "module.eks.data.aws_iam_policy_document.assume_role_policy",
            "module.eks.data.aws_partition.current",
            "module.eks.kubernetes_config_map.aws_auth",
            "module.eks.module.eks_managed_node_group.aws_eks_node_group.this",
            "module.eks.module.eks_managed_node_group.aws_iam_role.this",
            "module.eks.module.eks_managed_node_group.aws_iam_role_policy_attachment.this",
            "module.eks.module.eks_managed_node_group.aws_launch_template.this",
            "module.eks.module.eks_managed_node_group.aws_security_group.this",
            "module.eks.module.eks_managed_node_group.aws_security_group_rule.this",
            "module.eks.module.eks_managed_node_group.data.aws_caller_identity.current",
            "module.eks.module.eks_managed_node_group.data.aws_iam_policy_document.assume_role_policy",
            "module.eks.module.eks_managed_node_group.data.aws_partition.current",
            "module.eks.module.eks_managed_node_group.module.user_data.data.cloudinit_config.linux_eks_managed_node_group",
            "module.eks.module.fargate_profile.aws_eks_fargate_profile.this",
            "module.eks.module.fargate_profile.aws_iam_role.this",
            "module.eks.module.fargate_profile.aws_iam_role_policy_attachment.this",
            "module.eks.module.fargate_profile.data.aws_caller_identity.current",
            "module.eks.module.fargate_profile.data.aws_iam_policy_document.assume_role_policy",
            "module.eks.module.fargate_profile.data.aws_partition.current",
            "module.eks.module.kms.aws_kms_external_key.this",
            "module.eks.module.kms.aws_kms_key.this",
            "module.eks.module.self_managed_node_group.aws_autoscaling_group.this",
            "module.eks.module.self_managed_node_group.aws_autoscaling_schedule.this",
            "module.eks.module.self_managed_node_group.aws_iam_instance_profile.this",
            "module.eks.module.self_managed_node_group.aws_iam_role.this",
            "module.eks.module.self_managed_node_group.aws_iam_role_policy_attachment.this",
            "module.eks.module.self_managed_node_group.aws_launch_template.this",
            "module.eks.module.self_managed_node_group.aws_security_group.this",
            "module.eks.module.self_managed_node_group.aws_security_group_rule.this",
            "module.eks.module.self_managed_node_group.data.aws_ami.eks_default",
            "module.eks.module.self_managed_node_group.data.aws_caller_identity.current",
            "module.eks.module.self_managed_node_group.data.aws_default_tags.current",
            "module.eks.module.self_managed_node_group.data.aws_iam_policy_document.assume_role_policy",
            "module.eks.module.self_managed_node_group.data.aws_partition.current",
            "module.eks.module.self_managed_node_group.module.user_data.data.cloudinit_config.linux_eks_managed_node_group",
            "module.vpc.aws_vpc.this",
            "random_string.cluster_suffix"
          ]
        }
      ]
    },
    {
      "module": "module.eks.module.eks_managed_node_group[\"default_node_group\"]",
      "mode": "data",
      "type": "aws_caller_identity",
      "name": "current",
      "provider": "provider[\"registry.terraform.io/hashicorp/aws\"]",
      "instances": [
        {
          "schema_version": 0,
          "attributes": {
            "account_id": "299641483789",
            "arn": "arn:aws:sts::299641483789:assumed-role/AWSReservedSSO_AdministratorAccess_3927b2c3b8ca005c/niels.claeys@dataminded.be",
            "id": "299641483789",
            "user_id": "AROAULRAGGIG6OJUH7R6U:niels.claeys@dataminded.be"
          },
          "sensitive_attributes": []
        }
      ]
    },
    {
      "module": "module.eks.module.eks_managed_node_group[\"default_node_group\"]",
      "mode": "data",
      "type": "aws_iam_policy_document",
      "name": "assume_role_policy",
      "provider": "provider[\"registry.terraform.io/hashicorp/aws\"]",
      "instances": [
        {
          "index_key": 0,
          "schema_version": 0,
          "attributes": {
            "id": "2560088296",
            "json": "{\n  \"Version\": \"2012-10-17\",\n  \"Statement\": [\n    {\n      \"Sid\": \"EKSNodeAssumeRole\",\n      \"Effect\": \"Allow\",\n      \"Action\": \"sts:AssumeRole\",\n      \"Principal\": {\n        \"Service\": \"ec2.amazonaws.com\"\n      }\n    }\n  ]\n}",
            "override_json": null,
            "override_policy_documents": null,
            "policy_id": null,
            "source_json": null,
            "source_policy_documents": null,
            "statement": [
              {
                "actions": [
                  "sts:AssumeRole"
                ],
                "condition": [],
                "effect": "Allow",
                "not_actions": [],
                "not_principals": [],
                "not_resources": [],
                "principals": [
                  {
                    "identifiers": [
                      "ec2.amazonaws.com"
                    ],
                    "type": "Service"
                  }
                ],
                "resources": [],
                "sid": "EKSNodeAssumeRole"
              }
            ],
            "version": "2012-10-17"
          },
          "sensitive_attributes": []
        }
      ]
    },
    {
      "module": "module.eks.module.eks_managed_node_group[\"default_node_group\"]",
      "mode": "data",
      "type": "aws_partition",
      "name": "current",
      "provider": "provider[\"registry.terraform.io/hashicorp/aws\"]",
      "instances": [
        {
          "schema_version": 0,
          "attributes": {
            "dns_suffix": "amazonaws.com",
            "id": "aws",
            "partition": "aws",
            "reverse_dns_prefix": "com.amazonaws"
          },
          "sensitive_attributes": []
        }
      ]
    },
    {
      "module": "module.eks.module.eks_managed_node_group[\"default_node_group\"]",
      "mode": "managed",
      "type": "aws_eks_node_group",
      "name": "this",
      "provider": "provider[\"registry.terraform.io/hashicorp/aws\"]",
      "instances": [
        {
          "index_key": 0,
          "schema_version": 0,
          "attributes": {
            "ami_type": "AL2_x86_64",
            "arn": "arn:aws:eks:eu-west-1:299641483789:nodegroup/k8s-dAqct1/default_node_group-20230417110029373600000006/14c3c76f-c94a-ed5d-07d7-d414cb5f3352",
            "capacity_type": "ON_DEMAND",
            "cluster_name": "k8s-dAqct1",
            "disk_size": 0,
            "force_update_version": null,
            "id": "k8s-dAqct1:default_node_group-20230417110029373600000006",
            "instance_types": [
              "t3.large"
            ],
            "labels": null,
            "launch_template": [
              {
                "id": "lt-0c935f73cd97168f1",
                "name": "default_node_group-20230417110029000500000004",
                "version": "1"
              }
            ],
            "node_group_name": "default_node_group-20230417110029373600000006",
            "node_group_name_prefix": "default_node_group-",
            "node_role_arn": "arn:aws:iam::299641483789:role/default_node_group-eks-node-group-20230417104808964600000001",
            "release_version": "1.22.17-20230406",
            "remote_access": [],
            "resources": [
              {
                "autoscaling_groups": [
                  {
                    "name": "eks-default_node_group-20230417110029373600000006-14c3c76f-c94a-ed5d-07d7-d414cb5f3352"
                  }
                ],
                "remote_access_security_group_id": ""
              }
            ],
            "scaling_config": [
              {
                "desired_size": 2,
                "max_size": 3,
                "min_size": 0
              }
            ],
            "status": "ACTIVE",
            "subnet_ids": [
              "subnet-01408b87cb07f2f32",
              "subnet-022d481fbc58406a6",
              "subnet-074abcc902dc3140d"
            ],
            "tags": {
              "Name": "default_node_group",
              "Terraform": "true"
            },
            "tags_all": {
              "Course": "Docker and Kubernetes",
              "Name": "default_node_group",
              "Terraform": "true"
            },
            "taint": [],
            "timeouts": {
              "create": null,
              "delete": null,
              "update": null
            },
            "update_config": [
              {
                "max_unavailable": 1,
                "max_unavailable_percentage": 0
              }
            ],
            "version": "1.22"
          },
          "sensitive_attributes": [],
          "private": "eyJlMmJmYjczMC1lY2FhLTExZTYtOGY4OC0zNDM2M2JjN2M0YzAiOnsiY3JlYXRlIjozNjAwMDAwMDAwMDAwLCJkZWxldGUiOjM2MDAwMDAwMDAwMDAsInVwZGF0ZSI6MzYwMDAwMDAwMDAwMH19",
          "dependencies": [
            "data.aws_subnets.private",
            "module.eks.aws_cloudwatch_log_group.this",
            "module.eks.aws_eks_cluster.this",
            "module.eks.aws_iam_role.this",
            "module.eks.aws_iam_role_policy_attachment.this",
            "module.eks.aws_security_group.cluster",
            "module.eks.aws_security_group.node",
            "module.eks.aws_security_group_rule.cluster",
            "module.eks.aws_security_group_rule.node",
            "module.eks.data.aws_iam_policy_document.assume_role_policy",
            "module.eks.data.aws_partition.current",
            "module.eks.module.eks_managed_node_group.aws_iam_role.this",
            "module.eks.module.eks_managed_node_group.aws_iam_role_policy_attachment.this",
            "module.eks.module.eks_managed_node_group.aws_launch_template.this",
            "module.eks.module.eks_managed_node_group.aws_security_group.this",
            "module.eks.module.eks_managed_node_group.aws_security_group_rule.this",
            "module.eks.module.eks_managed_node_group.data.aws_caller_identity.current",
            "module.eks.module.eks_managed_node_group.data.aws_iam_policy_document.assume_role_policy",
            "module.eks.module.eks_managed_node_group.data.aws_partition.current",
            "module.eks.module.eks_managed_node_group.module.user_data.data.cloudinit_config.linux_eks_managed_node_group",
            "module.eks.module.kms.aws_kms_external_key.this",
            "module.eks.module.kms.aws_kms_key.this",
            "module.vpc.aws_vpc.this",
            "random_string.cluster_suffix"
          ],
          "create_before_destroy": true
        }
      ]
    },
    {
      "module": "module.eks.module.eks_managed_node_group[\"default_node_group\"]",
      "mode": "managed",
      "type": "aws_iam_role",
      "name": "this",
      "provider": "provider[\"registry.terraform.io/hashicorp/aws\"]",
      "instances": [
        {
          "index_key": 0,
          "schema_version": 0,
          "attributes": {
            "arn": "arn:aws:iam::299641483789:role/default_node_group-eks-node-group-20230417104808964600000001",
            "assume_role_policy": "{\"Statement\":[{\"Action\":\"sts:AssumeRole\",\"Effect\":\"Allow\",\"Principal\":{\"Service\":\"ec2.amazonaws.com\"},\"Sid\":\"EKSNodeAssumeRole\"}],\"Version\":\"2012-10-17\"}",
            "create_date": "2023-04-17T10:48:09Z",
            "description": "EKS managed node group IAM role",
            "force_detach_policies": true,
            "id": "default_node_group-eks-node-group-20230417104808964600000001",
            "inline_policy": [],
            "managed_policy_arns": [
              "arn:aws:iam::aws:policy/AmazonEC2ContainerRegistryReadOnly",
              "arn:aws:iam::aws:policy/AmazonEKSWorkerNodePolicy",
              "arn:aws:iam::aws:policy/AmazonEKS_CNI_Policy"
            ],
            "max_session_duration": 3600,
            "name": "default_node_group-eks-node-group-20230417104808964600000001",
            "name_prefix": "default_node_group-eks-node-group-",
            "path": "/",
            "permissions_boundary": null,
            "tags": {
              "Terraform": "true"
            },
            "tags_all": {
              "Course": "Docker and Kubernetes",
              "Terraform": "true"
            },
            "unique_id": "AROAULRAGGIG2ZGEMRZPT"
          },
          "sensitive_attributes": [],
          "private": "bnVsbA==",
          "dependencies": [
            "module.eks.module.eks_managed_node_group.data.aws_iam_policy_document.assume_role_policy"
          ],
          "create_before_destroy": true
        }
      ]
    },
    {
      "module": "module.eks.module.eks_managed_node_group[\"default_node_group\"]",
      "mode": "managed",
      "type": "aws_iam_role_policy_attachment",
      "name": "this",
      "provider": "provider[\"registry.terraform.io/hashicorp/aws\"]",
      "instances": [
        {
          "index_key": "arn:aws:iam::aws:policy/AmazonEC2ContainerRegistryReadOnly",
          "schema_version": 0,
          "attributes": {
            "id": "default_node_group-eks-node-group-20230417104808964600000001-20230417104810507100000007",
            "policy_arn": "arn:aws:iam::aws:policy/AmazonEC2ContainerRegistryReadOnly",
            "role": "default_node_group-eks-node-group-20230417104808964600000001"
          },
          "sensitive_attributes": [],
          "private": "bnVsbA==",
          "dependencies": [
            "module.eks.module.eks_managed_node_group.aws_iam_role.this",
            "module.eks.module.eks_managed_node_group.data.aws_caller_identity.current",
            "module.eks.module.eks_managed_node_group.data.aws_iam_policy_document.assume_role_policy",
            "module.eks.module.eks_managed_node_group.data.aws_partition.current"
          ],
          "create_before_destroy": true
        },
        {
          "index_key": "arn:aws:iam::aws:policy/AmazonEKSWorkerNodePolicy",
          "schema_version": 0,
          "attributes": {
            "id": "default_node_group-eks-node-group-20230417104808964600000001-20230417104810454300000005",
            "policy_arn": "arn:aws:iam::aws:policy/AmazonEKSWorkerNodePolicy",
            "role": "default_node_group-eks-node-group-20230417104808964600000001"
          },
          "sensitive_attributes": [],
          "private": "bnVsbA==",
          "dependencies": [
            "module.eks.module.eks_managed_node_group.aws_iam_role.this",
            "module.eks.module.eks_managed_node_group.data.aws_caller_identity.current",
            "module.eks.module.eks_managed_node_group.data.aws_iam_policy_document.assume_role_policy",
            "module.eks.module.eks_managed_node_group.data.aws_partition.current"
          ],
          "create_before_destroy": true
        },
        {
          "index_key": "arn:aws:iam::aws:policy/AmazonEKS_CNI_Policy",
          "schema_version": 0,
          "attributes": {
            "id": "default_node_group-eks-node-group-20230417104808964600000001-20230417104810455400000006",
            "policy_arn": "arn:aws:iam::aws:policy/AmazonEKS_CNI_Policy",
            "role": "default_node_group-eks-node-group-20230417104808964600000001"
          },
          "sensitive_attributes": [],
          "private": "bnVsbA==",
          "dependencies": [
            "module.eks.module.eks_managed_node_group.aws_iam_role.this",
            "module.eks.module.eks_managed_node_group.data.aws_caller_identity.current",
            "module.eks.module.eks_managed_node_group.data.aws_iam_policy_document.assume_role_policy",
            "module.eks.module.eks_managed_node_group.data.aws_partition.current"
          ],
          "create_before_destroy": true
        }
      ]
    },
    {
      "module": "module.eks.module.eks_managed_node_group[\"default_node_group\"]",
      "mode": "managed",
      "type": "aws_launch_template",
      "name": "this",
      "provider": "provider[\"registry.terraform.io/hashicorp/aws\"]",
      "instances": [
        {
          "index_key": 0,
          "schema_version": 0,
          "attributes": {
            "arn": "arn:aws:ec2:eu-west-1:299641483789:launch-template/lt-0c935f73cd97168f1",
            "block_device_mappings": [],
            "capacity_reservation_specification": [],
            "cpu_options": [],
            "credit_specification": [],
            "default_version": 1,
            "description": "Custom launch template for default_node_group EKS managed node group",
            "disable_api_stop": false,
            "disable_api_termination": false,
            "ebs_optimized": "",
            "elastic_gpu_specifications": [],
            "elastic_inference_accelerator": [],
            "enclave_options": [],
            "hibernation_options": [],
            "iam_instance_profile": [],
            "id": "lt-0c935f73cd97168f1",
            "image_id": "",
            "instance_initiated_shutdown_behavior": "",
            "instance_market_options": [],
            "instance_requirements": [],
            "instance_type": "",
            "kernel_id": "",
            "key_name": "",
            "latest_version": 1,
            "license_specification": [],
            "maintenance_options": [],
            "metadata_options": [
              {
                "http_endpoint": "enabled",
                "http_protocol_ipv6": "disabled",
                "http_put_response_hop_limit": 2,
                "http_tokens": "required",
                "instance_metadata_tags": "disabled"
              }
            ],
            "monitoring": [
              {
                "enabled": true
              }
            ],
            "name": "default_node_group-20230417110029000500000004",
            "name_prefix": "default_node_group-",
            "network_interfaces": [],
            "placement": [],
            "private_dns_name_options": [],
            "ram_disk_id": "",
            "security_group_names": null,
            "tag_specifications": [
              {
                "resource_type": "instance",
                "tags": {
                  "Name": "default_node_group",
                  "Terraform": "true"
                }
              },
              {
                "resource_type": "network-interface",
                "tags": {
                  "Name": "default_node_group",
                  "Terraform": "true"
                }
              },
              {
                "resource_type": "volume",
                "tags": {
                  "Name": "default_node_group",
                  "Terraform": "true"
                }
              }
            ],
            "tags": {
              "Terraform": "true"
            },
            "tags_all": {
              "Course": "Docker and Kubernetes",
              "Terraform": "true"
            },
            "update_default_version": true,
            "user_data": "",
            "vpc_security_group_ids": [
              "sg-0164fa0f6a6aff5ff",
              "sg-0b8dfdd18f36cf0a4"
            ]
          },
          "sensitive_attributes": [],
          "private": "bnVsbA==",
          "dependencies": [
            "data.aws_subnets.private",
            "module.eks.aws_cloudwatch_log_group.this",
            "module.eks.aws_eks_cluster.this",
            "module.eks.aws_iam_role.this",
            "module.eks.aws_iam_role_policy_attachment.this",
            "module.eks.aws_security_group.cluster",
            "module.eks.aws_security_group.node",
            "module.eks.aws_security_group_rule.cluster",
            "module.eks.aws_security_group_rule.node",
            "module.eks.data.aws_iam_policy_document.assume_role_policy",
            "module.eks.data.aws_partition.current",
            "module.eks.module.eks_managed_node_group.aws_iam_role_policy_attachment.this",
            "module.eks.module.eks_managed_node_group.aws_security_group.this",
            "module.eks.module.eks_managed_node_group.aws_security_group_rule.this",
            "module.eks.module.eks_managed_node_group.data.aws_caller_identity.current",
            "module.eks.module.eks_managed_node_group.data.aws_partition.current",
            "module.eks.module.eks_managed_node_group.module.user_data.data.cloudinit_config.linux_eks_managed_node_group",
            "module.eks.module.kms.aws_kms_external_key.this",
            "module.eks.module.kms.aws_kms_key.this",
            "module.vpc.aws_vpc.this",
            "random_string.cluster_suffix"
          ],
          "create_before_destroy": true
        }
      ]
    },
    {
      "module": "module.eks.module.eks_managed_node_group[\"default_node_group\"]",
      "mode": "managed",
      "type": "aws_security_group",
      "name": "this",
      "provider": "provider[\"registry.terraform.io/hashicorp/aws\"]",
      "instances": [
        {
          "index_key": 0,
          "schema_version": 1,
          "attributes": {
            "arn": "arn:aws:ec2:eu-west-1:299641483789:security-group/sg-0b8dfdd18f36cf0a4",
            "description": "EKS managed node group security group",
            "egress": [],
            "id": "sg-0b8dfdd18f36cf0a4",
            "ingress": [],
            "name": "default_node_group-eks-node-group-20230417105140625600000003",
            "name_prefix": "default_node_group-eks-node-group-",
            "owner_id": "299641483789",
            "revoke_rules_on_delete": false,
            "tags": {
              "Name": "default_node_group-eks-node-group",
              "Terraform": "true"
            },
            "tags_all": {
              "Course": "Docker and Kubernetes",
              "Name": "default_node_group-eks-node-group",
              "Terraform": "true"
            },
            "timeouts": null,
            "vpc_id": "vpc-0eeea557373ccd023"
          },
          "sensitive_attributes": [],
          "private": "eyJlMmJmYjczMC1lY2FhLTExZTYtOGY4OC0zNDM2M2JjN2M0YzAiOnsiY3JlYXRlIjo2MDAwMDAwMDAwMDAsImRlbGV0ZSI6OTAwMDAwMDAwMDAwfSwic2NoZW1hX3ZlcnNpb24iOiIxIn0=",
          "dependencies": [
            "module.vpc.aws_vpc.this",
            "random_string.cluster_suffix"
          ],
          "create_before_destroy": true
        }
      ]
    },
    {
      "module": "module.eks.module.kms",
      "mode": "data",
      "type": "aws_caller_identity",
      "name": "current",
      "provider": "provider[\"registry.terraform.io/hashicorp/aws\"]",
      "instances": [
        {
          "schema_version": 0,
          "attributes": {
            "account_id": "299641483789",
            "arn": "arn:aws:sts::299641483789:assumed-role/AWSReservedSSO_AdministratorAccess_3927b2c3b8ca005c/niels.claeys@dataminded.be",
            "id": "299641483789",
            "user_id": "AROAULRAGGIG6OJUH7R6U:niels.claeys@dataminded.be"
          },
          "sensitive_attributes": []
        }
      ]
    },
    {
      "module": "module.eks.module.kms",
      "mode": "data",
      "type": "aws_partition",
      "name": "current",
      "provider": "provider[\"registry.terraform.io/hashicorp/aws\"]",
      "instances": [
        {
          "schema_version": 0,
          "attributes": {
            "dns_suffix": "amazonaws.com",
            "id": "aws",
            "partition": "aws",
            "reverse_dns_prefix": "com.amazonaws"
          },
          "sensitive_attributes": []
        }
      ]
    },
    {
      "module": "module.vpc",
      "mode": "managed",
      "type": "aws_eip",
      "name": "nat",
      "provider": "provider[\"registry.terraform.io/hashicorp/aws\"]",
      "instances": [
        {
          "index_key": 0,
          "schema_version": 0,
          "attributes": {
            "address": null,
            "allocation_id": "eipalloc-0ddf64f3db723f2d5",
            "associate_with_private_ip": null,
            "association_id": "",
            "carrier_ip": "",
            "customer_owned_ip": "",
            "customer_owned_ipv4_pool": "",
            "domain": "vpc",
            "id": "eipalloc-0ddf64f3db723f2d5",
            "instance": "",
            "network_border_group": "eu-west-1",
            "network_interface": "",
            "private_dns": null,
            "private_ip": "",
            "public_dns": "ec2-54-220-141-230.eu-west-1.compute.amazonaws.com",
            "public_ip": "54.220.141.230",
            "public_ipv4_pool": "amazon",
            "tags": {
              "Name": "docker-k8s-vpc-eu-west-1a",
              "kubernetes.io/cluster/k8s-dAqct1": "shared"
            },
            "tags_all": {
              "Course": "Docker and Kubernetes",
              "Name": "docker-k8s-vpc-eu-west-1a",
              "kubernetes.io/cluster/k8s-dAqct1": "shared"
            },
            "timeouts": null,
            "vpc": true
          },
          "sensitive_attributes": [],
          "private": "eyJlMmJmYjczMC1lY2FhLTExZTYtOGY4OC0zNDM2M2JjN2M0YzAiOnsiZGVsZXRlIjoxODAwMDAwMDAwMDAsInJlYWQiOjkwMDAwMDAwMDAwMCwidXBkYXRlIjozMDAwMDAwMDAwMDB9fQ==",
          "dependencies": [
            "data.aws_availability_zones.available",
            "random_string.cluster_suffix"
          ]
        }
      ]
    },
    {
      "module": "module.vpc",
      "mode": "managed",
      "type": "aws_internet_gateway",
      "name": "this",
      "provider": "provider[\"registry.terraform.io/hashicorp/aws\"]",
      "instances": [
        {
          "index_key": 0,
          "schema_version": 0,
          "attributes": {
            "arn": "arn:aws:ec2:eu-west-1:299641483789:internet-gateway/igw-0921d253cfa20bb30",
            "id": "igw-0921d253cfa20bb30",
            "owner_id": "299641483789",
            "tags": {
              "Name": "docker-k8s-vpc",
              "kubernetes.io/cluster/k8s-dAqct1": "shared"
            },
            "tags_all": {
              "Course": "Docker and Kubernetes",
              "Name": "docker-k8s-vpc",
              "kubernetes.io/cluster/k8s-dAqct1": "shared"
            },
            "timeouts": null,
            "vpc_id": "vpc-0eeea557373ccd023"
          },
          "sensitive_attributes": [],
          "private": "eyJlMmJmYjczMC1lY2FhLTExZTYtOGY4OC0zNDM2M2JjN2M0YzAiOnsiY3JlYXRlIjoxMjAwMDAwMDAwMDAwLCJkZWxldGUiOjEyMDAwMDAwMDAwMDAsInVwZGF0ZSI6MTIwMDAwMDAwMDAwMH19",
          "dependencies": [
            "module.vpc.aws_vpc.this",
            "module.vpc.aws_vpc_ipv4_cidr_block_association.this",
            "random_string.cluster_suffix"
          ]
        }
      ]
    },
    {
      "module": "module.vpc",
      "mode": "managed",
      "type": "aws_nat_gateway",
      "name": "this",
      "provider": "provider[\"registry.terraform.io/hashicorp/aws\"]",
      "instances": [
        {
          "index_key": 0,
          "schema_version": 0,
          "attributes": {
            "allocation_id": "eipalloc-0ddf64f3db723f2d5",
            "connectivity_type": "public",
            "id": "nat-00cc3af928c9532ad",
            "network_interface_id": "eni-09b600bd94539fc7e",
            "private_ip": "10.2.7.129",
            "public_ip": "54.220.141.230",
            "subnet_id": "subnet-04d23bdbab6ff5138",
            "tags": {
              "Name": "docker-k8s-vpc-eu-west-1a",
              "kubernetes.io/cluster/k8s-dAqct1": "shared"
            },
            "tags_all": {
              "Course": "Docker and Kubernetes",
              "Name": "docker-k8s-vpc-eu-west-1a",
              "kubernetes.io/cluster/k8s-dAqct1": "shared"
            }
          },
          "sensitive_attributes": [],
          "private": "bnVsbA==",
          "dependencies": [
            "data.aws_availability_zones.available",
            "module.vpc.aws_eip.nat",
            "module.vpc.aws_internet_gateway.this",
            "module.vpc.aws_subnet.public",
            "module.vpc.aws_vpc.this",
            "module.vpc.aws_vpc_ipv4_cidr_block_association.this",
            "random_string.cluster_suffix"
          ]
        }
      ]
    },
    {
      "module": "module.vpc",
      "mode": "managed",
      "type": "aws_route",
      "name": "private_nat_gateway",
      "provider": "provider[\"registry.terraform.io/hashicorp/aws\"]",
      "instances": [
        {
          "index_key": 0,
          "schema_version": 0,
          "attributes": {
            "carrier_gateway_id": "",
            "core_network_arn": "",
            "destination_cidr_block": "0.0.0.0/0",
            "destination_ipv6_cidr_block": "",
            "destination_prefix_list_id": "",
            "egress_only_gateway_id": "",
            "gateway_id": "",
            "id": "r-rtb-0f40b71e34155578b1080289494",
            "instance_id": "",
            "instance_owner_id": "",
            "local_gateway_id": "",
            "nat_gateway_id": "nat-00cc3af928c9532ad",
            "network_interface_id": "",
            "origin": "CreateRoute",
            "route_table_id": "rtb-0f40b71e34155578b",
            "state": "active",
            "timeouts": {
              "create": "5m",
              "delete": null,
              "update": null
            },
            "transit_gateway_id": "",
            "vpc_endpoint_id": "",
            "vpc_peering_connection_id": ""
          },
          "sensitive_attributes": [],
          "private": "eyJlMmJmYjczMC1lY2FhLTExZTYtOGY4OC0zNDM2M2JjN2M0YzAiOnsiY3JlYXRlIjozMDAwMDAwMDAwMDAsImRlbGV0ZSI6MzAwMDAwMDAwMDAwLCJ1cGRhdGUiOjEyMDAwMDAwMDAwMH19",
          "dependencies": [
            "data.aws_availability_zones.available",
            "module.vpc.aws_eip.nat",
            "module.vpc.aws_internet_gateway.this",
            "module.vpc.aws_nat_gateway.this",
            "module.vpc.aws_route_table.private",
            "module.vpc.aws_subnet.public",
            "module.vpc.aws_vpc.this",
            "module.vpc.aws_vpc_ipv4_cidr_block_association.this",
            "random_string.cluster_suffix"
          ]
        }
      ]
    },
    {
      "module": "module.vpc",
      "mode": "managed",
      "type": "aws_route",
      "name": "public_internet_gateway",
      "provider": "provider[\"registry.terraform.io/hashicorp/aws\"]",
      "instances": [
        {
          "index_key": 0,
          "schema_version": 0,
          "attributes": {
            "carrier_gateway_id": "",
            "core_network_arn": "",
            "destination_cidr_block": "0.0.0.0/0",
            "destination_ipv6_cidr_block": "",
            "destination_prefix_list_id": "",
            "egress_only_gateway_id": "",
            "gateway_id": "igw-0921d253cfa20bb30",
            "id": "r-rtb-055be17ac798343181080289494",
            "instance_id": "",
            "instance_owner_id": "",
            "local_gateway_id": "",
            "nat_gateway_id": "",
            "network_interface_id": "",
            "origin": "CreateRoute",
            "route_table_id": "rtb-055be17ac79834318",
            "state": "active",
            "timeouts": {
              "create": "5m",
              "delete": null,
              "update": null
            },
            "transit_gateway_id": "",
            "vpc_endpoint_id": "",
            "vpc_peering_connection_id": ""
          },
          "sensitive_attributes": [],
          "private": "eyJlMmJmYjczMC1lY2FhLTExZTYtOGY4OC0zNDM2M2JjN2M0YzAiOnsiY3JlYXRlIjozMDAwMDAwMDAwMDAsImRlbGV0ZSI6MzAwMDAwMDAwMDAwLCJ1cGRhdGUiOjEyMDAwMDAwMDAwMH19",
          "dependencies": [
            "module.vpc.aws_internet_gateway.this",
            "module.vpc.aws_route_table.public",
            "module.vpc.aws_vpc.this",
            "module.vpc.aws_vpc_ipv4_cidr_block_association.this",
            "random_string.cluster_suffix"
          ]
        }
      ]
    },
    {
      "module": "module.vpc",
      "mode": "managed",
      "type": "aws_route_table",
      "name": "private",
      "provider": "provider[\"registry.terraform.io/hashicorp/aws\"]",
      "instances": [
        {
          "index_key": 0,
          "schema_version": 0,
          "attributes": {
            "arn": "arn:aws:ec2:eu-west-1:299641483789:route-table/rtb-0f40b71e34155578b",
            "id": "rtb-0f40b71e34155578b",
            "owner_id": "299641483789",
            "propagating_vgws": [],
            "route": [],
            "tags": {
              "Name": "docker-k8s-vpc-private",
              "kubernetes.io/cluster/k8s-dAqct1": "shared"
            },
            "tags_all": {
              "Course": "Docker and Kubernetes",
              "Name": "docker-k8s-vpc-private",
              "kubernetes.io/cluster/k8s-dAqct1": "shared"
            },
            "timeouts": null,
            "vpc_id": "vpc-0eeea557373ccd023"
          },
          "sensitive_attributes": [],
          "private": "eyJlMmJmYjczMC1lY2FhLTExZTYtOGY4OC0zNDM2M2JjN2M0YzAiOnsiY3JlYXRlIjozMDAwMDAwMDAwMDAsImRlbGV0ZSI6MzAwMDAwMDAwMDAwLCJ1cGRhdGUiOjEyMDAwMDAwMDAwMH19",
          "dependencies": [
            "data.aws_availability_zones.available",
            "module.vpc.aws_vpc.this",
            "module.vpc.aws_vpc_ipv4_cidr_block_association.this",
            "random_string.cluster_suffix"
          ]
        }
      ]
    },
    {
      "module": "module.vpc",
      "mode": "managed",
      "type": "aws_route_table",
      "name": "public",
      "provider": "provider[\"registry.terraform.io/hashicorp/aws\"]",
      "instances": [
        {
          "index_key": 0,
          "schema_version": 0,
          "attributes": {
            "arn": "arn:aws:ec2:eu-west-1:299641483789:route-table/rtb-055be17ac79834318",
            "id": "rtb-055be17ac79834318",
            "owner_id": "299641483789",
            "propagating_vgws": [],
            "route": [],
            "tags": {
              "Name": "docker-k8s-vpc-public",
              "kubernetes.io/cluster/k8s-dAqct1": "shared"
            },
            "tags_all": {
              "Course": "Docker and Kubernetes",
              "Name": "docker-k8s-vpc-public",
              "kubernetes.io/cluster/k8s-dAqct1": "shared"
            },
            "timeouts": null,
            "vpc_id": "vpc-0eeea557373ccd023"
          },
          "sensitive_attributes": [],
          "private": "eyJlMmJmYjczMC1lY2FhLTExZTYtOGY4OC0zNDM2M2JjN2M0YzAiOnsiY3JlYXRlIjozMDAwMDAwMDAwMDAsImRlbGV0ZSI6MzAwMDAwMDAwMDAwLCJ1cGRhdGUiOjEyMDAwMDAwMDAwMH19",
          "dependencies": [
            "module.vpc.aws_vpc.this",
            "module.vpc.aws_vpc_ipv4_cidr_block_association.this",
            "random_string.cluster_suffix"
          ]
        }
      ]
    },
    {
      "module": "module.vpc",
      "mode": "managed",
      "type": "aws_route_table_association",
      "name": "private",
      "provider": "provider[\"registry.terraform.io/hashicorp/aws\"]",
      "instances": [
        {
          "index_key": 0,
          "schema_version": 0,
          "attributes": {
            "gateway_id": "",
            "id": "rtbassoc-0de2fedde97716d1b",
            "route_table_id": "rtb-0f40b71e34155578b",
            "subnet_id": "subnet-022d481fbc58406a6"
          },
          "sensitive_attributes": [],
          "private": "bnVsbA==",
          "dependencies": [
            "data.aws_availability_zones.available",
            "module.vpc.aws_route_table.private",
            "module.vpc.aws_subnet.private",
            "module.vpc.aws_vpc.this",
            "module.vpc.aws_vpc_ipv4_cidr_block_association.this",
            "random_string.cluster_suffix"
          ]
        },
        {
          "index_key": 1,
          "schema_version": 0,
          "attributes": {
            "gateway_id": "",
            "id": "rtbassoc-0fc658de0d95c22d7",
            "route_table_id": "rtb-0f40b71e34155578b",
            "subnet_id": "subnet-074abcc902dc3140d"
          },
          "sensitive_attributes": [],
          "private": "bnVsbA==",
          "dependencies": [
            "data.aws_availability_zones.available",
            "module.vpc.aws_route_table.private",
            "module.vpc.aws_subnet.private",
            "module.vpc.aws_vpc.this",
            "module.vpc.aws_vpc_ipv4_cidr_block_association.this",
            "random_string.cluster_suffix"
          ]
        },
        {
          "index_key": 2,
          "schema_version": 0,
          "attributes": {
            "gateway_id": "",
            "id": "rtbassoc-097c8afda7c32112e",
            "route_table_id": "rtb-0f40b71e34155578b",
            "subnet_id": "subnet-01408b87cb07f2f32"
          },
          "sensitive_attributes": [],
          "private": "bnVsbA==",
          "dependencies": [
            "data.aws_availability_zones.available",
            "module.vpc.aws_route_table.private",
            "module.vpc.aws_subnet.private",
            "module.vpc.aws_vpc.this",
            "module.vpc.aws_vpc_ipv4_cidr_block_association.this",
            "random_string.cluster_suffix"
          ]
        }
      ]
    },
    {
      "module": "module.vpc",
      "mode": "managed",
      "type": "aws_route_table_association",
      "name": "public",
      "provider": "provider[\"registry.terraform.io/hashicorp/aws\"]",
      "instances": [
        {
          "index_key": 0,
          "schema_version": 0,
          "attributes": {
            "gateway_id": "",
            "id": "rtbassoc-006c5d3db095aeaa2",
            "route_table_id": "rtb-055be17ac79834318",
            "subnet_id": "subnet-04d23bdbab6ff5138"
          },
          "sensitive_attributes": [],
          "private": "bnVsbA==",
          "dependencies": [
            "data.aws_availability_zones.available",
            "module.vpc.aws_route_table.public",
            "module.vpc.aws_subnet.public",
            "module.vpc.aws_vpc.this",
            "module.vpc.aws_vpc_ipv4_cidr_block_association.this",
            "random_string.cluster_suffix"
          ]
        },
        {
          "index_key": 1,
          "schema_version": 0,
          "attributes": {
            "gateway_id": "",
            "id": "rtbassoc-0d34ecca0109774a0",
            "route_table_id": "rtb-055be17ac79834318",
            "subnet_id": "subnet-0f9b0c8d42dde781d"
          },
          "sensitive_attributes": [],
          "private": "bnVsbA==",
          "dependencies": [
            "data.aws_availability_zones.available",
            "module.vpc.aws_route_table.public",
            "module.vpc.aws_subnet.public",
            "module.vpc.aws_vpc.this",
            "module.vpc.aws_vpc_ipv4_cidr_block_association.this",
            "random_string.cluster_suffix"
          ]
        },
        {
          "index_key": 2,
          "schema_version": 0,
          "attributes": {
            "gateway_id": "",
            "id": "rtbassoc-04728cb73c5bfa6ef",
            "route_table_id": "rtb-055be17ac79834318",
            "subnet_id": "subnet-05216f1424e6d456f"
          },
          "sensitive_attributes": [],
          "private": "bnVsbA==",
          "dependencies": [
            "data.aws_availability_zones.available",
            "module.vpc.aws_route_table.public",
            "module.vpc.aws_subnet.public",
            "module.vpc.aws_vpc.this",
            "module.vpc.aws_vpc_ipv4_cidr_block_association.this",
            "random_string.cluster_suffix"
          ]
        }
      ]
    },
    {
      "module": "module.vpc",
      "mode": "managed",
      "type": "aws_subnet",
      "name": "private",
      "provider": "provider[\"registry.terraform.io/hashicorp/aws\"]",
      "instances": [
        {
          "index_key": 0,
          "schema_version": 1,
          "attributes": {
            "arn": "arn:aws:ec2:eu-west-1:299641483789:subnet/subnet-022d481fbc58406a6",
            "assign_ipv6_address_on_creation": false,
            "availability_zone": "eu-west-1a",
            "availability_zone_id": "euw1-az1",
            "cidr_block": "10.2.128.0/20",
            "customer_owned_ipv4_pool": "",
            "enable_dns64": false,
            "enable_resource_name_dns_a_record_on_launch": false,
            "enable_resource_name_dns_aaaa_record_on_launch": false,
            "id": "subnet-022d481fbc58406a6",
            "ipv6_cidr_block": "",
            "ipv6_cidr_block_association_id": "",
            "ipv6_native": false,
            "map_customer_owned_ip_on_launch": false,
            "map_public_ip_on_launch": false,
            "outpost_arn": "",
            "owner_id": "299641483789",
            "private_dns_hostname_type_on_launch": "ip-name",
            "tags": {
              "Name": "docker-k8s-vpc-private-eu-west-1a",
              "kubernetes.io/cluster/k8s-dAqct1": "shared",
              "tier": "private"
            },
            "tags_all": {
              "Course": "Docker and Kubernetes",
              "Name": "docker-k8s-vpc-private-eu-west-1a",
              "kubernetes.io/cluster/k8s-dAqct1": "shared",
              "tier": "private"
            },
            "timeouts": null,
            "vpc_id": "vpc-0eeea557373ccd023"
          },
          "sensitive_attributes": [],
          "private": "eyJlMmJmYjczMC1lY2FhLTExZTYtOGY4OC0zNDM2M2JjN2M0YzAiOnsiY3JlYXRlIjo2MDAwMDAwMDAwMDAsImRlbGV0ZSI6MTIwMDAwMDAwMDAwMH0sInNjaGVtYV92ZXJzaW9uIjoiMSJ9",
          "dependencies": [
            "data.aws_availability_zones.available",
            "module.vpc.aws_vpc.this",
            "module.vpc.aws_vpc_ipv4_cidr_block_association.this",
            "random_string.cluster_suffix"
          ]
        },
        {
          "index_key": 1,
          "schema_version": 1,
          "attributes": {
            "arn": "arn:aws:ec2:eu-west-1:299641483789:subnet/subnet-074abcc902dc3140d",
            "assign_ipv6_address_on_creation": false,
            "availability_zone": "eu-west-1b",
            "availability_zone_id": "euw1-az2",
            "cidr_block": "10.2.144.0/20",
            "customer_owned_ipv4_pool": "",
            "enable_dns64": false,
            "enable_resource_name_dns_a_record_on_launch": false,
            "enable_resource_name_dns_aaaa_record_on_launch": false,
            "id": "subnet-074abcc902dc3140d",
            "ipv6_cidr_block": "",
            "ipv6_cidr_block_association_id": "",
            "ipv6_native": false,
            "map_customer_owned_ip_on_launch": false,
            "map_public_ip_on_launch": false,
            "outpost_arn": "",
            "owner_id": "299641483789",
            "private_dns_hostname_type_on_launch": "ip-name",
            "tags": {
              "Name": "docker-k8s-vpc-private-eu-west-1b",
              "kubernetes.io/cluster/k8s-dAqct1": "shared",
              "tier": "private"
            },
            "tags_all": {
              "Course": "Docker and Kubernetes",
              "Name": "docker-k8s-vpc-private-eu-west-1b",
              "kubernetes.io/cluster/k8s-dAqct1": "shared",
              "tier": "private"
            },
            "timeouts": null,
            "vpc_id": "vpc-0eeea557373ccd023"
          },
          "sensitive_attributes": [],
          "private": "eyJlMmJmYjczMC1lY2FhLTExZTYtOGY4OC0zNDM2M2JjN2M0YzAiOnsiY3JlYXRlIjo2MDAwMDAwMDAwMDAsImRlbGV0ZSI6MTIwMDAwMDAwMDAwMH0sInNjaGVtYV92ZXJzaW9uIjoiMSJ9",
          "dependencies": [
            "data.aws_availability_zones.available",
            "module.vpc.aws_vpc.this",
            "module.vpc.aws_vpc_ipv4_cidr_block_association.this",
            "random_string.cluster_suffix"
          ]
        },
        {
          "index_key": 2,
          "schema_version": 1,
          "attributes": {
            "arn": "arn:aws:ec2:eu-west-1:299641483789:subnet/subnet-01408b87cb07f2f32",
            "assign_ipv6_address_on_creation": false,
            "availability_zone": "eu-west-1c",
            "availability_zone_id": "euw1-az3",
            "cidr_block": "10.2.160.0/20",
            "customer_owned_ipv4_pool": "",
            "enable_dns64": false,
            "enable_resource_name_dns_a_record_on_launch": false,
            "enable_resource_name_dns_aaaa_record_on_launch": false,
            "id": "subnet-01408b87cb07f2f32",
            "ipv6_cidr_block": "",
            "ipv6_cidr_block_association_id": "",
            "ipv6_native": false,
            "map_customer_owned_ip_on_launch": false,
            "map_public_ip_on_launch": false,
            "outpost_arn": "",
            "owner_id": "299641483789",
            "private_dns_hostname_type_on_launch": "ip-name",
            "tags": {
              "Name": "docker-k8s-vpc-private-eu-west-1c",
              "kubernetes.io/cluster/k8s-dAqct1": "shared",
              "tier": "private"
            },
            "tags_all": {
              "Course": "Docker and Kubernetes",
              "Name": "docker-k8s-vpc-private-eu-west-1c",
              "kubernetes.io/cluster/k8s-dAqct1": "shared",
              "tier": "private"
            },
            "timeouts": null,
            "vpc_id": "vpc-0eeea557373ccd023"
          },
          "sensitive_attributes": [],
          "private": "eyJlMmJmYjczMC1lY2FhLTExZTYtOGY4OC0zNDM2M2JjN2M0YzAiOnsiY3JlYXRlIjo2MDAwMDAwMDAwMDAsImRlbGV0ZSI6MTIwMDAwMDAwMDAwMH0sInNjaGVtYV92ZXJzaW9uIjoiMSJ9",
          "dependencies": [
            "data.aws_availability_zones.available",
            "module.vpc.aws_vpc.this",
            "module.vpc.aws_vpc_ipv4_cidr_block_association.this",
            "random_string.cluster_suffix"
          ]
        }
      ]
    },
    {
      "module": "module.vpc",
      "mode": "managed",
      "type": "aws_subnet",
      "name": "public",
      "provider": "provider[\"registry.terraform.io/hashicorp/aws\"]",
      "instances": [
        {
          "index_key": 0,
          "schema_version": 1,
          "attributes": {
            "arn": "arn:aws:ec2:eu-west-1:299641483789:subnet/subnet-04d23bdbab6ff5138",
            "assign_ipv6_address_on_creation": false,
            "availability_zone": "eu-west-1a",
            "availability_zone_id": "euw1-az1",
            "cidr_block": "10.2.0.0/20",
            "customer_owned_ipv4_pool": "",
            "enable_dns64": false,
            "enable_resource_name_dns_a_record_on_launch": false,
            "enable_resource_name_dns_aaaa_record_on_launch": false,
            "id": "subnet-04d23bdbab6ff5138",
            "ipv6_cidr_block": "",
            "ipv6_cidr_block_association_id": "",
            "ipv6_native": false,
            "map_customer_owned_ip_on_launch": false,
            "map_public_ip_on_launch": true,
            "outpost_arn": "",
            "owner_id": "299641483789",
            "private_dns_hostname_type_on_launch": "ip-name",
            "tags": {
              "Name": "docker-k8s-vpc-public-eu-west-1a",
              "kubernetes.io/cluster/k8s-dAqct1": "shared",
              "tier": "public"
            },
            "tags_all": {
              "Course": "Docker and Kubernetes",
              "Name": "docker-k8s-vpc-public-eu-west-1a",
              "kubernetes.io/cluster/k8s-dAqct1": "shared",
              "tier": "public"
            },
            "timeouts": null,
            "vpc_id": "vpc-0eeea557373ccd023"
          },
          "sensitive_attributes": [],
          "private": "eyJlMmJmYjczMC1lY2FhLTExZTYtOGY4OC0zNDM2M2JjN2M0YzAiOnsiY3JlYXRlIjo2MDAwMDAwMDAwMDAsImRlbGV0ZSI6MTIwMDAwMDAwMDAwMH0sInNjaGVtYV92ZXJzaW9uIjoiMSJ9",
          "dependencies": [
            "data.aws_availability_zones.available",
            "module.vpc.aws_vpc.this",
            "module.vpc.aws_vpc_ipv4_cidr_block_association.this",
            "random_string.cluster_suffix"
          ]
        },
        {
          "index_key": 1,
          "schema_version": 1,
          "attributes": {
            "arn": "arn:aws:ec2:eu-west-1:299641483789:subnet/subnet-0f9b0c8d42dde781d",
            "assign_ipv6_address_on_creation": false,
            "availability_zone": "eu-west-1b",
            "availability_zone_id": "euw1-az2",
            "cidr_block": "10.2.16.0/20",
            "customer_owned_ipv4_pool": "",
            "enable_dns64": false,
            "enable_resource_name_dns_a_record_on_launch": false,
            "enable_resource_name_dns_aaaa_record_on_launch": false,
            "id": "subnet-0f9b0c8d42dde781d",
            "ipv6_cidr_block": "",
            "ipv6_cidr_block_association_id": "",
            "ipv6_native": false,
            "map_customer_owned_ip_on_launch": false,
            "map_public_ip_on_launch": true,
            "outpost_arn": "",
            "owner_id": "299641483789",
            "private_dns_hostname_type_on_launch": "ip-name",
            "tags": {
              "Name": "docker-k8s-vpc-public-eu-west-1b",
              "kubernetes.io/cluster/k8s-dAqct1": "shared",
              "tier": "public"
            },
            "tags_all": {
              "Course": "Docker and Kubernetes",
              "Name": "docker-k8s-vpc-public-eu-west-1b",
              "kubernetes.io/cluster/k8s-dAqct1": "shared",
              "tier": "public"
            },
            "timeouts": null,
            "vpc_id": "vpc-0eeea557373ccd023"
          },
          "sensitive_attributes": [],
          "private": "eyJlMmJmYjczMC1lY2FhLTExZTYtOGY4OC0zNDM2M2JjN2M0YzAiOnsiY3JlYXRlIjo2MDAwMDAwMDAwMDAsImRlbGV0ZSI6MTIwMDAwMDAwMDAwMH0sInNjaGVtYV92ZXJzaW9uIjoiMSJ9",
          "dependencies": [
            "data.aws_availability_zones.available",
            "module.vpc.aws_vpc.this",
            "module.vpc.aws_vpc_ipv4_cidr_block_association.this",
            "random_string.cluster_suffix"
          ]
        },
        {
          "index_key": 2,
          "schema_version": 1,
          "attributes": {
            "arn": "arn:aws:ec2:eu-west-1:299641483789:subnet/subnet-05216f1424e6d456f",
            "assign_ipv6_address_on_creation": false,
            "availability_zone": "eu-west-1c",
            "availability_zone_id": "euw1-az3",
            "cidr_block": "10.2.32.0/20",
            "customer_owned_ipv4_pool": "",
            "enable_dns64": false,
            "enable_resource_name_dns_a_record_on_launch": false,
            "enable_resource_name_dns_aaaa_record_on_launch": false,
            "id": "subnet-05216f1424e6d456f",
            "ipv6_cidr_block": "",
            "ipv6_cidr_block_association_id": "",
            "ipv6_native": false,
            "map_customer_owned_ip_on_launch": false,
            "map_public_ip_on_launch": true,
            "outpost_arn": "",
            "owner_id": "299641483789",
            "private_dns_hostname_type_on_launch": "ip-name",
            "tags": {
              "Name": "docker-k8s-vpc-public-eu-west-1c",
              "kubernetes.io/cluster/k8s-dAqct1": "shared",
              "tier": "public"
            },
            "tags_all": {
              "Course": "Docker and Kubernetes",
              "Name": "docker-k8s-vpc-public-eu-west-1c",
              "kubernetes.io/cluster/k8s-dAqct1": "shared",
              "tier": "public"
            },
            "timeouts": null,
            "vpc_id": "vpc-0eeea557373ccd023"
          },
          "sensitive_attributes": [],
          "private": "eyJlMmJmYjczMC1lY2FhLTExZTYtOGY4OC0zNDM2M2JjN2M0YzAiOnsiY3JlYXRlIjo2MDAwMDAwMDAwMDAsImRlbGV0ZSI6MTIwMDAwMDAwMDAwMH0sInNjaGVtYV92ZXJzaW9uIjoiMSJ9",
          "dependencies": [
            "data.aws_availability_zones.available",
            "module.vpc.aws_vpc.this",
            "module.vpc.aws_vpc_ipv4_cidr_block_association.this",
            "random_string.cluster_suffix"
          ]
        }
      ]
    },
    {
      "module": "module.vpc",
      "mode": "managed",
      "type": "aws_vpc",
      "name": "this",
      "provider": "provider[\"registry.terraform.io/hashicorp/aws\"]",
      "instances": [
        {
          "index_key": 0,
          "schema_version": 1,
          "attributes": {
            "arn": "arn:aws:ec2:eu-west-1:299641483789:vpc/vpc-0eeea557373ccd023",
            "assign_generated_ipv6_cidr_block": false,
            "cidr_block": "10.2.0.0/16",
            "default_network_acl_id": "acl-006ee9ef5c0707436",
            "default_route_table_id": "rtb-0309b2f223043cec7",
            "default_security_group_id": "sg-094bf58e811d8c8f7",
            "dhcp_options_id": "dopt-070e5e6c4cf82b020",
            "enable_classiclink": false,
            "enable_classiclink_dns_support": false,
            "enable_dns_hostnames": true,
            "enable_dns_support": true,
            "id": "vpc-0eeea557373ccd023",
            "instance_tenancy": "default",
            "ipv4_ipam_pool_id": null,
            "ipv4_netmask_length": null,
            "ipv6_association_id": "",
            "ipv6_cidr_block": "",
            "ipv6_cidr_block_network_border_group": "",
            "ipv6_ipam_pool_id": "",
            "ipv6_netmask_length": 0,
            "main_route_table_id": "rtb-0309b2f223043cec7",
            "owner_id": "299641483789",
            "tags": {
              "Name": "docker-k8s-vpc",
              "kubernetes.io/cluster/k8s-dAqct1": "shared"
            },
            "tags_all": {
              "Course": "Docker and Kubernetes",
              "Name": "docker-k8s-vpc",
              "kubernetes.io/cluster/k8s-dAqct1": "shared"
            }
          },
          "sensitive_attributes": [],
          "private": "eyJzY2hlbWFfdmVyc2lvbiI6IjEifQ==",
          "dependencies": [
            "random_string.cluster_suffix"
          ],
          "create_before_destroy": true
        }
      ]
    }
  ],
  "check_results": null
}
